{
  "version": 4,
  "terraform_version": "0.13.4",
  "serial": 17,
  "lineage": "e831dfd2-c35e-adaf-a48d-41099e742de0",
  "outputs": {},
  "resources": [
    {
      "mode": "data",
      "type": "google_compute_image",
      "name": "rke_worker_image",
      "provider": "provider[\"registry.terraform.io/hashicorp/google\"]",
      "instances": [
        {
          "schema_version": 0,
          "attributes": {
            "archive_size_bytes": 1954224384,
            "creation_timestamp": "2020-10-14T04:31:15.123-07:00",
            "description": "Canonical, Ubuntu, 20.04 LTS, amd64 focal image built on 2020-10-14, supports Shielded VM features",
            "disk_size_gb": 10,
            "family": "ubuntu-2004-lts",
            "id": "projects/ubuntu-os-cloud/global/images/ubuntu-2004-focal-v20201014",
            "image_encryption_key_sha256": "",
            "image_id": "8900997587695001453",
            "label_fingerprint": "42WmSpB8rSM=",
            "labels": {},
            "licenses": [
              "https://www.googleapis.com/compute/v1/projects/ubuntu-os-cloud/global/licenses/ubuntu-2004-lts"
            ],
            "name": "ubuntu-2004-focal-v20201014",
            "project": "ubuntu-os-cloud",
            "self_link": "https://www.googleapis.com/compute/v1/projects/ubuntu-os-cloud/global/images/ubuntu-2004-focal-v20201014",
            "source_disk": "",
            "source_disk_encryption_key_sha256": "",
            "source_disk_id": "",
            "source_image_id": "",
            "status": "READY"
          }
        }
      ]
    },
    {
      "mode": "managed",
      "type": "google_compute_address",
      "name": "rke_worker_external_address01",
      "provider": "provider[\"registry.terraform.io/hashicorp/google\"]",
      "instances": [
        {
          "schema_version": 0,
          "attributes": {
            "address": "34.71.24.97",
            "address_type": "EXTERNAL",
            "creation_timestamp": "2020-10-19T16:35:25.133-07:00",
            "description": "",
            "id": "projects/kubernetes-292714/regions/us-central1/addresses/rke-worker-external-address01",
            "name": "rke-worker-external-address01",
            "network_tier": "PREMIUM",
            "project": "kubernetes-292714",
            "purpose": "",
            "region": "us-central1",
            "self_link": "https://www.googleapis.com/compute/v1/projects/kubernetes-292714/regions/us-central1/addresses/rke-worker-external-address01",
            "subnetwork": "",
            "timeouts": null,
            "users": []
          },
          "private": "eyJlMmJmYjczMC1lY2FhLTExZTYtOGY4OC0zNDM2M2JjN2M0YzAiOnsiY3JlYXRlIjoyNDAwMDAwMDAwMDAsImRlbGV0ZSI6MjQwMDAwMDAwMDAwfX0="
        }
      ]
    },
    {
      "mode": "managed",
      "type": "google_compute_disk",
      "name": "rke_worker_disk01",
      "provider": "provider[\"registry.terraform.io/hashicorp/google\"]",
      "instances": [
        {
          "schema_version": 0,
          "attributes": {
            "creation_timestamp": "2020-10-20T06:48:40.584-07:00",
            "description": "",
            "disk_encryption_key": [],
            "id": "projects/kubernetes-292714/zones/us-central1-c/disks/worker-disk01",
            "image": "https://www.googleapis.com/compute/v1/projects/ubuntu-os-cloud/global/images/ubuntu-2004-focal-v20201014",
            "label_fingerprint": "GHZ1Un204L0=",
            "labels": {
              "env": "dev"
            },
            "last_attach_timestamp": "2020-10-20T06:48:53.597-07:00",
            "last_detach_timestamp": "2020-10-20T06:55:28.145-07:00",
            "name": "worker-disk01",
            "physical_block_size_bytes": 4096,
            "project": "kubernetes-292714",
            "self_link": "https://www.googleapis.com/compute/v1/projects/kubernetes-292714/zones/us-central1-c/disks/worker-disk01",
            "size": 10,
            "snapshot": "",
            "source_image_encryption_key": [],
            "source_image_id": "8900997587695001453",
            "source_snapshot_encryption_key": [],
            "source_snapshot_id": "",
            "timeouts": null,
            "type": "pd-standard",
            "users": [],
            "zone": "us-central1-c"
          },
          "private": "eyJlMmJmYjczMC1lY2FhLTExZTYtOGY4OC0zNDM2M2JjN2M0YzAiOnsiY3JlYXRlIjozMDAwMDAwMDAwMDAsImRlbGV0ZSI6MjQwMDAwMDAwMDAwLCJ1cGRhdGUiOjI0MDAwMDAwMDAwMH19",
          "dependencies": [
            "data.google_compute_image.rke_worker_image"
          ]
        }
      ]
    },
    {
      "mode": "managed",
      "type": "local_file",
      "name": "ssh_private_key_pem",
      "provider": "provider[\"registry.terraform.io/hashicorp/local\"]",
      "instances": [
        {
          "schema_version": 0,
          "attributes": {
            "content": null,
            "content_base64": null,
            "directory_permission": "0777",
            "file_permission": "0600",
            "filename": "./id_rsa",
            "id": "c6bdbd56483081eb6a51fddf6e7cd0b3ddff5b7d",
            "sensitive_content": "-----BEGIN RSA PRIVATE KEY-----\nMIIEpQIBAAKCAQEA64dw78ck+7sOtzHxOpTj9nR0hZbcidSOXV9gLlDR5CyAxOrO\nrn0titUcU8UEK+QJrENZlwZBY3znWLIUKFbNNgiw1aqZGef0Ca4mt7Ut0xcl+Jiz\niCwbQ0AZ0kyaUS1y71kz0YajmWyVZInHcjKd2ZHr0ruA4TuJAz+GnSSmMX1bBTTz\npMLAMnFFkJY7osROvQkqetP+ytvZlEYx+PaNjasS+w80UV3ggNTl+Z4Q1BX66SrX\nkLO1U3Wlmk2UYbHiwY14dS8x+Ls4tsc/ShDvfSDtmlY2vbPkkrI5Om5kr4GpK2ai\ndGDA2Ly/GpQiXiHUTaKyBtlrdbwcM5jIVCW23wIDAQABAoIBACagY8kvI8WU++jX\na/RrjqdQmft+rlR8Y4y0o5V087c0BTpGN/ct2FY4dRjX6sM39s4ljX/TKs4iId7N\n9bhX4/fEnRutisZQ4BjmUrs2H3nLBhMrF+ZxNVdmH9X5ciV2Cq9uNa1bI2F6CVYf\nsnHsEy8nW0GINq65kNLTjEQhSpA66jLlEtgfv695yjyLYULHz+J5MLXEunKcf9HX\nqWkf5zu3qMnlo/EXRb2zbdR1CsommG6MWU1XyqFC0OX7PUg0okd9MFTx79yeNpno\nTvNNeu2fSkv3op0xtkBa1LBascXYvkvoF/juQHmVEOvwp0JvVa/EQU5mnRd5JOaF\n/eCO9+ECgYEA8yks1NDW0q+lKJY65BhhTGcmX4o+pmlURe6eXRyoFAXzYas0JcfW\nYdJhq5wwbPzc+WY0X8xhwxwjBucHYUcpN0GYx3nR0Xeot//HUWdqsDZ0klwwn+YS\nQ5ZcpgABArDZ7+u89BRJyiCHDibrfzX2WAbE72qwo+o3zKCZorPDzaUCgYEA9/cb\nUwJacxpXpez64dOIAc4AD6gkJ7ZAuwjZAqsdNbRU+ii8VbydVx6ni1mk6qXu6rbF\n4cQaf2Lsb2z1hT4e22tjsHRnRCWn0KV+0CtVNia0K7gNCt2gNoQSw3S/1smHIvyg\n6zsSEkHwRb6+kb5avP0sbjrKqUsnaQUpJy92kzMCgYEA7cQeXT6UQNGVaplznmQk\niAP45sUUO76UtAj++0cxJtsmwCMbS7Ibc+22qYqBY6DiJlCE+AOuuI0DxxUTB1EB\nAVH4JV1+CBe8d6b47CV2kjW9SPwyY7ghtcsKbxtj4ZCymkJlsjlAag/iX7k431wR\ntMNxwDYP4Uf+Je4ILKsg1C0CgYEAiipZQk6MYZhrABxkypIYNZE4PYEd7DbEKLNM\nYA1CcFs0AlPSZR98uD9vcdkYaFrfHk+LQToI3bQcNBYNVBoCDZbv7DFgHPuyXzLn\nz0xl5Y95Uubx9Xz6OYYsAla6Ug7myprje07lyeCN5f7bps/fNXEIYb9Gj0A+DGmA\nvcHXmzsCgYEAzAXaksfnxHmr9ybAKzNhWS/L/UwTotz80K5JMSsR54ywT02+idkp\nYwMTH+a8QY1dIOQd/PfJxELwKPK6nr6oM/LpWBaRXJX1oEwmmF4tkacVoE51rDv8\nQ+MhpsrdzO/cPQuxUsfMw1p2G2P9IdpVgg9toNOIcaZMdjojOE/jvXU=\n-----END RSA PRIVATE KEY-----\n",
            "source": null
          },
          "private": "bnVsbA==",
          "dependencies": [
            "tls_private_key.global_key"
          ]
        }
      ]
    },
    {
      "mode": "managed",
      "type": "tls_private_key",
      "name": "global_key",
      "provider": "provider[\"registry.terraform.io/hashicorp/tls\"]",
      "instances": [
        {
          "schema_version": 0,
          "attributes": {
            "algorithm": "RSA",
            "ecdsa_curve": "P224",
            "id": "b350c6285ad4acb681f24380ccb4009f36d9c685",
            "private_key_pem": "-----BEGIN RSA PRIVATE KEY-----\nMIIEpQIBAAKCAQEA64dw78ck+7sOtzHxOpTj9nR0hZbcidSOXV9gLlDR5CyAxOrO\nrn0titUcU8UEK+QJrENZlwZBY3znWLIUKFbNNgiw1aqZGef0Ca4mt7Ut0xcl+Jiz\niCwbQ0AZ0kyaUS1y71kz0YajmWyVZInHcjKd2ZHr0ruA4TuJAz+GnSSmMX1bBTTz\npMLAMnFFkJY7osROvQkqetP+ytvZlEYx+PaNjasS+w80UV3ggNTl+Z4Q1BX66SrX\nkLO1U3Wlmk2UYbHiwY14dS8x+Ls4tsc/ShDvfSDtmlY2vbPkkrI5Om5kr4GpK2ai\ndGDA2Ly/GpQiXiHUTaKyBtlrdbwcM5jIVCW23wIDAQABAoIBACagY8kvI8WU++jX\na/RrjqdQmft+rlR8Y4y0o5V087c0BTpGN/ct2FY4dRjX6sM39s4ljX/TKs4iId7N\n9bhX4/fEnRutisZQ4BjmUrs2H3nLBhMrF+ZxNVdmH9X5ciV2Cq9uNa1bI2F6CVYf\nsnHsEy8nW0GINq65kNLTjEQhSpA66jLlEtgfv695yjyLYULHz+J5MLXEunKcf9HX\nqWkf5zu3qMnlo/EXRb2zbdR1CsommG6MWU1XyqFC0OX7PUg0okd9MFTx79yeNpno\nTvNNeu2fSkv3op0xtkBa1LBascXYvkvoF/juQHmVEOvwp0JvVa/EQU5mnRd5JOaF\n/eCO9+ECgYEA8yks1NDW0q+lKJY65BhhTGcmX4o+pmlURe6eXRyoFAXzYas0JcfW\nYdJhq5wwbPzc+WY0X8xhwxwjBucHYUcpN0GYx3nR0Xeot//HUWdqsDZ0klwwn+YS\nQ5ZcpgABArDZ7+u89BRJyiCHDibrfzX2WAbE72qwo+o3zKCZorPDzaUCgYEA9/cb\nUwJacxpXpez64dOIAc4AD6gkJ7ZAuwjZAqsdNbRU+ii8VbydVx6ni1mk6qXu6rbF\n4cQaf2Lsb2z1hT4e22tjsHRnRCWn0KV+0CtVNia0K7gNCt2gNoQSw3S/1smHIvyg\n6zsSEkHwRb6+kb5avP0sbjrKqUsnaQUpJy92kzMCgYEA7cQeXT6UQNGVaplznmQk\niAP45sUUO76UtAj++0cxJtsmwCMbS7Ibc+22qYqBY6DiJlCE+AOuuI0DxxUTB1EB\nAVH4JV1+CBe8d6b47CV2kjW9SPwyY7ghtcsKbxtj4ZCymkJlsjlAag/iX7k431wR\ntMNxwDYP4Uf+Je4ILKsg1C0CgYEAiipZQk6MYZhrABxkypIYNZE4PYEd7DbEKLNM\nYA1CcFs0AlPSZR98uD9vcdkYaFrfHk+LQToI3bQcNBYNVBoCDZbv7DFgHPuyXzLn\nz0xl5Y95Uubx9Xz6OYYsAla6Ug7myprje07lyeCN5f7bps/fNXEIYb9Gj0A+DGmA\nvcHXmzsCgYEAzAXaksfnxHmr9ybAKzNhWS/L/UwTotz80K5JMSsR54ywT02+idkp\nYwMTH+a8QY1dIOQd/PfJxELwKPK6nr6oM/LpWBaRXJX1oEwmmF4tkacVoE51rDv8\nQ+MhpsrdzO/cPQuxUsfMw1p2G2P9IdpVgg9toNOIcaZMdjojOE/jvXU=\n-----END RSA PRIVATE KEY-----\n",
            "public_key_fingerprint_md5": "5a:b5:d9:7d:bb:b2:2b:c0:00:9f:7c:2d:fb:67:24:e2",
            "public_key_openssh": "ssh-rsa AAAAB3NzaC1yc2EAAAADAQABAAABAQDrh3DvxyT7uw63MfE6lOP2dHSFltyJ1I5dX2AuUNHkLIDE6s6ufS2K1RxTxQQr5AmsQ1mXBkFjfOdYshQoVs02CLDVqpkZ5/QJria3tS3TFyX4mLOILBtDQBnSTJpRLXLvWTPRhqOZbJVkicdyMp3ZkevSu4DhO4kDP4adJKYxfVsFNPOkwsAycUWQljuixE69CSp60/7K29mURjH49o2NqxL7DzRRXeCA1OX5nhDUFfrpKteQs7VTdaWaTZRhseLBjXh1LzH4uzi2xz9KEO99IO2aVja9s+SSsjk6bmSvgakrZqJ0YMDYvL8alCJeIdRNorIG2Wt1vBwzmMhUJbbf\n",
            "public_key_pem": "-----BEGIN PUBLIC KEY-----\nMIIBIjANBgkqhkiG9w0BAQEFAAOCAQ8AMIIBCgKCAQEA64dw78ck+7sOtzHxOpTj\n9nR0hZbcidSOXV9gLlDR5CyAxOrOrn0titUcU8UEK+QJrENZlwZBY3znWLIUKFbN\nNgiw1aqZGef0Ca4mt7Ut0xcl+JiziCwbQ0AZ0kyaUS1y71kz0YajmWyVZInHcjKd\n2ZHr0ruA4TuJAz+GnSSmMX1bBTTzpMLAMnFFkJY7osROvQkqetP+ytvZlEYx+PaN\njasS+w80UV3ggNTl+Z4Q1BX66SrXkLO1U3Wlmk2UYbHiwY14dS8x+Ls4tsc/ShDv\nfSDtmlY2vbPkkrI5Om5kr4GpK2aidGDA2Ly/GpQiXiHUTaKyBtlrdbwcM5jIVCW2\n3wIDAQAB\n-----END PUBLIC KEY-----\n",
            "rsa_bits": 2048
          },
          "private": "bnVsbA=="
        }
      ]
    }
  ]
}
