{
  "version": 4,
  "terraform_version": "0.13.4",
  "serial": 38,
  "lineage": "783b295c-1417-3272-c17b-94d7cfef50e3",
  "outputs": {},
  "resources": [
    {
      "mode": "data",
      "type": "google_compute_image",
      "name": "rke_worker_image",
      "provider": "provider[\"registry.terraform.io/hashicorp/google\"]",
      "instances": [
        {
          "schema_version": 0,
          "attributes": {
            "archive_size_bytes": 1954224384,
            "creation_timestamp": "2020-10-14T04:31:15.123-07:00",
            "description": "Canonical, Ubuntu, 20.04 LTS, amd64 focal image built on 2020-10-14, supports Shielded VM features",
            "disk_size_gb": 10,
            "family": "ubuntu-2004-lts",
            "id": "projects/ubuntu-os-cloud/global/images/ubuntu-2004-focal-v20201014",
            "image_encryption_key_sha256": "",
            "image_id": "8900997587695001453",
            "label_fingerprint": "42WmSpB8rSM=",
            "labels": {},
            "licenses": [
              "https://www.googleapis.com/compute/v1/projects/ubuntu-os-cloud/global/licenses/ubuntu-2004-lts"
            ],
            "name": "ubuntu-2004-focal-v20201014",
            "project": "ubuntu-os-cloud",
            "self_link": "https://www.googleapis.com/compute/v1/projects/ubuntu-os-cloud/global/images/ubuntu-2004-focal-v20201014",
            "source_disk": "",
            "source_disk_encryption_key_sha256": "",
            "source_disk_id": "",
            "source_image_id": "",
            "status": "READY"
          }
        }
      ]
    },
    {
      "mode": "managed",
      "type": "google_compute_address",
      "name": "rke_worker_external_address02",
      "provider": "provider[\"registry.terraform.io/hashicorp/google\"]",
      "instances": [
        {
          "schema_version": 0,
          "attributes": {
            "address": "35.226.78.232",
            "address_type": "EXTERNAL",
            "creation_timestamp": "2020-10-21T09:37:21.160-07:00",
            "description": "",
            "id": "projects/kubernetes-292714/regions/us-central1/addresses/rke-worker-external-address02",
            "name": "rke-worker-external-address02",
            "network_tier": "PREMIUM",
            "project": "kubernetes-292714",
            "purpose": "",
            "region": "us-central1",
            "self_link": "https://www.googleapis.com/compute/v1/projects/kubernetes-292714/regions/us-central1/addresses/rke-worker-external-address02",
            "subnetwork": "",
            "timeouts": null,
            "users": []
          },
          "private": "eyJlMmJmYjczMC1lY2FhLTExZTYtOGY4OC0zNDM2M2JjN2M0YzAiOnsiY3JlYXRlIjoyNDAwMDAwMDAwMDAsImRlbGV0ZSI6MjQwMDAwMDAwMDAwfX0="
        }
      ]
    },
    {
      "mode": "managed",
      "type": "google_compute_disk",
      "name": "rke_worker_disk02",
      "provider": "provider[\"registry.terraform.io/hashicorp/google\"]",
      "instances": [
        {
          "schema_version": 0,
          "attributes": {
            "creation_timestamp": "2020-10-21T09:37:21.563-07:00",
            "description": "",
            "disk_encryption_key": [],
            "id": "projects/kubernetes-292714/zones/us-central1-c/disks/worker-disk02",
            "image": "https://www.googleapis.com/compute/v1/projects/ubuntu-os-cloud/global/images/ubuntu-2004-focal-v20201014",
            "label_fingerprint": "GHZ1Un204L0=",
            "labels": {
              "env": "dev"
            },
            "last_attach_timestamp": "",
            "last_detach_timestamp": "",
            "name": "worker-disk02",
            "physical_block_size_bytes": 4096,
            "project": "kubernetes-292714",
            "self_link": "https://www.googleapis.com/compute/v1/projects/kubernetes-292714/zones/us-central1-c/disks/worker-disk02",
            "size": 10,
            "snapshot": "",
            "source_image_encryption_key": [],
            "source_image_id": "8900997587695001453",
            "source_snapshot_encryption_key": [],
            "source_snapshot_id": "",
            "timeouts": null,
            "type": "pd-standard",
            "users": [],
            "zone": "us-central1-c"
          },
          "private": "eyJlMmJmYjczMC1lY2FhLTExZTYtOGY4OC0zNDM2M2JjN2M0YzAiOnsiY3JlYXRlIjozMDAwMDAwMDAwMDAsImRlbGV0ZSI6MjQwMDAwMDAwMDAwLCJ1cGRhdGUiOjI0MDAwMDAwMDAwMH19",
          "dependencies": [
            "data.google_compute_image.rke_worker_image"
          ]
        }
      ]
    },
    {
      "mode": "managed",
      "type": "local_file",
      "name": "ssh_private_key_pem",
      "provider": "provider[\"registry.terraform.io/hashicorp/local\"]",
      "instances": [
        {
          "schema_version": 0,
          "attributes": {
            "content": null,
            "content_base64": null,
            "directory_permission": "0777",
            "file_permission": "0600",
            "filename": "../../keys/id_rsa",
            "id": "b39225151561f364de57c39cd0f7b6198b1a4d30",
            "sensitive_content": "-----BEGIN RSA PRIVATE KEY-----\nMIIEpAIBAAKCAQEA89NaL8XyvhnVm8UKUHm/4JB8GGvU0xpn4OiRYe9d0v5FehZu\nBBa3wlujKiPK28DpkD3WI9VHY4wddF1gpUR4MJXwPBeddeZteA9S8/UBGQ91wvdb\n+/Vweur8SEhlVTG58WW3+iSIFE3qWxS42Xdf8afQFOoEWPIMaSjLn4KJ4j6QNuDR\nE4j5IGntTac6GOMB63jHxVWWyukxJzWjhlEErNgtM+YxUxtOQ5ClFsVZw7o2Oj8G\njk3F4oI7YiP70Qt5RUj3fP5KqFXtSJteyoUycmGG/eJAB/MgB2ppzB+qn25W23hY\nPH3IPq7Uj2uOCKWjBvEic0U7Uo2nfdDT/bJMBwIDAQABAoIBAQDvtA+MudELnMBI\nVCzwstC1B7ZIF/Jx2xrWnC0ZF8aogDtzbAuaT282TvqYmfl7kyrLGE+miK2XKw9l\n78rsjuSN90nm+dxeJTvndUE6/tmmdnFyS9YNXNzIqq18rleYqrs/m52D+Fgjhfno\nsvWLLXWQUEcb2HiPrN4Qn/+XADFnzeiiZg595oax+0mkMgb9O5J2dcbzKlHtpoVh\n0m3Vvn7C9bVU4PHcFoCwTk+kypTlPSyeHWk6R1wwXdMB5AgJ5sPNNgTo0FsN2Ofb\nM+nKuaOPw4CB4+9rTWGOWviuhdsgUtqpypoHUP4L43imsCLe+Lsy58F4AVC4XYkr\nmAWRzy/RAoGBAPlP0bH6y60NI1JQ5UnBS4aloiTPAk60eqVH3DDjPnWjohR+Px6f\nTLMUvaeg+9gs9eCA750yfK0JM91OHOiqcztRO2NU1vYWKGnPXt/B3hKJJwHl6nRc\nlCYQwG/VawRKurcnqHsF6vstR4JAPR6fvayxZmBkrAf8dL40VnTD1vV5AoGBAPpd\n2yJnFAiLwZs/ZnKHSSjlmDejSfGdiVGcEK9WYZlRNvxDDTy+kszKiE6QZVfGIRHf\nnwxiFJhBg/qH2N1mOptZ82LFxaRGouVbZbIyQJQxqKkYQJUbMLUG1ForOTXnXNZu\n1VH8nCIPCpbGE8eWF8HW6DTF5QeC6G0XTDBbWm1/AoGAbnEVi6p2H6r6QrTjXdDr\nDDLDqVqqwwLgcedre5yvRp2+ZyWmAILBD3PYsDF4X0NLiLCVdSWwZVb2SssXs1oO\nwfAyRsaGk20tafIbLTRMlBl91jFrszBv0I0LMn9wcO5J2GkREa6Fcc+VJfYfHTnW\nZHIR0BHIw6Dqdnfo9MDssMECgYEA3AuhjZsLAHfUsZ4HbKF6q3cfUccyNik/h3qj\nL3e8UAQRT6We/MSCQXvAUUyXxY1dg1gHcdrCPw9V79t1vyEaYW+teiJYkwmCIhMy\nTmvcVmNO2U93c5VyOajG+nkCz12JOu4ujuB2WXje1aVBvSktuDAp5jgIE5H6tebE\nD7w6vgECgYB+h4tSdxWUEz6ZSrRazypBURrZkGWynJLDE1VyNOdZotaviS74Jjio\nEGl03UzDmacKOuQqy0PQJtWL7b3R2w58WrjPQpTfiw0vYbgNdEPvcm7k/sfrGd1q\nqHPIUNS0UpSv6B6zo21ou4ro0UEIDxhDbef3ER++eLkqKGmNDjJopQ==\n-----END RSA PRIVATE KEY-----\n",
            "source": null
          },
          "private": "bnVsbA==",
          "dependencies": [
            "tls_private_key.global_key"
          ]
        }
      ]
    },
    {
      "mode": "managed",
      "type": "tls_private_key",
      "name": "global_key",
      "provider": "provider[\"registry.terraform.io/hashicorp/tls\"]",
      "instances": [
        {
          "schema_version": 0,
          "attributes": {
            "algorithm": "RSA",
            "ecdsa_curve": "P224",
            "id": "ecf82e0791817e98738b54aa6f4ef94a509c7b47",
            "private_key_pem": "-----BEGIN RSA PRIVATE KEY-----\nMIIEpAIBAAKCAQEA89NaL8XyvhnVm8UKUHm/4JB8GGvU0xpn4OiRYe9d0v5FehZu\nBBa3wlujKiPK28DpkD3WI9VHY4wddF1gpUR4MJXwPBeddeZteA9S8/UBGQ91wvdb\n+/Vweur8SEhlVTG58WW3+iSIFE3qWxS42Xdf8afQFOoEWPIMaSjLn4KJ4j6QNuDR\nE4j5IGntTac6GOMB63jHxVWWyukxJzWjhlEErNgtM+YxUxtOQ5ClFsVZw7o2Oj8G\njk3F4oI7YiP70Qt5RUj3fP5KqFXtSJteyoUycmGG/eJAB/MgB2ppzB+qn25W23hY\nPH3IPq7Uj2uOCKWjBvEic0U7Uo2nfdDT/bJMBwIDAQABAoIBAQDvtA+MudELnMBI\nVCzwstC1B7ZIF/Jx2xrWnC0ZF8aogDtzbAuaT282TvqYmfl7kyrLGE+miK2XKw9l\n78rsjuSN90nm+dxeJTvndUE6/tmmdnFyS9YNXNzIqq18rleYqrs/m52D+Fgjhfno\nsvWLLXWQUEcb2HiPrN4Qn/+XADFnzeiiZg595oax+0mkMgb9O5J2dcbzKlHtpoVh\n0m3Vvn7C9bVU4PHcFoCwTk+kypTlPSyeHWk6R1wwXdMB5AgJ5sPNNgTo0FsN2Ofb\nM+nKuaOPw4CB4+9rTWGOWviuhdsgUtqpypoHUP4L43imsCLe+Lsy58F4AVC4XYkr\nmAWRzy/RAoGBAPlP0bH6y60NI1JQ5UnBS4aloiTPAk60eqVH3DDjPnWjohR+Px6f\nTLMUvaeg+9gs9eCA750yfK0JM91OHOiqcztRO2NU1vYWKGnPXt/B3hKJJwHl6nRc\nlCYQwG/VawRKurcnqHsF6vstR4JAPR6fvayxZmBkrAf8dL40VnTD1vV5AoGBAPpd\n2yJnFAiLwZs/ZnKHSSjlmDejSfGdiVGcEK9WYZlRNvxDDTy+kszKiE6QZVfGIRHf\nnwxiFJhBg/qH2N1mOptZ82LFxaRGouVbZbIyQJQxqKkYQJUbMLUG1ForOTXnXNZu\n1VH8nCIPCpbGE8eWF8HW6DTF5QeC6G0XTDBbWm1/AoGAbnEVi6p2H6r6QrTjXdDr\nDDLDqVqqwwLgcedre5yvRp2+ZyWmAILBD3PYsDF4X0NLiLCVdSWwZVb2SssXs1oO\nwfAyRsaGk20tafIbLTRMlBl91jFrszBv0I0LMn9wcO5J2GkREa6Fcc+VJfYfHTnW\nZHIR0BHIw6Dqdnfo9MDssMECgYEA3AuhjZsLAHfUsZ4HbKF6q3cfUccyNik/h3qj\nL3e8UAQRT6We/MSCQXvAUUyXxY1dg1gHcdrCPw9V79t1vyEaYW+teiJYkwmCIhMy\nTmvcVmNO2U93c5VyOajG+nkCz12JOu4ujuB2WXje1aVBvSktuDAp5jgIE5H6tebE\nD7w6vgECgYB+h4tSdxWUEz6ZSrRazypBURrZkGWynJLDE1VyNOdZotaviS74Jjio\nEGl03UzDmacKOuQqy0PQJtWL7b3R2w58WrjPQpTfiw0vYbgNdEPvcm7k/sfrGd1q\nqHPIUNS0UpSv6B6zo21ou4ro0UEIDxhDbef3ER++eLkqKGmNDjJopQ==\n-----END RSA PRIVATE KEY-----\n",
            "public_key_fingerprint_md5": "b9:3e:ed:24:00:78:74:9f:c3:62:f6:e2:0e:cd:b4:10",
            "public_key_openssh": "ssh-rsa AAAAB3NzaC1yc2EAAAADAQABAAABAQDz01ovxfK+GdWbxQpQeb/gkHwYa9TTGmfg6JFh713S/kV6Fm4EFrfCW6MqI8rbwOmQPdYj1UdjjB10XWClRHgwlfA8F5115m14D1Lz9QEZD3XC91v79XB66vxISGVVMbnxZbf6JIgUTepbFLjZd1/xp9AU6gRY8gxpKMufgoniPpA24NETiPkgae1NpzoY4wHreMfFVZbK6TEnNaOGUQSs2C0z5jFTG05DkKUWxVnDujY6PwaOTcXigjtiI/vRC3lFSPd8/kqoVe1Im17KhTJyYYb94kAH8yAHamnMH6qfblbbeFg8fcg+rtSPa44IpaMG8SJzRTtSjad90NP9skwH\n",
            "public_key_pem": "-----BEGIN PUBLIC KEY-----\nMIIBIjANBgkqhkiG9w0BAQEFAAOCAQ8AMIIBCgKCAQEA89NaL8XyvhnVm8UKUHm/\n4JB8GGvU0xpn4OiRYe9d0v5FehZuBBa3wlujKiPK28DpkD3WI9VHY4wddF1gpUR4\nMJXwPBeddeZteA9S8/UBGQ91wvdb+/Vweur8SEhlVTG58WW3+iSIFE3qWxS42Xdf\n8afQFOoEWPIMaSjLn4KJ4j6QNuDRE4j5IGntTac6GOMB63jHxVWWyukxJzWjhlEE\nrNgtM+YxUxtOQ5ClFsVZw7o2Oj8Gjk3F4oI7YiP70Qt5RUj3fP5KqFXtSJteyoUy\ncmGG/eJAB/MgB2ppzB+qn25W23hYPH3IPq7Uj2uOCKWjBvEic0U7Uo2nfdDT/bJM\nBwIDAQAB\n-----END PUBLIC KEY-----\n",
            "rsa_bits": 2048
          },
          "private": "bnVsbA=="
        }
      ]
    }
  ]
}
