{
  "version": 4,
  "terraform_version": "0.13.4",
  "serial": 166,
  "lineage": "788bbdfd-e315-6fa4-b39e-4d88bd041069",
  "outputs": {},
  "resources": [
    {
      "mode": "data",
      "type": "google_compute_image",
      "name": "rke_master_image",
      "provider": "provider[\"registry.terraform.io/hashicorp/google\"]",
      "instances": [
        {
          "schema_version": 0,
          "attributes": {
            "archive_size_bytes": 1954224384,
            "creation_timestamp": "2020-10-14T04:31:15.123-07:00",
            "description": "Canonical, Ubuntu, 20.04 LTS, amd64 focal image built on 2020-10-14, supports Shielded VM features",
            "disk_size_gb": 10,
            "family": "ubuntu-2004-lts",
            "id": "projects/ubuntu-os-cloud/global/images/ubuntu-2004-focal-v20201014",
            "image_encryption_key_sha256": "",
            "image_id": "8900997587695001453",
            "label_fingerprint": "42WmSpB8rSM=",
            "labels": {},
            "licenses": [
              "https://www.googleapis.com/compute/v1/projects/ubuntu-os-cloud/global/licenses/ubuntu-2004-lts"
            ],
            "name": "ubuntu-2004-focal-v20201014",
            "project": "ubuntu-os-cloud",
            "self_link": "https://www.googleapis.com/compute/v1/projects/ubuntu-os-cloud/global/images/ubuntu-2004-focal-v20201014",
            "source_disk": "",
            "source_disk_encryption_key_sha256": "",
            "source_disk_id": "",
            "source_image_id": "",
            "status": "READY"
          }
        }
      ]
    },
    {
      "mode": "managed",
      "type": "google_compute_address",
      "name": "rke_external_address01",
      "provider": "provider[\"registry.terraform.io/hashicorp/google\"]",
      "instances": [
        {
          "schema_version": 0,
          "attributes": {
            "address": "35.222.99.179",
            "address_type": "EXTERNAL",
            "creation_timestamp": "2020-10-21T16:33:11.544-07:00",
            "description": "",
            "id": "projects/kubernetes-292714/regions/us-central1/addresses/rke-external-address01",
            "name": "rke-external-address01",
            "network_tier": "PREMIUM",
            "project": "kubernetes-292714",
            "purpose": "",
            "region": "us-central1",
            "self_link": "https://www.googleapis.com/compute/v1/projects/kubernetes-292714/regions/us-central1/addresses/rke-external-address01",
            "subnetwork": "",
            "timeouts": null,
            "users": []
          },
          "private": "eyJlMmJmYjczMC1lY2FhLTExZTYtOGY4OC0zNDM2M2JjN2M0YzAiOnsiY3JlYXRlIjoyNDAwMDAwMDAwMDAsImRlbGV0ZSI6MjQwMDAwMDAwMDAwfX0="
        }
      ]
    },
    {
      "mode": "managed",
      "type": "google_compute_address",
      "name": "rke_internal_address01",
      "provider": "provider[\"registry.terraform.io/hashicorp/google\"]",
      "instances": [
        {
          "schema_version": 0,
          "attributes": {
            "address": "10.0.0.11",
            "address_type": "INTERNAL",
            "creation_timestamp": "2020-10-21T16:33:11.653-07:00",
            "description": "",
            "id": "projects/kubernetes-292714/regions/us-central1/addresses/rke-internal-address01",
            "name": "rke-internal-address01",
            "network_tier": "PREMIUM",
            "project": "kubernetes-292714",
            "purpose": "GCE_ENDPOINT",
            "region": "us-central1",
            "self_link": "https://www.googleapis.com/compute/v1/projects/kubernetes-292714/regions/us-central1/addresses/rke-internal-address01",
            "subnetwork": "https://www.googleapis.com/compute/v1/projects/kubernetes-292714/regions/us-central1/subnetworks/rke-subnet",
            "timeouts": null,
            "users": []
          },
          "private": "eyJlMmJmYjczMC1lY2FhLTExZTYtOGY4OC0zNDM2M2JjN2M0YzAiOnsiY3JlYXRlIjoyNDAwMDAwMDAwMDAsImRlbGV0ZSI6MjQwMDAwMDAwMDAwfX0=",
          "dependencies": [
            "google_compute_subnetwork.rke_subnet"
          ]
        }
      ]
    },
    {
      "mode": "managed",
      "type": "google_compute_firewall",
      "name": "rke_fw_allowall",
      "provider": "provider[\"registry.terraform.io/hashicorp/google\"]",
      "instances": [
        {
          "schema_version": 1,
          "attributes": {
            "allow": [
              {
                "ports": [],
                "protocol": "all"
              }
            ],
            "creation_timestamp": "2020-10-21T16:33:11.471-07:00",
            "deny": [],
            "description": "",
            "destination_ranges": [],
            "direction": "INGRESS",
            "disabled": false,
            "enable_logging": null,
            "id": "projects/kubernetes-292714/global/firewalls/rke-rke-allowall",
            "log_config": [],
            "name": "rke-rke-allowall",
            "network": "https://www.googleapis.com/compute/v1/projects/kubernetes-292714/global/networks/rke-network",
            "priority": 1000,
            "project": "kubernetes-292714",
            "self_link": "https://www.googleapis.com/compute/v1/projects/kubernetes-292714/global/firewalls/rke-rke-allowall",
            "source_ranges": [
              "0.0.0.0/0"
            ],
            "source_service_accounts": [],
            "source_tags": [],
            "target_service_accounts": [],
            "target_tags": [],
            "timeouts": null
          },
          "private": "eyJlMmJmYjczMC1lY2FhLTExZTYtOGY4OC0zNDM2M2JjN2M0YzAiOnsiY3JlYXRlIjoyNDAwMDAwMDAwMDAsImRlbGV0ZSI6MjQwMDAwMDAwMDAwLCJ1cGRhdGUiOjI0MDAwMDAwMDAwMH0sInNjaGVtYV92ZXJzaW9uIjoiMSJ9",
          "dependencies": [
            "google_compute_network.rke_network"
          ]
        }
      ]
    },
    {
      "mode": "managed",
      "type": "google_compute_network",
      "name": "rke_network",
      "provider": "provider[\"registry.terraform.io/hashicorp/google\"]",
      "instances": [
        {
          "schema_version": 0,
          "attributes": {
            "auto_create_subnetworks": true,
            "delete_default_routes_on_create": false,
            "description": "",
            "gateway_ipv4": "",
            "id": "projects/kubernetes-292714/global/networks/rke-network",
            "ipv4_range": null,
            "name": "rke-network",
            "project": "kubernetes-292714",
            "routing_mode": "REGIONAL",
            "self_link": "https://www.googleapis.com/compute/v1/projects/kubernetes-292714/global/networks/rke-network",
            "timeouts": null
          },
          "private": "eyJlMmJmYjczMC1lY2FhLTExZTYtOGY4OC0zNDM2M2JjN2M0YzAiOnsiY3JlYXRlIjoyNDAwMDAwMDAwMDAsImRlbGV0ZSI6MjQwMDAwMDAwMDAwLCJ1cGRhdGUiOjI0MDAwMDAwMDAwMH19"
        }
      ]
    },
    {
      "mode": "managed",
      "type": "google_compute_subnetwork",
      "name": "rke_subnet",
      "provider": "provider[\"registry.terraform.io/hashicorp/google\"]",
      "instances": [
        {
          "schema_version": 0,
          "attributes": {
            "creation_timestamp": "2020-10-21T09:38:24.851-07:00",
            "description": "",
            "enable_flow_logs": null,
            "fingerprint": null,
            "gateway_address": "10.0.0.1",
            "id": "projects/kubernetes-292714/regions/us-central1/subnetworks/rke-subnet",
            "ip_cidr_range": "10.0.0.0/16",
            "log_config": [],
            "name": "rke-subnet",
            "network": "https://www.googleapis.com/compute/v1/projects/kubernetes-292714/global/networks/rke-network",
            "private_ip_google_access": false,
            "project": "kubernetes-292714",
            "region": "us-central1",
            "secondary_ip_range": [],
            "self_link": "https://www.googleapis.com/compute/v1/projects/kubernetes-292714/regions/us-central1/subnetworks/rke-subnet",
            "timeouts": null
          },
          "dependencies": [
            "google_compute_network.rke_network"
          ]
        }
      ]
    },
    {
      "mode": "managed",
      "type": "local_file",
      "name": "ssh_private_key_pem",
      "provider": "provider[\"registry.terraform.io/hashicorp/local\"]",
      "instances": [
        {
          "schema_version": 0,
          "attributes": {
            "content": null,
            "content_base64": null,
            "directory_permission": "0777",
            "file_permission": "0600",
            "filename": "../../keys/id_rsa",
            "id": "312441b176a4ed22bc5a302910ae0d5229d9fba0",
            "sensitive_content": "-----BEGIN RSA PRIVATE KEY-----\nMIIEpQIBAAKCAQEAvkxgzS/fbO9zycKRqpGKVq6Es18A4rHhwD+1OQcNHsR6roKB\nd5sgPDxI3NPPAwGl/TCRiMm7Xhi3za2Ju7uPnjDIY36Zv6gqCznhukCSZ6ozzmId\ngJ8kC26+hOy+nrvSBo0C039HnEkDeDlZJaBaTp+HEEI6hDf0DjUM6bMcl7jhzLJZ\nx/NnGKqTJLvX2U/hjPRS/eCl7fAacbp2g1ut4g/R4faFAbEpNN6qB4eoSSr2DrMm\nn2I2HAhT7rx6cunpVy7Bdx/HLNaMuGXO/pNVkZ6DDWZd25fmUxpmICw7wl32TPCF\nb4JkwYGVelf50wKq8WDniTJGAD1UlnEaVT8szwIDAQABAoIBAQCdagjZMrSbJCif\nyTc95U6ODabvybKt039uzERYfCC6RsVE/eeizMuJiESthvhDAGYSXs7EXDuFxuSk\nWt0IUkqnDKt2wg7kn3LH/oVe0HNLFVvtaPQGpZ3nZyBqTHwSSkOd759a3HqcKTmZ\nhbbcjRym1Qegx2goXzCfX/rihqssRPHRIMi00w80ozX05CzGpoBilFiSqzARnbCp\ng2T8CD9jhYTrDA/gCA83MeCmP/0vhoFUUMsLlIlh6DunBVk6Hwn4yLDkhAI4rsfD\nJHMrEHG/LXdWOB5Mab1bzJbqrSfk2FexvQzbkMzJ4WMA6riLUZFmiLdSvIkXq21b\n3ftjd0jhAoGBANJ5Dj8kytQ8X+HQdbhilqluz4jzG6YBa4ilWH+rjoymI6eU4fzk\nv/Dzp+GunDwYj+AyVHFokD2Ozqq5aImlKrsGgz7XV34svgdtWZS6fGJmxbB19B/l\nEf6duoljC/EupyGOJAizGJmzOpZNSU9qKxTchJlMc+Ab0lZ6TfFWrT1tAoGBAOd2\nKFEpZwBEEwi1VVu5f7UUu88qY/lPG+8EtXW4x7FM0t79Hodp6horG+K8Ad18uqnX\nX4+V++ZGTxx9f07kL3l0o/wN+bRJGKaamz4j9iyI0o79csmRURCTnGgt7gQcwFkz\n4xDlmhcW5jTUBrTiGSowKe4KByiUBlRNiOE/dZmrAoGAOc6l6xHf44rxisQGkS4C\n02Zr+eFLprydHFrNg8NK07aN9Gkf6KWrUjKZ2ZJrttXILnukVcGyXDXs7VcfLy7+\nHYAcbBYZIb6IMuIFyKOvphc0FNNQybHQz23i3fkmPofhv4WawAjwqMZhQQbZK8at\nLn2irbgh21vI2Zed8LstucECgYEA0Ugz8hbGbCYhM7mKAZK7Vwb1Pb7tgEm4Tyjp\nzhSScsysyjUB+pyYsKqT3zHxWcvil5kGbbTGfBLMi00p5DJMfrwpXclhI1MId/PJ\nNKmdd+0KvYGK3ZiIPL3LKSOGV6+Ld9yDjg6cgg4RfmjL25en+05rSzFEAbu98VHd\n1xTjB1sCgYEAwlNJ97fGg35Am+JSMCGsGCBNiqTt9VAptBNH661FXezs6h02UECR\nyei5DxTR+LYmoL2dgxve6EQolfmW5joNf9FAA3SHl/gGZtS9Gw6TYlzAbTUzvmdh\ndiZDCtjgrKdqZ7gfevWtpfjvoY7us2Eizp7r4IxWsG+EV5IUUQRCvos=\n-----END RSA PRIVATE KEY-----\n",
            "source": null
          },
          "private": "bnVsbA==",
          "dependencies": [
            "tls_private_key.global_key"
          ]
        }
      ]
    },
    {
      "mode": "managed",
      "type": "tls_private_key",
      "name": "global_key",
      "provider": "provider[\"registry.terraform.io/hashicorp/tls\"]",
      "instances": [
        {
          "schema_version": 0,
          "attributes": {
            "algorithm": "RSA",
            "ecdsa_curve": "P224",
            "id": "1f631175e5f8fae459db5cc7dd36e5039d0f6bc3",
            "private_key_pem": "-----BEGIN RSA PRIVATE KEY-----\nMIIEpQIBAAKCAQEAvkxgzS/fbO9zycKRqpGKVq6Es18A4rHhwD+1OQcNHsR6roKB\nd5sgPDxI3NPPAwGl/TCRiMm7Xhi3za2Ju7uPnjDIY36Zv6gqCznhukCSZ6ozzmId\ngJ8kC26+hOy+nrvSBo0C039HnEkDeDlZJaBaTp+HEEI6hDf0DjUM6bMcl7jhzLJZ\nx/NnGKqTJLvX2U/hjPRS/eCl7fAacbp2g1ut4g/R4faFAbEpNN6qB4eoSSr2DrMm\nn2I2HAhT7rx6cunpVy7Bdx/HLNaMuGXO/pNVkZ6DDWZd25fmUxpmICw7wl32TPCF\nb4JkwYGVelf50wKq8WDniTJGAD1UlnEaVT8szwIDAQABAoIBAQCdagjZMrSbJCif\nyTc95U6ODabvybKt039uzERYfCC6RsVE/eeizMuJiESthvhDAGYSXs7EXDuFxuSk\nWt0IUkqnDKt2wg7kn3LH/oVe0HNLFVvtaPQGpZ3nZyBqTHwSSkOd759a3HqcKTmZ\nhbbcjRym1Qegx2goXzCfX/rihqssRPHRIMi00w80ozX05CzGpoBilFiSqzARnbCp\ng2T8CD9jhYTrDA/gCA83MeCmP/0vhoFUUMsLlIlh6DunBVk6Hwn4yLDkhAI4rsfD\nJHMrEHG/LXdWOB5Mab1bzJbqrSfk2FexvQzbkMzJ4WMA6riLUZFmiLdSvIkXq21b\n3ftjd0jhAoGBANJ5Dj8kytQ8X+HQdbhilqluz4jzG6YBa4ilWH+rjoymI6eU4fzk\nv/Dzp+GunDwYj+AyVHFokD2Ozqq5aImlKrsGgz7XV34svgdtWZS6fGJmxbB19B/l\nEf6duoljC/EupyGOJAizGJmzOpZNSU9qKxTchJlMc+Ab0lZ6TfFWrT1tAoGBAOd2\nKFEpZwBEEwi1VVu5f7UUu88qY/lPG+8EtXW4x7FM0t79Hodp6horG+K8Ad18uqnX\nX4+V++ZGTxx9f07kL3l0o/wN+bRJGKaamz4j9iyI0o79csmRURCTnGgt7gQcwFkz\n4xDlmhcW5jTUBrTiGSowKe4KByiUBlRNiOE/dZmrAoGAOc6l6xHf44rxisQGkS4C\n02Zr+eFLprydHFrNg8NK07aN9Gkf6KWrUjKZ2ZJrttXILnukVcGyXDXs7VcfLy7+\nHYAcbBYZIb6IMuIFyKOvphc0FNNQybHQz23i3fkmPofhv4WawAjwqMZhQQbZK8at\nLn2irbgh21vI2Zed8LstucECgYEA0Ugz8hbGbCYhM7mKAZK7Vwb1Pb7tgEm4Tyjp\nzhSScsysyjUB+pyYsKqT3zHxWcvil5kGbbTGfBLMi00p5DJMfrwpXclhI1MId/PJ\nNKmdd+0KvYGK3ZiIPL3LKSOGV6+Ld9yDjg6cgg4RfmjL25en+05rSzFEAbu98VHd\n1xTjB1sCgYEAwlNJ97fGg35Am+JSMCGsGCBNiqTt9VAptBNH661FXezs6h02UECR\nyei5DxTR+LYmoL2dgxve6EQolfmW5joNf9FAA3SHl/gGZtS9Gw6TYlzAbTUzvmdh\ndiZDCtjgrKdqZ7gfevWtpfjvoY7us2Eizp7r4IxWsG+EV5IUUQRCvos=\n-----END RSA PRIVATE KEY-----\n",
            "public_key_fingerprint_md5": "57:b8:e6:3e:3a:bd:24:29:c1:83:f6:bd:f5:da:8d:ae",
            "public_key_openssh": "ssh-rsa AAAAB3NzaC1yc2EAAAADAQABAAABAQC+TGDNL99s73PJwpGqkYpWroSzXwDiseHAP7U5Bw0exHqugoF3myA8PEjc088DAaX9MJGIybteGLfNrYm7u4+eMMhjfpm/qCoLOeG6QJJnqjPOYh2AnyQLbr6E7L6eu9IGjQLTf0ecSQN4OVkloFpOn4cQQjqEN/QONQzpsxyXuOHMslnH82cYqpMku9fZT+GM9FL94KXt8BpxunaDW63iD9Hh9oUBsSk03qoHh6hJKvYOsyafYjYcCFPuvHpy6elXLsF3H8cs1oy4Zc7+k1WRnoMNZl3bl+ZTGmYgLDvCXfZM8IVvgmTBgZV6V/nTAqrxYOeJMkYAPVSWcRpVPyzP\n",
            "public_key_pem": "-----BEGIN PUBLIC KEY-----\nMIIBIjANBgkqhkiG9w0BAQEFAAOCAQ8AMIIBCgKCAQEAvkxgzS/fbO9zycKRqpGK\nVq6Es18A4rHhwD+1OQcNHsR6roKBd5sgPDxI3NPPAwGl/TCRiMm7Xhi3za2Ju7uP\nnjDIY36Zv6gqCznhukCSZ6ozzmIdgJ8kC26+hOy+nrvSBo0C039HnEkDeDlZJaBa\nTp+HEEI6hDf0DjUM6bMcl7jhzLJZx/NnGKqTJLvX2U/hjPRS/eCl7fAacbp2g1ut\n4g/R4faFAbEpNN6qB4eoSSr2DrMmn2I2HAhT7rx6cunpVy7Bdx/HLNaMuGXO/pNV\nkZ6DDWZd25fmUxpmICw7wl32TPCFb4JkwYGVelf50wKq8WDniTJGAD1UlnEaVT8s\nzwIDAQAB\n-----END PUBLIC KEY-----\n",
            "rsa_bits": 2048
          },
          "private": "bnVsbA=="
        }
      ]
    }
  ]
}
