{
  "version": 4,
  "terraform_version": "0.13.4",
  "serial": 32,
  "lineage": "5cd78fa2-361f-7f8b-7caa-c22ca89f6b48",
  "outputs": {},
  "resources": [
    {
      "mode": "data",
      "type": "google_compute_image",
      "name": "kube_master_image",
      "provider": "provider[\"registry.terraform.io/hashicorp/google\"]",
      "instances": [
        {
          "schema_version": 0,
          "attributes": {
            "archive_size_bytes": 1954224384,
            "creation_timestamp": "2020-10-14T04:31:15.123-07:00",
            "description": "Canonical, Ubuntu, 20.04 LTS, amd64 focal image built on 2020-10-14, supports Shielded VM features",
            "disk_size_gb": 10,
            "family": "ubuntu-2004-lts",
            "id": "projects/ubuntu-os-cloud/global/images/ubuntu-2004-focal-v20201014",
            "image_encryption_key_sha256": "",
            "image_id": "8900997587695001453",
            "label_fingerprint": "42WmSpB8rSM=",
            "labels": {},
            "licenses": [
              "https://www.googleapis.com/compute/v1/projects/ubuntu-os-cloud/global/licenses/ubuntu-2004-lts"
            ],
            "name": "ubuntu-2004-focal-v20201014",
            "project": "ubuntu-os-cloud",
            "self_link": "https://www.googleapis.com/compute/v1/projects/ubuntu-os-cloud/global/images/ubuntu-2004-focal-v20201014",
            "source_disk": "",
            "source_disk_encryption_key_sha256": "",
            "source_disk_id": "",
            "source_image_id": "",
            "status": "READY"
          }
        }
      ]
    },
    {
      "mode": "managed",
      "type": "google_compute_address",
      "name": "kube_external_address01",
      "provider": "provider[\"registry.terraform.io/hashicorp/google\"]",
      "instances": [
        {
          "schema_version": 0,
          "attributes": {
            "address": "35.226.78.232",
            "address_type": "EXTERNAL",
            "creation_timestamp": "2020-10-22T14:40:13.140-07:00",
            "description": "",
            "id": "projects/kubernetes-292714/regions/us-central1/addresses/kube-external-address01",
            "name": "kube-external-address01",
            "network_tier": "PREMIUM",
            "project": "kubernetes-292714",
            "purpose": "",
            "region": "us-central1",
            "self_link": "https://www.googleapis.com/compute/v1/projects/kubernetes-292714/regions/us-central1/addresses/kube-external-address01",
            "subnetwork": "",
            "timeouts": null,
            "users": []
          },
          "private": "eyJlMmJmYjczMC1lY2FhLTExZTYtOGY4OC0zNDM2M2JjN2M0YzAiOnsiY3JlYXRlIjoyNDAwMDAwMDAwMDAsImRlbGV0ZSI6MjQwMDAwMDAwMDAwfX0="
        }
      ]
    },
    {
      "mode": "managed",
      "type": "google_compute_disk",
      "name": "kube_master_disk01",
      "provider": "provider[\"registry.terraform.io/hashicorp/google\"]",
      "instances": [
        {
          "schema_version": 0,
          "attributes": {
            "creation_timestamp": "2020-10-22T14:44:48.117-07:00",
            "description": "",
            "disk_encryption_key": [],
            "id": "projects/kubernetes-292714/zones/us-central1-a/disks/master-disk01",
            "image": "https://www.googleapis.com/compute/v1/projects/ubuntu-os-cloud/global/images/ubuntu-2004-focal-v20201014",
            "label_fingerprint": "GHZ1Un204L0=",
            "labels": {
              "env": "dev"
            },
            "last_attach_timestamp": "",
            "last_detach_timestamp": "",
            "name": "master-disk01",
            "physical_block_size_bytes": 4096,
            "project": "kubernetes-292714",
            "self_link": "https://www.googleapis.com/compute/v1/projects/kubernetes-292714/zones/us-central1-a/disks/master-disk01",
            "size": 10,
            "snapshot": "",
            "source_image_encryption_key": [],
            "source_image_id": "8900997587695001453",
            "source_snapshot_encryption_key": [],
            "source_snapshot_id": "",
            "timeouts": null,
            "type": "pd-standard",
            "users": [],
            "zone": "us-central1-a"
          },
          "private": "eyJlMmJmYjczMC1lY2FhLTExZTYtOGY4OC0zNDM2M2JjN2M0YzAiOnsiY3JlYXRlIjozMDAwMDAwMDAwMDAsImRlbGV0ZSI6MjQwMDAwMDAwMDAwLCJ1cGRhdGUiOjI0MDAwMDAwMDAwMH19",
          "dependencies": [
            "data.google_compute_image.kube_master_image"
          ]
        }
      ]
    },
    {
      "mode": "managed",
      "type": "google_compute_firewall",
      "name": "kube_fw_allowall",
      "provider": "provider[\"registry.terraform.io/hashicorp/google\"]",
      "instances": [
        {
          "schema_version": 1,
          "attributes": {
            "allow": [
              {
                "ports": [],
                "protocol": "all"
              }
            ],
            "creation_timestamp": "2020-10-22T14:45:42.074-07:00",
            "deny": [],
            "description": "",
            "destination_ranges": [],
            "direction": "INGRESS",
            "disabled": false,
            "enable_logging": null,
            "id": "projects/kubernetes-292714/global/firewalls/kube-kube-allowall",
            "log_config": [],
            "name": "kube-kube-allowall",
            "network": "https://www.googleapis.com/compute/v1/projects/kubernetes-292714/global/networks/kube-network",
            "priority": 1000,
            "project": "kubernetes-292714",
            "self_link": "https://www.googleapis.com/compute/v1/projects/kubernetes-292714/global/firewalls/kube-kube-allowall",
            "source_ranges": [
              "0.0.0.0/0"
            ],
            "source_service_accounts": null,
            "source_tags": null,
            "target_service_accounts": null,
            "target_tags": null,
            "timeouts": null
          },
          "private": "eyJlMmJmYjczMC1lY2FhLTExZTYtOGY4OC0zNDM2M2JjN2M0YzAiOnsiY3JlYXRlIjoyNDAwMDAwMDAwMDAsImRlbGV0ZSI6MjQwMDAwMDAwMDAwLCJ1cGRhdGUiOjI0MDAwMDAwMDAwMH0sInNjaGVtYV92ZXJzaW9uIjoiMSJ9",
          "dependencies": [
            "google_compute_network.kube_network"
          ]
        }
      ]
    },
    {
      "mode": "managed",
      "type": "google_compute_instance",
      "name": "kube_master01",
      "provider": "provider[\"registry.terraform.io/hashicorp/google\"]",
      "instances": []
    },
    {
      "mode": "managed",
      "type": "google_compute_network",
      "name": "kube_network",
      "provider": "provider[\"registry.terraform.io/hashicorp/google\"]",
      "instances": [
        {
          "schema_version": 0,
          "attributes": {
            "auto_create_subnetworks": true,
            "delete_default_routes_on_create": false,
            "description": "",
            "gateway_ipv4": "",
            "id": "projects/kubernetes-292714/global/networks/kube-network",
            "ipv4_range": null,
            "name": "kube-network",
            "project": "kubernetes-292714",
            "routing_mode": "REGIONAL",
            "self_link": "https://www.googleapis.com/compute/v1/projects/kubernetes-292714/global/networks/kube-network",
            "timeouts": null
          },
          "private": "eyJlMmJmYjczMC1lY2FhLTExZTYtOGY4OC0zNDM2M2JjN2M0YzAiOnsiY3JlYXRlIjoyNDAwMDAwMDAwMDAsImRlbGV0ZSI6MjQwMDAwMDAwMDAwLCJ1cGRhdGUiOjI0MDAwMDAwMDAwMH19"
        }
      ]
    },
    {
      "mode": "managed",
      "type": "google_compute_subnetwork",
      "name": "kube_subnet",
      "provider": "provider[\"registry.terraform.io/hashicorp/google\"]",
      "instances": [
        {
          "schema_version": 0,
          "attributes": {
            "creation_timestamp": "2020-10-22T14:45:42.444-07:00",
            "description": "",
            "enable_flow_logs": null,
            "fingerprint": null,
            "gateway_address": "10.0.0.1",
            "id": "projects/kubernetes-292714/regions/us-central1/subnetworks/kube-subnet",
            "ip_cidr_range": "10.0.0.0/16",
            "log_config": [],
            "name": "kube-subnet",
            "network": "https://www.googleapis.com/compute/v1/projects/kubernetes-292714/global/networks/kube-network",
            "private_ip_google_access": false,
            "project": "kubernetes-292714",
            "region": "us-central1",
            "secondary_ip_range": [],
            "self_link": "https://www.googleapis.com/compute/v1/projects/kubernetes-292714/regions/us-central1/subnetworks/kube-subnet",
            "timeouts": null
          },
          "private": "eyJlMmJmYjczMC1lY2FhLTExZTYtOGY4OC0zNDM2M2JjN2M0YzAiOnsiY3JlYXRlIjozNjAwMDAwMDAwMDAsImRlbGV0ZSI6MzYwMDAwMDAwMDAwLCJ1cGRhdGUiOjM2MDAwMDAwMDAwMH19",
          "dependencies": [
            "google_compute_network.kube_network"
          ]
        }
      ]
    },
    {
      "mode": "managed",
      "type": "local_file",
      "name": "ssh_private_key_pem",
      "provider": "provider[\"registry.terraform.io/hashicorp/local\"]",
      "instances": [
        {
          "schema_version": 0,
          "attributes": {
            "content": null,
            "content_base64": null,
            "directory_permission": "0777",
            "file_permission": "0600",
            "filename": "../../keys/id_rsa",
            "id": "6b84077ef0be501297fdc3a1c1aaf68656df9991",
            "sensitive_content": "-----BEGIN RSA PRIVATE KEY-----\nMIIEpQIBAAKCAQEA2hImouvKxbl3TbBdQTYDU/pk4YYb53sgQdOOsMxb5+am5hyQ\nwGvT/qM9WyK5hTeQLVAGWliohrsHG/QEQOV+3V2vG4rpIo+9/FWjLyx1d68YxjD0\nkcR7tqqI0MTq4Sbw4X4/eoumfO5yoYzhJDSrRwya279/7zetWU3Y3x9zjcfZByoI\nlb3Y0iTigsF51tH0iTwX3gvN9B9wYYr43UIYof0KIlcVu5YfxzmeRoXqq3gf1oc2\n2wGXtxi60Sap+IqQFP4/AQSZVR2f9tqjvTL3/FwF3SfHLJbLBUTiIlHRr39NYj92\nfMXq808mTFbeQNE5emLKeAFkZ+ucrbjC+6TxbQIDAQABAoIBACcncSZ5favotAIP\n83586zYN1EUl5ia21cDb8lfOKYZGxJq2cEsMUUD8IE0XvAWuR0XLg4h/OKsQM6OS\nOZ1JV3D5nDIuy9M3yd3fpnAW5HR7zM/xBEiT5b6TegM6CA4rBr8GAvHG1zrBOXXG\nLLpqdoJIQhnIlXjnH0nUj2boZ8AB1/+/EEgai//SHK7PyaBzwYiPYeuISqj3iROZ\nN2F3E1pAqQZI0WeVv5kmTyHb+FX+cnzcoe2ZWbuncm2SkKOJCS1xQ0my51QHZOha\naiLJ2ZWCgXwUc7GVjznrWUumfhVlgxORDNqtoj1asnL8E3nUiaBDe8YN1VGbobZ3\nBFvYOsECgYEA+Rhv5TcwTszUNnCw14WJ6r3Yd1e5DN5A24ZYd5SrpIhcpYibKn49\nOLqje7jlZkQVl21/9my/8s9SX6wFSWZHIl3FJit1Fv0IzHZPhqcLx3+Yu7PsXrYC\nN9I9NMQ0o52PsavECmHhNw+U0Zi6d/SASfCcSnNwuYKbVOpFlVIOxP0CgYEA4B2Q\n3evcOjwBtaUO8waxv/LVjS+I8ZLJaYQPIW9Cb86cxoY+jBfLI1YqnKSTvgkfNcZx\n5ylqRtVYAlDcDwziy7ZBlm5Y26y3oDqzTsAhkX0LMU2hfbIvhgxmqH6Ocju3QCQg\n3ZxZ7KwfG5mDrM+Aydb79AIBqKrFGg1ydtoRQTECgYEAlV59AsNEWYxkGL0cnjB6\nkmQDIRVeZwQDemAmPpbNEl2eyLiQ6ztF9PWeQPuPu/JJzEMiP5/Yvn5p0+rwRKJr\nN4VpSkk27nEPTKQJbiJPYvL1oGD09ZpI3DZa84BQXGiIGS954AvvpDfYspLWBkZ8\ng1ogLljpGKTkBlhxH2hUaPUCgYEApfT+23bWo8DfuzS49zmT0oHtpRj4HXsG7r29\nvpJ27fhfm5q5ImBUKpyZ/VjZlrWGiPmkSvseGcnN3Bkoe3SdVSBnPRAFeNZTO7F8\nKeqYcPXZne7QkRWrn2X7dvYQYYLa1gJq2+/1nw5uErABE6ysv8oU1MHPnKioP/yJ\nMH2WnWECgYEAlhVzS24J6w68lzn5NxqXq0ErL0x8E9V/8SSpNBxOr0ESf/4dvMnM\nJPbEemhjBSGLd+Btio+9h94yTEuaoPufhQZ5tNuGzcKztmnfW2CaEvsCCK7eeCuN\ndn30QFCHhDrhARVJq3KLlgEwCvru41zXQaORnD+Bo0Esj0OuXFXJ1Dw=\n-----END RSA PRIVATE KEY-----\n",
            "source": null
          },
          "private": "bnVsbA==",
          "dependencies": [
            "tls_private_key.global_key"
          ]
        }
      ]
    },
    {
      "mode": "managed",
      "type": "tls_private_key",
      "name": "global_key",
      "provider": "provider[\"registry.terraform.io/hashicorp/tls\"]",
      "instances": [
        {
          "schema_version": 0,
          "attributes": {
            "algorithm": "RSA",
            "ecdsa_curve": "P224",
            "id": "1e6cd72765e31e0bd2e01a696258f211397a4fa0",
            "private_key_pem": "-----BEGIN RSA PRIVATE KEY-----\nMIIEpQIBAAKCAQEA2hImouvKxbl3TbBdQTYDU/pk4YYb53sgQdOOsMxb5+am5hyQ\nwGvT/qM9WyK5hTeQLVAGWliohrsHG/QEQOV+3V2vG4rpIo+9/FWjLyx1d68YxjD0\nkcR7tqqI0MTq4Sbw4X4/eoumfO5yoYzhJDSrRwya279/7zetWU3Y3x9zjcfZByoI\nlb3Y0iTigsF51tH0iTwX3gvN9B9wYYr43UIYof0KIlcVu5YfxzmeRoXqq3gf1oc2\n2wGXtxi60Sap+IqQFP4/AQSZVR2f9tqjvTL3/FwF3SfHLJbLBUTiIlHRr39NYj92\nfMXq808mTFbeQNE5emLKeAFkZ+ucrbjC+6TxbQIDAQABAoIBACcncSZ5favotAIP\n83586zYN1EUl5ia21cDb8lfOKYZGxJq2cEsMUUD8IE0XvAWuR0XLg4h/OKsQM6OS\nOZ1JV3D5nDIuy9M3yd3fpnAW5HR7zM/xBEiT5b6TegM6CA4rBr8GAvHG1zrBOXXG\nLLpqdoJIQhnIlXjnH0nUj2boZ8AB1/+/EEgai//SHK7PyaBzwYiPYeuISqj3iROZ\nN2F3E1pAqQZI0WeVv5kmTyHb+FX+cnzcoe2ZWbuncm2SkKOJCS1xQ0my51QHZOha\naiLJ2ZWCgXwUc7GVjznrWUumfhVlgxORDNqtoj1asnL8E3nUiaBDe8YN1VGbobZ3\nBFvYOsECgYEA+Rhv5TcwTszUNnCw14WJ6r3Yd1e5DN5A24ZYd5SrpIhcpYibKn49\nOLqje7jlZkQVl21/9my/8s9SX6wFSWZHIl3FJit1Fv0IzHZPhqcLx3+Yu7PsXrYC\nN9I9NMQ0o52PsavECmHhNw+U0Zi6d/SASfCcSnNwuYKbVOpFlVIOxP0CgYEA4B2Q\n3evcOjwBtaUO8waxv/LVjS+I8ZLJaYQPIW9Cb86cxoY+jBfLI1YqnKSTvgkfNcZx\n5ylqRtVYAlDcDwziy7ZBlm5Y26y3oDqzTsAhkX0LMU2hfbIvhgxmqH6Ocju3QCQg\n3ZxZ7KwfG5mDrM+Aydb79AIBqKrFGg1ydtoRQTECgYEAlV59AsNEWYxkGL0cnjB6\nkmQDIRVeZwQDemAmPpbNEl2eyLiQ6ztF9PWeQPuPu/JJzEMiP5/Yvn5p0+rwRKJr\nN4VpSkk27nEPTKQJbiJPYvL1oGD09ZpI3DZa84BQXGiIGS954AvvpDfYspLWBkZ8\ng1ogLljpGKTkBlhxH2hUaPUCgYEApfT+23bWo8DfuzS49zmT0oHtpRj4HXsG7r29\nvpJ27fhfm5q5ImBUKpyZ/VjZlrWGiPmkSvseGcnN3Bkoe3SdVSBnPRAFeNZTO7F8\nKeqYcPXZne7QkRWrn2X7dvYQYYLa1gJq2+/1nw5uErABE6ysv8oU1MHPnKioP/yJ\nMH2WnWECgYEAlhVzS24J6w68lzn5NxqXq0ErL0x8E9V/8SSpNBxOr0ESf/4dvMnM\nJPbEemhjBSGLd+Btio+9h94yTEuaoPufhQZ5tNuGzcKztmnfW2CaEvsCCK7eeCuN\ndn30QFCHhDrhARVJq3KLlgEwCvru41zXQaORnD+Bo0Esj0OuXFXJ1Dw=\n-----END RSA PRIVATE KEY-----\n",
            "public_key_fingerprint_md5": "17:47:67:b6:4d:0b:d3:78:91:99:63:40:7d:f1:58:98",
            "public_key_openssh": "ssh-rsa AAAAB3NzaC1yc2EAAAADAQABAAABAQDaEiai68rFuXdNsF1BNgNT+mThhhvneyBB046wzFvn5qbmHJDAa9P+oz1bIrmFN5AtUAZaWKiGuwcb9ARA5X7dXa8biukij738VaMvLHV3rxjGMPSRxHu2qojQxOrhJvDhfj96i6Z87nKhjOEkNKtHDJrbv3/vN61ZTdjfH3ONx9kHKgiVvdjSJOKCwXnW0fSJPBfeC830H3BhivjdQhih/QoiVxW7lh/HOZ5GheqreB/WhzbbAZe3GLrRJqn4ipAU/j8BBJlVHZ/22qO9Mvf8XAXdJ8cslssFROIiUdGvf01iP3Z8xerzTyZMVt5A0Tl6Ysp4AWRn65ytuML7pPFt\n",
            "public_key_pem": "-----BEGIN PUBLIC KEY-----\nMIIBIjANBgkqhkiG9w0BAQEFAAOCAQ8AMIIBCgKCAQEA2hImouvKxbl3TbBdQTYD\nU/pk4YYb53sgQdOOsMxb5+am5hyQwGvT/qM9WyK5hTeQLVAGWliohrsHG/QEQOV+\n3V2vG4rpIo+9/FWjLyx1d68YxjD0kcR7tqqI0MTq4Sbw4X4/eoumfO5yoYzhJDSr\nRwya279/7zetWU3Y3x9zjcfZByoIlb3Y0iTigsF51tH0iTwX3gvN9B9wYYr43UIY\nof0KIlcVu5YfxzmeRoXqq3gf1oc22wGXtxi60Sap+IqQFP4/AQSZVR2f9tqjvTL3\n/FwF3SfHLJbLBUTiIlHRr39NYj92fMXq808mTFbeQNE5emLKeAFkZ+ucrbjC+6Tx\nbQIDAQAB\n-----END PUBLIC KEY-----\n",
            "rsa_bits": 2048
          },
          "private": "bnVsbA=="
        }
      ]
    }
  ]
}
