{
  "version": 4,
  "terraform_version": "0.13.4",
  "serial": 37,
  "lineage": "ba7fc9ba-8169-fe4b-40f8-091ec9129a36",
  "outputs": {},
  "resources": [
    {
      "mode": "data",
      "type": "google_compute_image",
      "name": "rke_master_image",
      "provider": "provider[\"registry.terraform.io/hashicorp/google\"]",
      "instances": [
        {
          "schema_version": 0,
          "attributes": {
            "archive_size_bytes": 1954224384,
            "creation_timestamp": "2020-10-14T04:31:15.123-07:00",
            "description": "Canonical, Ubuntu, 20.04 LTS, amd64 focal image built on 2020-10-14, supports Shielded VM features",
            "disk_size_gb": 10,
            "family": "ubuntu-2004-lts",
            "id": "projects/ubuntu-os-cloud/global/images/ubuntu-2004-focal-v20201014",
            "image_encryption_key_sha256": "",
            "image_id": "8900997587695001453",
            "label_fingerprint": "42WmSpB8rSM=",
            "labels": {},
            "licenses": [
              "https://www.googleapis.com/compute/v1/projects/ubuntu-os-cloud/global/licenses/ubuntu-2004-lts"
            ],
            "name": "ubuntu-2004-focal-v20201014",
            "project": "ubuntu-os-cloud",
            "self_link": "https://www.googleapis.com/compute/v1/projects/ubuntu-os-cloud/global/images/ubuntu-2004-focal-v20201014",
            "source_disk": "",
            "source_disk_encryption_key_sha256": "",
            "source_disk_id": "",
            "source_image_id": "",
            "status": "READY"
          }
        }
      ]
    },
    {
      "mode": "managed",
      "type": "google_compute_address",
      "name": "rke_external_address02",
      "provider": "provider[\"registry.terraform.io/hashicorp/google\"]",
      "instances": [
        {
          "schema_version": 0,
          "attributes": {
            "address": "35.224.23.93",
            "address_type": "EXTERNAL",
            "creation_timestamp": "2020-10-21T09:37:15.355-07:00",
            "description": "",
            "id": "projects/kubernetes-292714/regions/us-central1/addresses/rke-external-address02",
            "name": "rke-external-address02",
            "network_tier": "PREMIUM",
            "project": "kubernetes-292714",
            "purpose": "",
            "region": "us-central1",
            "self_link": "https://www.googleapis.com/compute/v1/projects/kubernetes-292714/regions/us-central1/addresses/rke-external-address02",
            "subnetwork": "",
            "timeouts": null,
            "users": []
          },
          "private": "eyJlMmJmYjczMC1lY2FhLTExZTYtOGY4OC0zNDM2M2JjN2M0YzAiOnsiY3JlYXRlIjoyNDAwMDAwMDAwMDAsImRlbGV0ZSI6MjQwMDAwMDAwMDAwfX0="
        }
      ]
    },
    {
      "mode": "managed",
      "type": "google_compute_disk",
      "name": "rke_master_disk02",
      "provider": "provider[\"registry.terraform.io/hashicorp/google\"]",
      "instances": [
        {
          "schema_version": 0,
          "attributes": {
            "creation_timestamp": "2020-10-21T09:37:15.424-07:00",
            "description": "",
            "disk_encryption_key": [],
            "id": "projects/kubernetes-292714/zones/us-central1-c/disks/master-disk02",
            "image": "https://www.googleapis.com/compute/v1/projects/ubuntu-os-cloud/global/images/ubuntu-2004-focal-v20201014",
            "label_fingerprint": "GHZ1Un204L0=",
            "labels": {
              "env": "dev"
            },
            "last_attach_timestamp": "",
            "last_detach_timestamp": "",
            "name": "master-disk02",
            "physical_block_size_bytes": 4096,
            "project": "kubernetes-292714",
            "self_link": "https://www.googleapis.com/compute/v1/projects/kubernetes-292714/zones/us-central1-c/disks/master-disk02",
            "size": 10,
            "snapshot": "",
            "source_image_encryption_key": [],
            "source_image_id": "8900997587695001453",
            "source_snapshot_encryption_key": [],
            "source_snapshot_id": "",
            "timeouts": null,
            "type": "pd-standard",
            "users": [],
            "zone": "us-central1-c"
          },
          "private": "eyJlMmJmYjczMC1lY2FhLTExZTYtOGY4OC0zNDM2M2JjN2M0YzAiOnsiY3JlYXRlIjozMDAwMDAwMDAwMDAsImRlbGV0ZSI6MjQwMDAwMDAwMDAwLCJ1cGRhdGUiOjI0MDAwMDAwMDAwMH19",
          "dependencies": [
            "data.google_compute_image.rke_master_image"
          ]
        }
      ]
    },
    {
      "mode": "managed",
      "type": "local_file",
      "name": "ssh_private_key_pem",
      "provider": "provider[\"registry.terraform.io/hashicorp/local\"]",
      "instances": [
        {
          "schema_version": 0,
          "attributes": {
            "content": null,
            "content_base64": null,
            "directory_permission": "0777",
            "file_permission": "0600",
            "filename": "../../keys/id_rsa",
            "id": "edda99d4bb64d6494be55d263455fcda1f038c11",
            "sensitive_content": "-----BEGIN RSA PRIVATE KEY-----\nMIIEpAIBAAKCAQEAvw40j65715lOxHFxXRCvn7kSIb/4BzasiyL4FA3t6P9IvF6C\nSl3B8EASjpD5UWNHZp153UofDbWsGPsW1xcwG4aQH1JvrOyKLf8ppiZTMZZFEmdz\ntMsqhPjoVlgw4dTqLtuiBe1JeHjbIeyX8v3JmK9YBpoetHogdkPrmYZbccpZNfuj\nXet4Fd6lZj8kTZkHZOxmO980SqXj7qzXJ18yJOPB42KBZh6EHOgQgr9+l1x0FPhg\nG2f/eom9elOgUy4IlCX5zlzs+ybMwgrY5J9q1JvpfnFYB7CeNrspOhTT+ATfH5ms\nMQDJFv4+YDMND8taApIdOewLxf6bI3DIdd69WwIDAQABAoIBAA2WgAx791jVEXIN\nM2fQCP2OFwkJcyVoMQtQOF6Mww/gIBctjYymcGWa2PcEvoaYTfqxVnpzjBPYiN3Z\n9bzkbEp43oUrwr+ErysoS5kCfsY3DsCJVQRVsrd0UGnbqdZV4zXj7vkG8EO+LK+T\n+RaSECVoyxTlHyvsx6RBnl7z3EsSXpvygGpoGz+dTb6/kxxPj2vRrOKtAw5rFdbf\n0iBp8oyFUfqLSFrmO6k4qU1z862faeLbObhwDh+aId/GCwfs6V084ts/Lj+SHB3P\nH3JAbUgldarm9/6dIRIhlsw8fsC5KlhEAX5qSM2QbZLPatPepwfr+NWAf0Uxt3Ce\nj7wUkSECgYEA5mRyutUm+wbZYau44PwkzXqHnkZ+xZysvsOTfIEeCtu9deLmUKcf\nnhlL2n1JvtVcOrf8KJJH1pmpN29yg1evZCq01GbQSxwI2eSpJ+Grm3647ePaDDqo\nTb3C3j/U1FINMORbS4SGdwCjCzNJu0X9gcAq15umgX9CP53sdgBWrasCgYEA1Ep4\nk3ZW4SUt8YE4qc/2MNUT8w3u62NS7ndoK3T713SoDfIGmqEVt03Laq/f6N088R+h\nEQ1zEFim4eFcia2ruALwuqAQXg3kderhNegaAfGcJCw2zPMkkAFPPcAf3mhK4u9D\nxfwvOlBJyA+VJCF9t2ImM1uFX8g/NMgjsQ7AnxECgYEAxfgmRbiGyEk4XZ7rPBgt\nn4rcIfq9UByyqzDu+JsSL45mHHgeI8uXdYiTD2l9BsfbenFB8bLQm+xp5UKUiZu9\nEDtKKwE1lnS+fkzntWdKyFB5o6CYas20dSjL26HJxa/DufFfKWL1ECix8RvfDVa0\n4Ns5dQ9AYiHx0SxoVXUxBgUCgYEAuP5kcGxRbUVO8gNfc2tL6GXmSom7x9f37uKT\nHjuFMs3vnKdp5dm16NScDM5SWsRgVObxHsEPohD+7BvM3hU/bMzzJk5RtQR6L9+M\nfcNS1prLLCJzZsoC9JKPkQoZO2C60WMbNi56oWBRy0r49lFREjsvetWoNj10BvTZ\nVXO7m2ECgYA/mf1Rkudjseq0x39HmTdRWK5BKithXqL41NO+vWNuYrqmACttYSWw\neF77+O6M5WQKiZMtCRrR2mIyFdEAluW2bPIOICqW71/kWNLyWHPAlpHybAfNdzYr\n7L3JgQvQ8gooNWatX7wKfys8M3DPCZjWK+OviQcFaULI7+hMArQ6Bw==\n-----END RSA PRIVATE KEY-----\n",
            "source": null
          },
          "private": "bnVsbA==",
          "dependencies": [
            "tls_private_key.global_key"
          ]
        }
      ]
    },
    {
      "mode": "managed",
      "type": "tls_private_key",
      "name": "global_key",
      "provider": "provider[\"registry.terraform.io/hashicorp/tls\"]",
      "instances": [
        {
          "schema_version": 0,
          "attributes": {
            "algorithm": "RSA",
            "ecdsa_curve": "P224",
            "id": "0e7513af675da93bd6028145a77f6e60d5b084f0",
            "private_key_pem": "-----BEGIN RSA PRIVATE KEY-----\nMIIEpAIBAAKCAQEAvw40j65715lOxHFxXRCvn7kSIb/4BzasiyL4FA3t6P9IvF6C\nSl3B8EASjpD5UWNHZp153UofDbWsGPsW1xcwG4aQH1JvrOyKLf8ppiZTMZZFEmdz\ntMsqhPjoVlgw4dTqLtuiBe1JeHjbIeyX8v3JmK9YBpoetHogdkPrmYZbccpZNfuj\nXet4Fd6lZj8kTZkHZOxmO980SqXj7qzXJ18yJOPB42KBZh6EHOgQgr9+l1x0FPhg\nG2f/eom9elOgUy4IlCX5zlzs+ybMwgrY5J9q1JvpfnFYB7CeNrspOhTT+ATfH5ms\nMQDJFv4+YDMND8taApIdOewLxf6bI3DIdd69WwIDAQABAoIBAA2WgAx791jVEXIN\nM2fQCP2OFwkJcyVoMQtQOF6Mww/gIBctjYymcGWa2PcEvoaYTfqxVnpzjBPYiN3Z\n9bzkbEp43oUrwr+ErysoS5kCfsY3DsCJVQRVsrd0UGnbqdZV4zXj7vkG8EO+LK+T\n+RaSECVoyxTlHyvsx6RBnl7z3EsSXpvygGpoGz+dTb6/kxxPj2vRrOKtAw5rFdbf\n0iBp8oyFUfqLSFrmO6k4qU1z862faeLbObhwDh+aId/GCwfs6V084ts/Lj+SHB3P\nH3JAbUgldarm9/6dIRIhlsw8fsC5KlhEAX5qSM2QbZLPatPepwfr+NWAf0Uxt3Ce\nj7wUkSECgYEA5mRyutUm+wbZYau44PwkzXqHnkZ+xZysvsOTfIEeCtu9deLmUKcf\nnhlL2n1JvtVcOrf8KJJH1pmpN29yg1evZCq01GbQSxwI2eSpJ+Grm3647ePaDDqo\nTb3C3j/U1FINMORbS4SGdwCjCzNJu0X9gcAq15umgX9CP53sdgBWrasCgYEA1Ep4\nk3ZW4SUt8YE4qc/2MNUT8w3u62NS7ndoK3T713SoDfIGmqEVt03Laq/f6N088R+h\nEQ1zEFim4eFcia2ruALwuqAQXg3kderhNegaAfGcJCw2zPMkkAFPPcAf3mhK4u9D\nxfwvOlBJyA+VJCF9t2ImM1uFX8g/NMgjsQ7AnxECgYEAxfgmRbiGyEk4XZ7rPBgt\nn4rcIfq9UByyqzDu+JsSL45mHHgeI8uXdYiTD2l9BsfbenFB8bLQm+xp5UKUiZu9\nEDtKKwE1lnS+fkzntWdKyFB5o6CYas20dSjL26HJxa/DufFfKWL1ECix8RvfDVa0\n4Ns5dQ9AYiHx0SxoVXUxBgUCgYEAuP5kcGxRbUVO8gNfc2tL6GXmSom7x9f37uKT\nHjuFMs3vnKdp5dm16NScDM5SWsRgVObxHsEPohD+7BvM3hU/bMzzJk5RtQR6L9+M\nfcNS1prLLCJzZsoC9JKPkQoZO2C60WMbNi56oWBRy0r49lFREjsvetWoNj10BvTZ\nVXO7m2ECgYA/mf1Rkudjseq0x39HmTdRWK5BKithXqL41NO+vWNuYrqmACttYSWw\neF77+O6M5WQKiZMtCRrR2mIyFdEAluW2bPIOICqW71/kWNLyWHPAlpHybAfNdzYr\n7L3JgQvQ8gooNWatX7wKfys8M3DPCZjWK+OviQcFaULI7+hMArQ6Bw==\n-----END RSA PRIVATE KEY-----\n",
            "public_key_fingerprint_md5": "d3:53:08:6e:7f:70:31:50:2c:87:5f:6b:30:f7:47:bd",
            "public_key_openssh": "ssh-rsa AAAAB3NzaC1yc2EAAAADAQABAAABAQC/DjSPrnvXmU7EcXFdEK+fuRIhv/gHNqyLIvgUDe3o/0i8XoJKXcHwQBKOkPlRY0dmnXndSh8NtawY+xbXFzAbhpAfUm+s7Iot/ymmJlMxlkUSZ3O0yyqE+OhWWDDh1Oou26IF7Ul4eNsh7Jfy/cmYr1gGmh60eiB2Q+uZhltxylk1+6Nd63gV3qVmPyRNmQdk7GY73zRKpePurNcnXzIk48HjYoFmHoQc6BCCv36XXHQU+GAbZ/96ib16U6BTLgiUJfnOXOz7JszCCtjkn2rUm+l+cVgHsJ42uyk6FNP4BN8fmawxAMkW/j5gMw0Py1oCkh057AvF/psjcMh13r1b\n",
            "public_key_pem": "-----BEGIN PUBLIC KEY-----\nMIIBIjANBgkqhkiG9w0BAQEFAAOCAQ8AMIIBCgKCAQEAvw40j65715lOxHFxXRCv\nn7kSIb/4BzasiyL4FA3t6P9IvF6CSl3B8EASjpD5UWNHZp153UofDbWsGPsW1xcw\nG4aQH1JvrOyKLf8ppiZTMZZFEmdztMsqhPjoVlgw4dTqLtuiBe1JeHjbIeyX8v3J\nmK9YBpoetHogdkPrmYZbccpZNfujXet4Fd6lZj8kTZkHZOxmO980SqXj7qzXJ18y\nJOPB42KBZh6EHOgQgr9+l1x0FPhgG2f/eom9elOgUy4IlCX5zlzs+ybMwgrY5J9q\n1JvpfnFYB7CeNrspOhTT+ATfH5msMQDJFv4+YDMND8taApIdOewLxf6bI3DIdd69\nWwIDAQAB\n-----END PUBLIC KEY-----\n",
            "rsa_bits": 2048
          },
          "private": "bnVsbA=="
        }
      ]
    }
  ]
}
