{
  "version": 4,
  "terraform_version": "0.13.4",
  "serial": 56,
  "lineage": "1d7ba0f2-9034-12e8-10f3-58219f90f9ff",
  "outputs": {},
  "resources": [
    {
      "mode": "data",
      "type": "google_compute_image",
      "name": "kube_master_image",
      "provider": "provider[\"registry.terraform.io/hashicorp/google\"]",
      "instances": [
        {
          "schema_version": 0,
          "attributes": {
            "archive_size_bytes": 1954224384,
            "creation_timestamp": "2020-10-14T04:31:15.123-07:00",
            "description": "Canonical, Ubuntu, 20.04 LTS, amd64 focal image built on 2020-10-14, supports Shielded VM features",
            "disk_size_gb": 10,
            "family": "ubuntu-2004-lts",
            "id": "projects/ubuntu-os-cloud/global/images/ubuntu-2004-focal-v20201014",
            "image_encryption_key_sha256": "",
            "image_id": "8900997587695001453",
            "label_fingerprint": "42WmSpB8rSM=",
            "labels": {},
            "licenses": [
              "https://www.googleapis.com/compute/v1/projects/ubuntu-os-cloud/global/licenses/ubuntu-2004-lts"
            ],
            "name": "ubuntu-2004-focal-v20201014",
            "project": "ubuntu-os-cloud",
            "self_link": "https://www.googleapis.com/compute/v1/projects/ubuntu-os-cloud/global/images/ubuntu-2004-focal-v20201014",
            "source_disk": "",
            "source_disk_encryption_key_sha256": "",
            "source_disk_id": "",
            "source_image_id": "",
            "status": "READY"
          }
        }
      ]
    },
    {
      "mode": "managed",
      "type": "google_compute_address",
      "name": "kube_external_address01",
      "provider": "provider[\"registry.terraform.io/hashicorp/google\"]",
      "instances": [
        {
          "schema_version": 0,
          "attributes": {
            "address": "35.226.78.232",
            "address_type": "EXTERNAL",
            "creation_timestamp": "2020-10-25T16:42:22.047-07:00",
            "description": "",
            "id": "projects/kubernetes-292714/regions/us-central1/addresses/kube-external-address01",
            "name": "kube-external-address01",
            "network_tier": "PREMIUM",
            "project": "kubernetes-292714",
            "purpose": "",
            "region": "us-central1",
            "self_link": "https://www.googleapis.com/compute/v1/projects/kubernetes-292714/regions/us-central1/addresses/kube-external-address01",
            "subnetwork": "",
            "timeouts": null,
            "users": [
              "https://www.googleapis.com/compute/v1/projects/kubernetes-292714/zones/us-central1-a/instances/kube-master01"
            ]
          },
          "private": "eyJlMmJmYjczMC1lY2FhLTExZTYtOGY4OC0zNDM2M2JjN2M0YzAiOnsiY3JlYXRlIjoyNDAwMDAwMDAwMDAsImRlbGV0ZSI6MjQwMDAwMDAwMDAwfX0="
        }
      ]
    },
    {
      "mode": "managed",
      "type": "google_compute_address",
      "name": "kube_internal_address01",
      "provider": "provider[\"registry.terraform.io/hashicorp/google\"]",
      "instances": [
        {
          "schema_version": 0,
          "attributes": {
            "address": "10.0.0.11",
            "address_type": "INTERNAL",
            "creation_timestamp": "2020-10-25T16:42:22.262-07:00",
            "description": "",
            "id": "projects/kubernetes-292714/regions/us-central1/addresses/kube-internal-address01",
            "name": "kube-internal-address01",
            "network_tier": "PREMIUM",
            "project": "kubernetes-292714",
            "purpose": "GCE_ENDPOINT",
            "region": "us-central1",
            "self_link": "https://www.googleapis.com/compute/v1/projects/kubernetes-292714/regions/us-central1/addresses/kube-internal-address01",
            "subnetwork": "https://www.googleapis.com/compute/v1/projects/kubernetes-292714/regions/us-central1/subnetworks/kube-subnet",
            "timeouts": null,
            "users": [
              "https://www.googleapis.com/compute/v1/projects/kubernetes-292714/zones/us-central1-a/instances/kube-master01"
            ]
          },
          "private": "eyJlMmJmYjczMC1lY2FhLTExZTYtOGY4OC0zNDM2M2JjN2M0YzAiOnsiY3JlYXRlIjoyNDAwMDAwMDAwMDAsImRlbGV0ZSI6MjQwMDAwMDAwMDAwfX0="
        }
      ]
    },
    {
      "mode": "managed",
      "type": "local_file",
      "name": "ssh_private_key_pem",
      "provider": "provider[\"registry.terraform.io/hashicorp/local\"]",
      "instances": [
        {
          "schema_version": 0,
          "attributes": {
            "content": null,
            "content_base64": null,
            "directory_permission": "0777",
            "file_permission": "0600",
            "filename": "../../keys/id_rsa",
            "id": "be330541a32dcfac0c150fea95c5cabc5f976bca",
            "sensitive_content": "-----BEGIN RSA PRIVATE KEY-----\nMIIEpAIBAAKCAQEA3m0oWH9WVCgEjsK2va2fhJ99uppwDL6Sh8/lspE0albwyHeG\njwLt8v2iv2lS0JbglGWTXIw4Cbjm6P3argct3iJmAcAjKVHm4UkBTmmRaVUM2MQ8\nrNSuwhKykKFXOV/RuMRiIJoRnksxkheaIUpNGKYBHSUReEvgTZRtX+pzG1Y/uZDx\nfkT2kuQJZMumfzTwk62lfuwpSCaZtiH82IfcA7zPTgopj1A8p7WYSgEnuuKx0IZ5\nZanlv4PNweR/640WXTv8m0A0G2nyFe4BmT3n7os823bjlxep6s/LLmoiARF04BnE\ntpLrqJd/+mi/Ss6cmoj7AmxpDDkJ7DhpF/YbJwIDAQABAoIBAHPWX4OvVXNgn/cF\newxPptr4AQ+0rJRGj6OBZzvXGXgkLSQJ8575RJke9KpBHOsbGHzQZa12LR0LGd7P\njhrCDGY6fet9eBJl4BsF3VNL8Xns3FLr6DmOTjEucaaXEAkGWP+j7wLRmklZGcje\n19tsibhDhCL8khuXUIq2uTuRqz7ZdKvvXUA3DIu7VOuvv2/nTHUVQaVM2dFtetJ2\nfo33I90Xjx1N/D6ldkGRaGaP5OZf0a0nkyYgu+WnD35Q1gl0SRpdwh6F5rXc1cUm\ntPJUK8oznjhJPs0z6BvIzqoLK25JDSsl9Q6qqxkZ4WarVgSnyz/pzBGwSS/jM7xI\nt8wJ46ECgYEA7jF1mAO4YzcP3gqkcyA5eyPKHS2605xjYwAHVpVHo74HWFM23f9U\nDfPYlEZ81SPaISqnnuPnroFfS1hb/Sx1+VCKwGvPvkk2HgTrqOuW2tvoxt0fSBvq\n0JGfiv3UFDUrxcnfFO/zzPMCcCTQooXG0W1YpoP/jBXYVqX4IF/vgXcCgYEA7w30\nBd+nXobYW3PrfPf6zbFXJb3CR/r8/QC5bXzlA83x6tdazYTi85F9swvB+xobZgAO\nB4y3wJyauVIXd8VhfABNcdOtiQBueFuXN0F6sTBPoxhGhyyE/iIa9+p803vsUYgM\nb9oQoIHleoR8UV0B2p1hkETwS6lDFWZlGJFAH9ECgYBcqjEtaoUZVBqAL3O6tham\nqU2//EJqgLTJlwFD1d+A/DSvT/BQfTyeEPd499MouEHsFUQQtGk1om8ISN/ApsNe\nss7H/Slcxe6fzxo/JSgTDOqKMwwwaWv4qC6BTC5tjiHxWI/I/XDDkuan6iqgj5rB\nbuDGJyQLw5PeYcMeFTSAEQKBgQCHQ9LvO+U9dHmaDdaS6NJOb2lLXrs+9YMPOciy\nbjg71d1sL50eq3Grtoh0tlN13Qjhx2go13PmFfbqo8vJprMJcjZgERGhctAPZGwF\nBRUCi76UH5lQxV0fW3b9Dv7Av98xJxU6eR5tY/LQR4T8mO8Cn4jkFE4P0d+2jTDp\nHM828QKBgQDsXGVMyvKZjb2RsmpJ9IrvoNVkZY2nxfe4BEmpLLfEWMh4QaqMg+/o\n3MWo1khT5DnMZ9XCmL+ZRhxjPtliW2EXDqq5yNED2QBQhGMtPHDE5yOS9Oa5cwpY\nNFeh2DB3A7MkPuAYeqNbU2vdi4ze10xOnU8pP9vlmruWy5wmaBqTvw==\n-----END RSA PRIVATE KEY-----\n",
            "source": null
          },
          "private": "bnVsbA==",
          "dependencies": [
            "tls_private_key.global_key"
          ]
        }
      ]
    },
    {
      "mode": "managed",
      "type": "tls_private_key",
      "name": "global_key",
      "provider": "provider[\"registry.terraform.io/hashicorp/tls\"]",
      "instances": [
        {
          "schema_version": 0,
          "attributes": {
            "algorithm": "RSA",
            "ecdsa_curve": "P224",
            "id": "168f565ab7b1ab68a4a23fd881951a67750a42f5",
            "private_key_pem": "-----BEGIN RSA PRIVATE KEY-----\nMIIEpAIBAAKCAQEA3m0oWH9WVCgEjsK2va2fhJ99uppwDL6Sh8/lspE0albwyHeG\njwLt8v2iv2lS0JbglGWTXIw4Cbjm6P3argct3iJmAcAjKVHm4UkBTmmRaVUM2MQ8\nrNSuwhKykKFXOV/RuMRiIJoRnksxkheaIUpNGKYBHSUReEvgTZRtX+pzG1Y/uZDx\nfkT2kuQJZMumfzTwk62lfuwpSCaZtiH82IfcA7zPTgopj1A8p7WYSgEnuuKx0IZ5\nZanlv4PNweR/640WXTv8m0A0G2nyFe4BmT3n7os823bjlxep6s/LLmoiARF04BnE\ntpLrqJd/+mi/Ss6cmoj7AmxpDDkJ7DhpF/YbJwIDAQABAoIBAHPWX4OvVXNgn/cF\newxPptr4AQ+0rJRGj6OBZzvXGXgkLSQJ8575RJke9KpBHOsbGHzQZa12LR0LGd7P\njhrCDGY6fet9eBJl4BsF3VNL8Xns3FLr6DmOTjEucaaXEAkGWP+j7wLRmklZGcje\n19tsibhDhCL8khuXUIq2uTuRqz7ZdKvvXUA3DIu7VOuvv2/nTHUVQaVM2dFtetJ2\nfo33I90Xjx1N/D6ldkGRaGaP5OZf0a0nkyYgu+WnD35Q1gl0SRpdwh6F5rXc1cUm\ntPJUK8oznjhJPs0z6BvIzqoLK25JDSsl9Q6qqxkZ4WarVgSnyz/pzBGwSS/jM7xI\nt8wJ46ECgYEA7jF1mAO4YzcP3gqkcyA5eyPKHS2605xjYwAHVpVHo74HWFM23f9U\nDfPYlEZ81SPaISqnnuPnroFfS1hb/Sx1+VCKwGvPvkk2HgTrqOuW2tvoxt0fSBvq\n0JGfiv3UFDUrxcnfFO/zzPMCcCTQooXG0W1YpoP/jBXYVqX4IF/vgXcCgYEA7w30\nBd+nXobYW3PrfPf6zbFXJb3CR/r8/QC5bXzlA83x6tdazYTi85F9swvB+xobZgAO\nB4y3wJyauVIXd8VhfABNcdOtiQBueFuXN0F6sTBPoxhGhyyE/iIa9+p803vsUYgM\nb9oQoIHleoR8UV0B2p1hkETwS6lDFWZlGJFAH9ECgYBcqjEtaoUZVBqAL3O6tham\nqU2//EJqgLTJlwFD1d+A/DSvT/BQfTyeEPd499MouEHsFUQQtGk1om8ISN/ApsNe\nss7H/Slcxe6fzxo/JSgTDOqKMwwwaWv4qC6BTC5tjiHxWI/I/XDDkuan6iqgj5rB\nbuDGJyQLw5PeYcMeFTSAEQKBgQCHQ9LvO+U9dHmaDdaS6NJOb2lLXrs+9YMPOciy\nbjg71d1sL50eq3Grtoh0tlN13Qjhx2go13PmFfbqo8vJprMJcjZgERGhctAPZGwF\nBRUCi76UH5lQxV0fW3b9Dv7Av98xJxU6eR5tY/LQR4T8mO8Cn4jkFE4P0d+2jTDp\nHM828QKBgQDsXGVMyvKZjb2RsmpJ9IrvoNVkZY2nxfe4BEmpLLfEWMh4QaqMg+/o\n3MWo1khT5DnMZ9XCmL+ZRhxjPtliW2EXDqq5yNED2QBQhGMtPHDE5yOS9Oa5cwpY\nNFeh2DB3A7MkPuAYeqNbU2vdi4ze10xOnU8pP9vlmruWy5wmaBqTvw==\n-----END RSA PRIVATE KEY-----\n",
            "public_key_fingerprint_md5": "b6:bf:84:45:82:27:5f:19:55:b8:98:0a:56:76:9f:2b",
            "public_key_openssh": "ssh-rsa AAAAB3NzaC1yc2EAAAADAQABAAABAQDebShYf1ZUKASOwra9rZ+En326mnAMvpKHz+WykTRqVvDId4aPAu3y/aK/aVLQluCUZZNcjDgJuObo/dquBy3eImYBwCMpUebhSQFOaZFpVQzYxDys1K7CErKQoVc5X9G4xGIgmhGeSzGSF5ohSk0YpgEdJRF4S+BNlG1f6nMbVj+5kPF+RPaS5Alky6Z/NPCTraV+7ClIJpm2IfzYh9wDvM9OCimPUDyntZhKASe64rHQhnllqeW/g83B5H/rjRZdO/ybQDQbafIV7gGZPefuizzbduOXF6nqz8suaiIBEXTgGcS2kuuol3/6aL9KzpyaiPsCbGkMOQnsOGkX9hsn\n",
            "public_key_pem": "-----BEGIN PUBLIC KEY-----\nMIIBIjANBgkqhkiG9w0BAQEFAAOCAQ8AMIIBCgKCAQEA3m0oWH9WVCgEjsK2va2f\nhJ99uppwDL6Sh8/lspE0albwyHeGjwLt8v2iv2lS0JbglGWTXIw4Cbjm6P3argct\n3iJmAcAjKVHm4UkBTmmRaVUM2MQ8rNSuwhKykKFXOV/RuMRiIJoRnksxkheaIUpN\nGKYBHSUReEvgTZRtX+pzG1Y/uZDxfkT2kuQJZMumfzTwk62lfuwpSCaZtiH82Ifc\nA7zPTgopj1A8p7WYSgEnuuKx0IZ5Zanlv4PNweR/640WXTv8m0A0G2nyFe4BmT3n\n7os823bjlxep6s/LLmoiARF04BnEtpLrqJd/+mi/Ss6cmoj7AmxpDDkJ7DhpF/Yb\nJwIDAQAB\n-----END PUBLIC KEY-----\n",
            "rsa_bits": 2048
          },
          "private": "bnVsbA=="
        }
      ]
    }
  ]
}
