{
  "version": 4,
  "terraform_version": "0.13.4",
  "serial": 148,
  "lineage": "e831dfd2-c35e-adaf-a48d-41099e742de0",
  "outputs": {},
  "resources": [
    {
      "mode": "data",
      "type": "google_compute_image",
      "name": "rke_worker_image",
      "provider": "provider[\"registry.terraform.io/hashicorp/google\"]",
      "instances": [
        {
          "schema_version": 0,
          "attributes": {
            "archive_size_bytes": 1954224384,
            "creation_timestamp": "2020-10-14T04:31:15.123-07:00",
            "description": "Canonical, Ubuntu, 20.04 LTS, amd64 focal image built on 2020-10-14, supports Shielded VM features",
            "disk_size_gb": 10,
            "family": "ubuntu-2004-lts",
            "id": "projects/ubuntu-os-cloud/global/images/ubuntu-2004-focal-v20201014",
            "image_encryption_key_sha256": "",
            "image_id": "8900997587695001453",
            "label_fingerprint": "42WmSpB8rSM=",
            "labels": {},
            "licenses": [
              "https://www.googleapis.com/compute/v1/projects/ubuntu-os-cloud/global/licenses/ubuntu-2004-lts"
            ],
            "name": "ubuntu-2004-focal-v20201014",
            "project": "ubuntu-os-cloud",
            "self_link": "https://www.googleapis.com/compute/v1/projects/ubuntu-os-cloud/global/images/ubuntu-2004-focal-v20201014",
            "source_disk": "",
            "source_disk_encryption_key_sha256": "",
            "source_disk_id": "",
            "source_image_id": "",
            "status": "READY"
          }
        }
      ]
    },
    {
      "mode": "managed",
      "type": "google_compute_address",
      "name": "rke_worker_external_address01",
      "provider": "provider[\"registry.terraform.io/hashicorp/google\"]",
      "instances": [
        {
          "schema_version": 0,
          "attributes": {
            "address": "35.223.93.13",
            "address_type": "EXTERNAL",
            "creation_timestamp": "2020-10-21T09:36:55.439-07:00",
            "description": "",
            "id": "projects/kubernetes-292714/regions/us-central1/addresses/rke-worker-external-address01",
            "name": "rke-worker-external-address01",
            "network_tier": "PREMIUM",
            "project": "kubernetes-292714",
            "purpose": "",
            "region": "us-central1",
            "self_link": "https://www.googleapis.com/compute/v1/projects/kubernetes-292714/regions/us-central1/addresses/rke-worker-external-address01",
            "subnetwork": "",
            "timeouts": null,
            "users": []
          },
          "private": "eyJlMmJmYjczMC1lY2FhLTExZTYtOGY4OC0zNDM2M2JjN2M0YzAiOnsiY3JlYXRlIjoyNDAwMDAwMDAwMDAsImRlbGV0ZSI6MjQwMDAwMDAwMDAwfX0="
        }
      ]
    },
    {
      "mode": "managed",
      "type": "google_compute_disk",
      "name": "rke_worker_disk01",
      "provider": "provider[\"registry.terraform.io/hashicorp/google\"]",
      "instances": [
        {
          "schema_version": 0,
          "attributes": {
            "creation_timestamp": "2020-10-21T09:36:55.753-07:00",
            "description": "",
            "disk_encryption_key": [],
            "id": "projects/kubernetes-292714/zones/us-central1-c/disks/worker-disk01",
            "image": "https://www.googleapis.com/compute/v1/projects/ubuntu-os-cloud/global/images/ubuntu-2004-focal-v20201014",
            "label_fingerprint": "GHZ1Un204L0=",
            "labels": {
              "env": "dev"
            },
            "last_attach_timestamp": "2020-10-21T09:38:39.870-07:00",
            "last_detach_timestamp": "2020-10-21T10:19:04.376-07:00",
            "name": "worker-disk01",
            "physical_block_size_bytes": 4096,
            "project": "kubernetes-292714",
            "self_link": "https://www.googleapis.com/compute/v1/projects/kubernetes-292714/zones/us-central1-c/disks/worker-disk01",
            "size": 10,
            "snapshot": "",
            "source_image_encryption_key": [],
            "source_image_id": "8900997587695001453",
            "source_snapshot_encryption_key": [],
            "source_snapshot_id": "",
            "timeouts": null,
            "type": "pd-standard",
            "users": [],
            "zone": "us-central1-c"
          },
          "private": "eyJlMmJmYjczMC1lY2FhLTExZTYtOGY4OC0zNDM2M2JjN2M0YzAiOnsiY3JlYXRlIjozMDAwMDAwMDAwMDAsImRlbGV0ZSI6MjQwMDAwMDAwMDAwLCJ1cGRhdGUiOjI0MDAwMDAwMDAwMH19",
          "dependencies": [
            "data.google_compute_image.rke_worker_image"
          ]
        }
      ]
    },
    {
      "mode": "managed",
      "type": "local_file",
      "name": "ssh_private_key_pem",
      "provider": "provider[\"registry.terraform.io/hashicorp/local\"]",
      "instances": [
        {
          "schema_version": 0,
          "attributes": {
            "content": null,
            "content_base64": null,
            "directory_permission": "0777",
            "file_permission": "0600",
            "filename": "../../keys/id_rsa",
            "id": "41798b0f495206bf8e8e639f0fc97762f918966c",
            "sensitive_content": "-----BEGIN RSA PRIVATE KEY-----\nMIIEogIBAAKCAQEApjn5jr56178SPPa0biUmiPvb5gt4DyG7b2+CpldKCIG/pLX+\nEvil1wKP/JNec06yCg7Kd2UhG2GPgtUVfodobDYFcf59aJidyvrT7EOkhNbOfAk6\nGDticmLT4fA4tydM6jFGMHaDlA27IC/SvtGfj0CartSIIiBgpDiXfNc/kpS5RJbY\nJaM1jbENQtM2hRNooeMJC+Upe2/0+kWwxwWa86W37UjyGuJm56QL8mvTXBeHUczy\n3i5vpKCvP86/HAtRNNLzgfIqHbQj+dfRf16jO7rVgPTS02XZgGPo+Pthgy7HMtdE\n0MtuvTr10zcslbI9WlNRRXDh0VtFhibVeJNcKQIDAQABAoIBAGbTxEH+KQWfSAv4\nXQMp7h2dF5nGDH3n0wgLRhnaM4zxnniosERSFlzcU+/dxfa0fsRkA/E52PIUNu+r\nGwHLh9gwzsuGr1Nt3Wa8JS6pZXNbYh4uowZsbejuo73HmX4LTLQuyQmftqN2nwQ5\nMTgjen3mbAmspY3e04mjDGsIyGXGpWCq9L2DgKbp2meqjzsWLiVbSgaPt1b6ROHe\n96+OgWK4fkD1dFi9npprKrf2mZ5NVu38ePNagG/4EubwNHZDBtdIolPezSyxZd81\njlPFqpO8oZKJZGGDOYwwsrV09u0cHeuyI1zyKhSGxVk3f3cEI6UEz3vGICLhl9NO\nU+49JBECgYEAznMNYZtEhBzVCa6AtmsYpitCCgH7aIWqHg6v7sZT9DLOmbjFRGqO\n3AhyEBbQayMQPk/sufYuMLjpbb0Pxbi8a7p9Msle5ZcRbTzVYVLQl5/+nnP2n8FR\nO0gfyb2Ib3zRE6wHi13F1xydJBINamZPs/0KrHKLI6w8KTHcqpOrBwUCgYEAzh99\nEJ62x9rkE2GsUeGBaRvFkWY77rlOhRNuWEylCp+dGYKyfJQ1KSjZoq0NyTjNKGpn\ntwdc2cOovU1ODdaDz+LlNdJtKKgPu1M//utx8xLW/Ko6Awk+GsQoeJUwEkkhRTl1\nDyANEZBu4KAgSeUnLNrFVcFNFoYnPub9SsxZgdUCgYA8OvS8dUAYCxFcMbz7e2NF\nl3k80jc210g6XK6XSuVTaT89OdrTiwMCzrP4Xa+Qkjo687ZsypXPQSNZEL95P9w4\n0b+VAYreEKTU6dqW+kJA+jyendZl5VB9qx0bDmCvpgqZYqcQ0drWV1LBI0Mmt5Kp\nQDnM9d4CGk2y9wkZ+tr6wQKBgAp7lXuz5q3RVwoZTI85fcBftjOH1IJ2kCS6cUEy\nXK5mobG7cOJfEzkNp8vbKzlRlzV3++BWEoXMqpc+CDsx7rAy5N9Q3VZU/b/UIwwO\n41OuYJqm+Z5P6QWpdjlztOcpKvT/UBG92oxLIShxXFMFwXFJiwGqfAYqOnK7gqQ8\nMk0lAoGASpqbzaImxjjFj2fecY2oushEmy/mIC2pd2HOOxgUaVkP349Z7PXSStPJ\nTHhEDTNDmgZmpgMFlsgTf54B0OlTV7ecaZGOZ/rT2y7Cy1i5t4c+p+yYJWxLOYuo\ncePtTm14OwMkAiLIDOPcVOttJ6SkvsYZ6tIQyNn6MhmjyE0B/EU=\n-----END RSA PRIVATE KEY-----\n",
            "source": null
          },
          "private": "bnVsbA==",
          "dependencies": [
            "tls_private_key.global_key"
          ]
        }
      ]
    },
    {
      "mode": "managed",
      "type": "tls_private_key",
      "name": "global_key",
      "provider": "provider[\"registry.terraform.io/hashicorp/tls\"]",
      "instances": [
        {
          "schema_version": 0,
          "attributes": {
            "algorithm": "RSA",
            "ecdsa_curve": "P224",
            "id": "83ee004b69656ff3e0acc54ccb7813b7ad015ce7",
            "private_key_pem": "-----BEGIN RSA PRIVATE KEY-----\nMIIEogIBAAKCAQEApjn5jr56178SPPa0biUmiPvb5gt4DyG7b2+CpldKCIG/pLX+\nEvil1wKP/JNec06yCg7Kd2UhG2GPgtUVfodobDYFcf59aJidyvrT7EOkhNbOfAk6\nGDticmLT4fA4tydM6jFGMHaDlA27IC/SvtGfj0CartSIIiBgpDiXfNc/kpS5RJbY\nJaM1jbENQtM2hRNooeMJC+Upe2/0+kWwxwWa86W37UjyGuJm56QL8mvTXBeHUczy\n3i5vpKCvP86/HAtRNNLzgfIqHbQj+dfRf16jO7rVgPTS02XZgGPo+Pthgy7HMtdE\n0MtuvTr10zcslbI9WlNRRXDh0VtFhibVeJNcKQIDAQABAoIBAGbTxEH+KQWfSAv4\nXQMp7h2dF5nGDH3n0wgLRhnaM4zxnniosERSFlzcU+/dxfa0fsRkA/E52PIUNu+r\nGwHLh9gwzsuGr1Nt3Wa8JS6pZXNbYh4uowZsbejuo73HmX4LTLQuyQmftqN2nwQ5\nMTgjen3mbAmspY3e04mjDGsIyGXGpWCq9L2DgKbp2meqjzsWLiVbSgaPt1b6ROHe\n96+OgWK4fkD1dFi9npprKrf2mZ5NVu38ePNagG/4EubwNHZDBtdIolPezSyxZd81\njlPFqpO8oZKJZGGDOYwwsrV09u0cHeuyI1zyKhSGxVk3f3cEI6UEz3vGICLhl9NO\nU+49JBECgYEAznMNYZtEhBzVCa6AtmsYpitCCgH7aIWqHg6v7sZT9DLOmbjFRGqO\n3AhyEBbQayMQPk/sufYuMLjpbb0Pxbi8a7p9Msle5ZcRbTzVYVLQl5/+nnP2n8FR\nO0gfyb2Ib3zRE6wHi13F1xydJBINamZPs/0KrHKLI6w8KTHcqpOrBwUCgYEAzh99\nEJ62x9rkE2GsUeGBaRvFkWY77rlOhRNuWEylCp+dGYKyfJQ1KSjZoq0NyTjNKGpn\ntwdc2cOovU1ODdaDz+LlNdJtKKgPu1M//utx8xLW/Ko6Awk+GsQoeJUwEkkhRTl1\nDyANEZBu4KAgSeUnLNrFVcFNFoYnPub9SsxZgdUCgYA8OvS8dUAYCxFcMbz7e2NF\nl3k80jc210g6XK6XSuVTaT89OdrTiwMCzrP4Xa+Qkjo687ZsypXPQSNZEL95P9w4\n0b+VAYreEKTU6dqW+kJA+jyendZl5VB9qx0bDmCvpgqZYqcQ0drWV1LBI0Mmt5Kp\nQDnM9d4CGk2y9wkZ+tr6wQKBgAp7lXuz5q3RVwoZTI85fcBftjOH1IJ2kCS6cUEy\nXK5mobG7cOJfEzkNp8vbKzlRlzV3++BWEoXMqpc+CDsx7rAy5N9Q3VZU/b/UIwwO\n41OuYJqm+Z5P6QWpdjlztOcpKvT/UBG92oxLIShxXFMFwXFJiwGqfAYqOnK7gqQ8\nMk0lAoGASpqbzaImxjjFj2fecY2oushEmy/mIC2pd2HOOxgUaVkP349Z7PXSStPJ\nTHhEDTNDmgZmpgMFlsgTf54B0OlTV7ecaZGOZ/rT2y7Cy1i5t4c+p+yYJWxLOYuo\ncePtTm14OwMkAiLIDOPcVOttJ6SkvsYZ6tIQyNn6MhmjyE0B/EU=\n-----END RSA PRIVATE KEY-----\n",
            "public_key_fingerprint_md5": "a0:3b:aa:15:85:6c:a6:34:aa:1a:04:d8:2e:1c:87:c1",
            "public_key_openssh": "ssh-rsa AAAAB3NzaC1yc2EAAAADAQABAAABAQCmOfmOvnrXvxI89rRuJSaI+9vmC3gPIbtvb4KmV0oIgb+ktf4S+KXXAo/8k15zTrIKDsp3ZSEbYY+C1RV+h2hsNgVx/n1omJ3K+tPsQ6SE1s58CToYO2JyYtPh8Di3J0zqMUYwdoOUDbsgL9K+0Z+PQJqu1IgiIGCkOJd81z+SlLlEltglozWNsQ1C0zaFE2ih4wkL5Sl7b/T6RbDHBZrzpbftSPIa4mbnpAvya9NcF4dRzPLeLm+koK8/zr8cC1E00vOB8iodtCP519F/XqM7utWA9NLTZdmAY+j4+2GDLscy10TQy269OvXTNyyVsj1aU1FFcOHRW0WGJtV4k1wp\n",
            "public_key_pem": "-----BEGIN PUBLIC KEY-----\nMIIBIjANBgkqhkiG9w0BAQEFAAOCAQ8AMIIBCgKCAQEApjn5jr56178SPPa0biUm\niPvb5gt4DyG7b2+CpldKCIG/pLX+Evil1wKP/JNec06yCg7Kd2UhG2GPgtUVfodo\nbDYFcf59aJidyvrT7EOkhNbOfAk6GDticmLT4fA4tydM6jFGMHaDlA27IC/SvtGf\nj0CartSIIiBgpDiXfNc/kpS5RJbYJaM1jbENQtM2hRNooeMJC+Upe2/0+kWwxwWa\n86W37UjyGuJm56QL8mvTXBeHUczy3i5vpKCvP86/HAtRNNLzgfIqHbQj+dfRf16j\nO7rVgPTS02XZgGPo+Pthgy7HMtdE0MtuvTr10zcslbI9WlNRRXDh0VtFhibVeJNc\nKQIDAQAB\n-----END PUBLIC KEY-----\n",
            "rsa_bits": 2048
          },
          "private": "bnVsbA=="
        }
      ]
    }
  ]
}
