{
  "version": 4,
  "terraform_version": "0.13.4",
  "serial": 39,
  "lineage": "ee4e8aee-4bb1-0a10-1b5f-2b5370e616b0",
  "outputs": {},
  "resources": [
    {
      "mode": "data",
      "type": "google_compute_image",
      "name": "kube_master_image",
      "provider": "provider[\"registry.terraform.io/hashicorp/google\"]",
      "instances": [
        {
          "schema_version": 0,
          "attributes": {
            "archive_size_bytes": 1954224384,
            "creation_timestamp": "2020-10-14T04:31:15.123-07:00",
            "description": "Canonical, Ubuntu, 20.04 LTS, amd64 focal image built on 2020-10-14, supports Shielded VM features",
            "disk_size_gb": 10,
            "family": "ubuntu-2004-lts",
            "id": "projects/ubuntu-os-cloud/global/images/ubuntu-2004-focal-v20201014",
            "image_encryption_key_sha256": "",
            "image_id": "8900997587695001453",
            "label_fingerprint": "42WmSpB8rSM=",
            "labels": {},
            "licenses": [
              "https://www.googleapis.com/compute/v1/projects/ubuntu-os-cloud/global/licenses/ubuntu-2004-lts"
            ],
            "name": "ubuntu-2004-focal-v20201014",
            "project": "ubuntu-os-cloud",
            "self_link": "https://www.googleapis.com/compute/v1/projects/ubuntu-os-cloud/global/images/ubuntu-2004-focal-v20201014",
            "source_disk": "",
            "source_disk_encryption_key_sha256": "",
            "source_disk_id": "",
            "source_image_id": "",
            "status": "READY"
          }
        }
      ]
    },
    {
      "mode": "managed",
      "type": "google_compute_address",
      "name": "kube_external_address03",
      "provider": "provider[\"registry.terraform.io/hashicorp/google\"]",
      "instances": [
        {
          "schema_version": 0,
          "attributes": {
            "address": "34.69.212.127",
            "address_type": "EXTERNAL",
            "creation_timestamp": "2020-10-22T14:49:16.350-07:00",
            "description": "",
            "id": "projects/kubernetes-292714/regions/us-central1/addresses/kube-external-address03",
            "name": "kube-external-address03",
            "network_tier": "PREMIUM",
            "project": "kubernetes-292714",
            "purpose": "",
            "region": "us-central1",
            "self_link": "https://www.googleapis.com/compute/v1/projects/kubernetes-292714/regions/us-central1/addresses/kube-external-address03",
            "subnetwork": "",
            "timeouts": null,
            "users": []
          },
          "private": "eyJlMmJmYjczMC1lY2FhLTExZTYtOGY4OC0zNDM2M2JjN2M0YzAiOnsiY3JlYXRlIjoyNDAwMDAwMDAwMDAsImRlbGV0ZSI6MjQwMDAwMDAwMDAwfX0="
        }
      ]
    },
    {
      "mode": "managed",
      "type": "google_compute_address",
      "name": "kube_internal_address03",
      "provider": "provider[\"registry.terraform.io/hashicorp/google\"]",
      "instances": [
        {
          "schema_version": 0,
          "attributes": {
            "address": "10.0.0.13",
            "address_type": "INTERNAL",
            "creation_timestamp": "2020-10-23T14:40:20.971-07:00",
            "description": "",
            "id": "projects/kubernetes-292714/regions/us-central1/addresses/kube-internal-address03",
            "name": "kube-internal-address03",
            "network_tier": "PREMIUM",
            "project": "kubernetes-292714",
            "purpose": "GCE_ENDPOINT",
            "region": "us-central1",
            "self_link": "https://www.googleapis.com/compute/v1/projects/kubernetes-292714/regions/us-central1/addresses/kube-internal-address03",
            "subnetwork": "https://www.googleapis.com/compute/v1/projects/kubernetes-292714/regions/us-central1/subnetworks/kube-subnet",
            "timeouts": null,
            "users": []
          },
          "private": "eyJlMmJmYjczMC1lY2FhLTExZTYtOGY4OC0zNDM2M2JjN2M0YzAiOnsiY3JlYXRlIjoyNDAwMDAwMDAwMDAsImRlbGV0ZSI6MjQwMDAwMDAwMDAwfX0="
        }
      ]
    },
    {
      "mode": "managed",
      "type": "google_compute_disk",
      "name": "kube_master_disk03",
      "provider": "provider[\"registry.terraform.io/hashicorp/google\"]",
      "instances": [
        {
          "schema_version": 0,
          "attributes": {
            "creation_timestamp": "2020-10-23T14:40:20.735-07:00",
            "description": "",
            "disk_encryption_key": [],
            "id": "projects/kubernetes-292714/zones/us-central1-a/disks/master-disk03",
            "image": "https://www.googleapis.com/compute/v1/projects/ubuntu-os-cloud/global/images/ubuntu-2004-focal-v20201014",
            "label_fingerprint": "GHZ1Un204L0=",
            "labels": {
              "env": "dev"
            },
            "last_attach_timestamp": "",
            "last_detach_timestamp": "",
            "name": "master-disk03",
            "physical_block_size_bytes": 4096,
            "project": "kubernetes-292714",
            "self_link": "https://www.googleapis.com/compute/v1/projects/kubernetes-292714/zones/us-central1-a/disks/master-disk03",
            "size": 10,
            "snapshot": "",
            "source_image_encryption_key": [],
            "source_image_id": "8900997587695001453",
            "source_snapshot_encryption_key": [],
            "source_snapshot_id": "",
            "timeouts": null,
            "type": "pd-standard",
            "users": [],
            "zone": "us-central1-a"
          },
          "private": "eyJlMmJmYjczMC1lY2FhLTExZTYtOGY4OC0zNDM2M2JjN2M0YzAiOnsiY3JlYXRlIjozMDAwMDAwMDAwMDAsImRlbGV0ZSI6MjQwMDAwMDAwMDAwLCJ1cGRhdGUiOjI0MDAwMDAwMDAwMH19",
          "dependencies": [
            "data.google_compute_image.kube_master_image"
          ]
        }
      ]
    },
    {
      "mode": "managed",
      "type": "google_compute_instance",
      "name": "kube_master03",
      "provider": "provider[\"registry.terraform.io/hashicorp/google\"]",
      "instances": [
        {
          "schema_version": 6,
          "attributes": {
            "allow_stopping_for_update": null,
            "attached_disk": [],
            "boot_disk": [
              {
                "auto_delete": false,
                "device_name": "persistent-disk-0",
                "disk_encryption_key_raw": "",
                "disk_encryption_key_sha256": "",
                "initialize_params": [
                  {
                    "image": "https://www.googleapis.com/compute/v1/projects/ubuntu-os-cloud/global/images/ubuntu-2004-focal-v20201014",
                    "labels": {
                      "env": "dev"
                    },
                    "size": 10,
                    "type": "pd-standard"
                  }
                ],
                "kms_key_self_link": "",
                "mode": "READ_WRITE",
                "source": "https://www.googleapis.com/compute/v1/projects/kubernetes-292714/zones/us-central1-a/disks/master-disk03"
              }
            ],
            "can_ip_forward": false,
            "cpu_platform": "AMD Rome",
            "current_status": "RUNNING",
            "deletion_protection": false,
            "description": "",
            "desired_status": null,
            "enable_display": false,
            "guest_accelerator": [],
            "hostname": "",
            "id": "projects/kubernetes-292714/zones/us-central1-a/instances/kube-master03",
            "instance_id": "5775224289221342014",
            "label_fingerprint": "GHZ1Un204L0=",
            "labels": {
              "env": "dev"
            },
            "machine_type": "e2-medium",
            "metadata": {
              "ssh-keys": "cachac6:ssh-rsa AAAAB3NzaC1yc2EAAAADAQABAAABAQC8ma/Yu7T1OHUJfE6aQPlx1OUGiihFB9eAGPaYBAHjSM+joAjzEP5bWHdJDgvmYHHiLI4w/vwBu5eqIYw7GxdorbVBsfKTccdtg39iwVec0tMPqyQCuA7Cdhs8QVm2npXBde8yadcbL5m+Fd/BBFHqRJp8S6UZBh7Jqz5TD/T1wCHkQ4up1KTM3MjStukwLvPBB1ggBfkYj2PkIhhXY9YV+zqKkjhLzaf6Z3RG0/raJlG0nB1grWKG+Hgcl+duGoA1U2em4YQRhV6YK6bbw97ZYnNDYaXsrRuVrSuCaE2ZXmb6C9+Gg+oY59MDYXZ9s9ZLnb3Sj9sNOJUN0HDFEVvd\n",
              "user-data": "#!/bin/bash -x\ndate '+%Y/%m/%d %H:%M:%S' \u003e /home/cachac6/ilog\nSECONDS=0\nexport DEBIAN_FRONTEND=noninteractive\n# root\nsudo usermod -aG sudo cachac6\necho -e \"password\\npassword\\n\" | passwd cachac6\n# monitoring\n# gcloud beta compute ssh kube-master01 --project=kubernetes-292714 --zone=us-central1-a --command=\"curl -sSO https://dl.google.com/cloudagents/add-monitoring-agent-repo.sh \u0026\u0026 sudo bash add-monitoring-agent-repo.sh \u0026\u0026 sudo apt-get update \u0026\u0026 sudo apt-get install stackdriver-agent \u0026\u0026 sudo service stackdriver-agent start\"\n#\n# Master: check ports\n# https://kubernetes.io/docs/setup/production-environment/tools/kubeadm/install-kubeadm/\n\n#\n# keepalived + ha\n#\nif ! command -v haproxy \u0026\u003e /dev/null\nthen\n\tsudo apt install haproxy keepalived -y\n\tmkdir -p /etc/keepalived\n\n\tsudo mv  /home/cachac6/takeover.sh /etc/keepalived/takeover.sh\n\tsudo chmod +x /etc/keepalived/takeover.sh\n\ttouch /etc/keepalived/takeover.log\n\n\tsudo mv /home/cachac6/keepalived.conf /etc/keepalived/keepalived.conf\n\n\tsudo mv /home/cachac6/haproxy.cfg /etc/haproxy/haproxy.cfg\n  sudo cat /home/cachac6/hosts \u003e\u003e /etc/hosts\n\n\tsudo systemctl restart haproxy\n\tsudo systemctl restart keepalived\n\tsudo systemctl enable keepalived --now\n\tsudo systemctl enable haproxy --now\n\n\techo 'haproxy + keepalived installed!' \u003e\u003e /home/cachac6/ilog\nelse echo 'haproxy + keepalived already installed!' \u003e\u003e /home/cachac6/ilog\nfi\n# disable swap\nsudo swapoff -a\nsudo sed -i '/ swap / s/^\\(.*\\)$/#\\1/g' /etc/fstab\n#\n# ip tables\n#\ncat \u003c\u003cEOF | sudo tee /etc/sysctl.d/k8s.conf\nnet.bridge.bridge-nf-call-ip6tables = 1\nnet.bridge.bridge-nf-call-iptables = 1\nEOF\nsudo sysctl --system\n\nsudo modprobe br_netfilter\nsudo sh -c \"echo '1' \u003e /proc/sys/net/bridge/bridge-nf-call-iptables\"\nsudo sh -c \"echo '1' \u003e /proc/sys/net/ipv4/ip_forward\"\n\n# docker\nif ! command -v docker \u0026\u003e /dev/null\nthen\n\tcurl -fsSL https://get.docker.com -o get-docker.sh\n\tsudo sh get-docker.sh\n\n\tsudo usermod -aG docker cachac6\n\tnewgrp docker\n\techo 'Docker installed!' \u003e\u003e /home/cachac6/ilog\nelse echo 'Docker already installed!' \u003e\u003e /home/cachac6/ilog\nfi\n\n# kubeadm\nif ! command -v kubeadm \u0026\u003e /dev/null\nthen\nsudo apt-get update \u0026\u0026 sudo apt-get install -y apt-transport-https curl\ncurl -s https://packages.cloud.google.com/apt/doc/apt-key.gpg | sudo apt-key add -\ncat \u003c\u003cEOF | sudo tee /etc/apt/sources.list.d/kubernetes.list\ndeb https://apt.kubernetes.io/ kubernetes-xenial main\nEOF\nsudo apt-get update\nsudo apt-get install -y kubelet kubeadm kubectl #--disableexcludes=kubernetes\nsudo systemctl enable kubelet --now\nsudo apt-mark hold kubelet kubeadm kubectl\nsudo apt-get install bash-completion\n\n\techo \"[ -f ~/.kubectl_aliases ] \u0026\u0026 source \u003c(cat ~/.kubectl_aliases | sed -r 's/(kubectl.*) --watch/watch \\1/g')\" \u003e\u003e /home/cachac6/.bashrc\n\techo 'function kubectl() { echo \"+ kubectl $@\"\u003e\u00262; command kubectl $@; }' \u003e\u003e /home/cachac6/.bashrc\n\techo \"source \u003c(kubectl completion bash)\" \u003e\u003e /home/cachac6/.bashrc\n\trunuser -l cachac6 -c   'complete -F __start_kubectl k'\n\trunuser -l cachac6 -c  'export KUBECONFIG=/etc/kubernetes/admin.conf'\n\techo 'export KUBECONFIG=/etc/kubernetes/admin.conf' \u003e\u003e /home/cachac6/.bashrc\n\n\techo 'kubeadm installed!' \u003e\u003e /home/cachac6/ilog\nelse echo 'kubeadm already installed!' \u003e\u003e /home/cachac6/ilog\nfi\n\n# end\nduration=$SECONDS\necho \"$(($duration / 60)) minutes and $(($duration % 60)) seconds elapsed.\"  \u003e\u003e /home/cachac6/ilog\n\n\n\n\n"
            },
            "metadata_fingerprint": "vtIMHvcyChM=",
            "metadata_startup_script": "",
            "min_cpu_platform": "",
            "name": "kube-master03",
            "network_interface": [
              {
                "access_config": [
                  {
                    "nat_ip": "34.69.212.127",
                    "network_tier": "PREMIUM",
                    "public_ptr_domain_name": ""
                  }
                ],
                "alias_ip_range": [],
                "name": "nic0",
                "network": "https://www.googleapis.com/compute/v1/projects/kubernetes-292714/global/networks/kube-network",
                "network_ip": "10.0.0.13",
                "subnetwork": "https://www.googleapis.com/compute/v1/projects/kubernetes-292714/regions/us-central1/subnetworks/kube-subnet",
                "subnetwork_project": "kubernetes-292714"
              }
            ],
            "project": "kubernetes-292714",
            "resource_policies": null,
            "scheduling": [
              {
                "automatic_restart": false,
                "node_affinities": [],
                "on_host_maintenance": "TERMINATE",
                "preemptible": true
              }
            ],
            "scratch_disk": [],
            "self_link": "https://www.googleapis.com/compute/v1/projects/kubernetes-292714/zones/us-central1-a/instances/kube-master03",
            "service_account": [],
            "shielded_instance_config": [
              {
                "enable_integrity_monitoring": true,
                "enable_secure_boot": false,
                "enable_vtpm": true
              }
            ],
            "tags": [
              "terraform"
            ],
            "tags_fingerprint": "Mmq5kKvgSFI=",
            "timeouts": null,
            "zone": "us-central1-a"
          },
          "private": "eyJlMmJmYjczMC1lY2FhLTExZTYtOGY4OC0zNDM2M2JjN2M0YzAiOnsiY3JlYXRlIjoxMjAwMDAwMDAwMDAwLCJkZWxldGUiOjEyMDAwMDAwMDAwMDAsInVwZGF0ZSI6MTIwMDAwMDAwMDAwMH0sInNjaGVtYV92ZXJzaW9uIjoiNiJ9",
          "dependencies": [
            "data.google_compute_image.kube_master_image",
            "google_compute_address.kube_external_address03",
            "google_compute_address.kube_internal_address03",
            "google_compute_disk.kube_master_disk03",
            "tls_private_key.global_key"
          ]
        }
      ]
    },
    {
      "mode": "managed",
      "type": "local_file",
      "name": "ssh_private_key_pem",
      "provider": "provider[\"registry.terraform.io/hashicorp/local\"]",
      "instances": [
        {
          "schema_version": 0,
          "attributes": {
            "content": null,
            "content_base64": null,
            "directory_permission": "0777",
            "file_permission": "0600",
            "filename": "../../keys/id_rsa",
            "id": "96e1e766236012d1cbfcfc9e9e1545a167aa87a1",
            "sensitive_content": "-----BEGIN RSA PRIVATE KEY-----\nMIIEogIBAAKCAQEAvJmv2Lu09Th1CXxOmkD5cdTlBoooRQfXgBj2mAQB40jPo6AI\n8xD+W1h3SQ4L5mBx4iyOMP78AbuXqiGMOxsXaK21QbHyk3HHbYN/YsFXnNLTD6sk\nArgOwnYbPEFZtp6VwXXvMmnXGy+ZvhXfwQRR6kSafEulGQYeyas+Uw/09cAh5EOL\nqdSkzNzI0rbpMC7zwQdYIAX5GI9j5CIYV2PWFfs6ipI4S82n+md0RtP62iZRtJwd\nYK1ihvh4HJfnbhqANVNnpuGEEYVemCum28Pe2WJzQ2Gl7K0bla0rgmhNmV5m+gvf\nhoPqGOfTA2F2fbPWS5290o/bDTiVDdBwxRFb3QIDAQABAoIBACkj/U/x4k97uUwQ\nabUMZ12Fa1A54v7r7v5qc6BFf4Ps5h5zUoBzPIkAi0TMY5wlfbIwtfPKK37VRQg/\nuS9LgZe8DMX/40J2l2I0RR1tv4beFlxcoMZXECErUlWai89iWJiS+VKt89ZiU887\nRkv8fUH1JR3oAmOrChxD1pyX5n+UwYhOpaB9iKTBQTsjhhICwosHvWnsNKGojvxP\nlItfYR0rRndt0r1d8qGOhZJZUJCTJ53hodB8+4Hbi7ybDrR1w5MeGqH3ErZm0ytI\nmnYH8XOydaZNm1TOakCuDr5iHePJFnSLjJdtSCiLmMxB//E7t8hIiNTiDkZx828a\n9ZfOnaECgYEA8SoHAdxRD9RsypotaLzeRvZ2+yLnwG7GaKSuQVYUczc0XkpE41sg\nXIB1NMPu5smA2kF1bfdCuG7xkDKWQVueiDVqVYDfuG/JFFbOyynM5HTMc1hrkkcP\nedJQJq4rT33OmXlLDL+W5qsRZhcpWKpA+xZx8/FdFst1QaS8vA560zsCgYEAyDPb\nu9Cb6k+A7vT6XdORoczQrXgljacdD8omm+4vyhO0B1K0lMaMDyyRIrN6lhvA9+7C\naS2OjOPl//qAqIQmcZvjGCn810fizEt3Zq3Eau14LZpkf56QnMPuSqisOgbOy67Y\nlWjqcTPlA30AdSeePrMWkQ2OZPtrecjNI7AQ68cCgYA9A9oUAW7M53zC4bEdb7N5\nFsBRl6o0yJIQRaIEy8eOwufP91BoiVStsp50xCG8aDzee3M/aDCMQx2A0xuq24hH\ng+QsT9fKbRXdvHzDcAbzwg08HaHRt4LV2n0G3Ef+66CKueJgDlUadSuIvdFrKmAY\nZrxb8LQRoVZATnKlzbALowKBgB4M0qWdSVnhNxwm/1GICSr9IDF5gEGD3PPaxvLO\nzLOLQ5F504slRi6c5OgNgo/3eH5+gwXgha4WIxbKFfe1ZkPVP0AIRWBW9O7vQOvT\nl1Dpdgl6TC1vsoslSaZBLSDEltOx2eaLSe1V+cENST1Mhg8pOHDrVP1JU7eC8W+y\n5MdPAoGAKTghqFXAsj+IUEpVeUyGf7wJenFLXdKVfuPezfJbF55cjqHxehC1JKx7\nlvkd69KXMKWJTK+p5qCe+MOOhwPnoVIl/u9Y4C+QSbtc3blt4Ij772hPrBaktQ93\ncUNpaHLO+qei70Bff4b+ZTLKEBJbhJY7ozQs2lGqwOvEU9pxXW8=\n-----END RSA PRIVATE KEY-----\n",
            "source": null
          },
          "private": "bnVsbA==",
          "dependencies": [
            "tls_private_key.global_key"
          ]
        }
      ]
    },
    {
      "mode": "managed",
      "type": "tls_private_key",
      "name": "global_key",
      "provider": "provider[\"registry.terraform.io/hashicorp/tls\"]",
      "instances": [
        {
          "schema_version": 0,
          "attributes": {
            "algorithm": "RSA",
            "ecdsa_curve": "P224",
            "id": "504fce455497e2a46c05068d89e7f4b7bc3649e0",
            "private_key_pem": "-----BEGIN RSA PRIVATE KEY-----\nMIIEogIBAAKCAQEAvJmv2Lu09Th1CXxOmkD5cdTlBoooRQfXgBj2mAQB40jPo6AI\n8xD+W1h3SQ4L5mBx4iyOMP78AbuXqiGMOxsXaK21QbHyk3HHbYN/YsFXnNLTD6sk\nArgOwnYbPEFZtp6VwXXvMmnXGy+ZvhXfwQRR6kSafEulGQYeyas+Uw/09cAh5EOL\nqdSkzNzI0rbpMC7zwQdYIAX5GI9j5CIYV2PWFfs6ipI4S82n+md0RtP62iZRtJwd\nYK1ihvh4HJfnbhqANVNnpuGEEYVemCum28Pe2WJzQ2Gl7K0bla0rgmhNmV5m+gvf\nhoPqGOfTA2F2fbPWS5290o/bDTiVDdBwxRFb3QIDAQABAoIBACkj/U/x4k97uUwQ\nabUMZ12Fa1A54v7r7v5qc6BFf4Ps5h5zUoBzPIkAi0TMY5wlfbIwtfPKK37VRQg/\nuS9LgZe8DMX/40J2l2I0RR1tv4beFlxcoMZXECErUlWai89iWJiS+VKt89ZiU887\nRkv8fUH1JR3oAmOrChxD1pyX5n+UwYhOpaB9iKTBQTsjhhICwosHvWnsNKGojvxP\nlItfYR0rRndt0r1d8qGOhZJZUJCTJ53hodB8+4Hbi7ybDrR1w5MeGqH3ErZm0ytI\nmnYH8XOydaZNm1TOakCuDr5iHePJFnSLjJdtSCiLmMxB//E7t8hIiNTiDkZx828a\n9ZfOnaECgYEA8SoHAdxRD9RsypotaLzeRvZ2+yLnwG7GaKSuQVYUczc0XkpE41sg\nXIB1NMPu5smA2kF1bfdCuG7xkDKWQVueiDVqVYDfuG/JFFbOyynM5HTMc1hrkkcP\nedJQJq4rT33OmXlLDL+W5qsRZhcpWKpA+xZx8/FdFst1QaS8vA560zsCgYEAyDPb\nu9Cb6k+A7vT6XdORoczQrXgljacdD8omm+4vyhO0B1K0lMaMDyyRIrN6lhvA9+7C\naS2OjOPl//qAqIQmcZvjGCn810fizEt3Zq3Eau14LZpkf56QnMPuSqisOgbOy67Y\nlWjqcTPlA30AdSeePrMWkQ2OZPtrecjNI7AQ68cCgYA9A9oUAW7M53zC4bEdb7N5\nFsBRl6o0yJIQRaIEy8eOwufP91BoiVStsp50xCG8aDzee3M/aDCMQx2A0xuq24hH\ng+QsT9fKbRXdvHzDcAbzwg08HaHRt4LV2n0G3Ef+66CKueJgDlUadSuIvdFrKmAY\nZrxb8LQRoVZATnKlzbALowKBgB4M0qWdSVnhNxwm/1GICSr9IDF5gEGD3PPaxvLO\nzLOLQ5F504slRi6c5OgNgo/3eH5+gwXgha4WIxbKFfe1ZkPVP0AIRWBW9O7vQOvT\nl1Dpdgl6TC1vsoslSaZBLSDEltOx2eaLSe1V+cENST1Mhg8pOHDrVP1JU7eC8W+y\n5MdPAoGAKTghqFXAsj+IUEpVeUyGf7wJenFLXdKVfuPezfJbF55cjqHxehC1JKx7\nlvkd69KXMKWJTK+p5qCe+MOOhwPnoVIl/u9Y4C+QSbtc3blt4Ij772hPrBaktQ93\ncUNpaHLO+qei70Bff4b+ZTLKEBJbhJY7ozQs2lGqwOvEU9pxXW8=\n-----END RSA PRIVATE KEY-----\n",
            "public_key_fingerprint_md5": "22:9c:2d:94:cc:91:f2:0b:02:2c:a4:47:93:a1:40:9b",
            "public_key_openssh": "ssh-rsa AAAAB3NzaC1yc2EAAAADAQABAAABAQC8ma/Yu7T1OHUJfE6aQPlx1OUGiihFB9eAGPaYBAHjSM+joAjzEP5bWHdJDgvmYHHiLI4w/vwBu5eqIYw7GxdorbVBsfKTccdtg39iwVec0tMPqyQCuA7Cdhs8QVm2npXBde8yadcbL5m+Fd/BBFHqRJp8S6UZBh7Jqz5TD/T1wCHkQ4up1KTM3MjStukwLvPBB1ggBfkYj2PkIhhXY9YV+zqKkjhLzaf6Z3RG0/raJlG0nB1grWKG+Hgcl+duGoA1U2em4YQRhV6YK6bbw97ZYnNDYaXsrRuVrSuCaE2ZXmb6C9+Gg+oY59MDYXZ9s9ZLnb3Sj9sNOJUN0HDFEVvd\n",
            "public_key_pem": "-----BEGIN PUBLIC KEY-----\nMIIBIjANBgkqhkiG9w0BAQEFAAOCAQ8AMIIBCgKCAQEAvJmv2Lu09Th1CXxOmkD5\ncdTlBoooRQfXgBj2mAQB40jPo6AI8xD+W1h3SQ4L5mBx4iyOMP78AbuXqiGMOxsX\naK21QbHyk3HHbYN/YsFXnNLTD6skArgOwnYbPEFZtp6VwXXvMmnXGy+ZvhXfwQRR\n6kSafEulGQYeyas+Uw/09cAh5EOLqdSkzNzI0rbpMC7zwQdYIAX5GI9j5CIYV2PW\nFfs6ipI4S82n+md0RtP62iZRtJwdYK1ihvh4HJfnbhqANVNnpuGEEYVemCum28Pe\n2WJzQ2Gl7K0bla0rgmhNmV5m+gvfhoPqGOfTA2F2fbPWS5290o/bDTiVDdBwxRFb\n3QIDAQAB\n-----END PUBLIC KEY-----\n",
            "rsa_bits": 2048
          },
          "private": "bnVsbA=="
        }
      ]
    }
  ]
}
