{
  "version": 4,
  "terraform_version": "0.13.4",
  "serial": 42,
  "lineage": "c65819ca-7f82-20a4-e2c2-384031bc8c19",
  "outputs": {},
  "resources": [
    {
      "mode": "data",
      "type": "google_compute_image",
      "name": "rke_master_image",
      "provider": "provider[\"registry.terraform.io/hashicorp/google\"]",
      "instances": [
        {
          "schema_version": 0,
          "attributes": {
            "archive_size_bytes": 1954224384,
            "creation_timestamp": "2020-10-14T04:31:15.123-07:00",
            "description": "Canonical, Ubuntu, 20.04 LTS, amd64 focal image built on 2020-10-14, supports Shielded VM features",
            "disk_size_gb": 10,
            "family": "ubuntu-2004-lts",
            "id": "projects/ubuntu-os-cloud/global/images/ubuntu-2004-focal-v20201014",
            "image_encryption_key_sha256": "",
            "image_id": "8900997587695001453",
            "label_fingerprint": "42WmSpB8rSM=",
            "labels": {},
            "licenses": [
              "https://www.googleapis.com/compute/v1/projects/ubuntu-os-cloud/global/licenses/ubuntu-2004-lts"
            ],
            "name": "ubuntu-2004-focal-v20201014",
            "project": "ubuntu-os-cloud",
            "self_link": "https://www.googleapis.com/compute/v1/projects/ubuntu-os-cloud/global/images/ubuntu-2004-focal-v20201014",
            "source_disk": "",
            "source_disk_encryption_key_sha256": "",
            "source_disk_id": "",
            "source_image_id": "",
            "status": "READY"
          }
        }
      ]
    },
    {
      "mode": "managed",
      "type": "google_compute_address",
      "name": "rke_external_address",
      "provider": "provider[\"registry.terraform.io/hashicorp/google\"]",
      "instances": [
        {
          "schema_version": 0,
          "attributes": {
            "address": "34.70.181.37",
            "address_type": "EXTERNAL",
            "creation_timestamp": "2020-10-19T15:50:20.133-07:00",
            "description": "",
            "id": "projects/kubernetes-292714/regions/us-central1/addresses/rke-external-address",
            "name": "rke-external-address",
            "network_tier": "PREMIUM",
            "project": "kubernetes-292714",
            "purpose": "",
            "region": "us-central1",
            "self_link": "https://www.googleapis.com/compute/v1/projects/kubernetes-292714/regions/us-central1/addresses/rke-external-address",
            "subnetwork": "",
            "timeouts": null,
            "users": [
              "https://www.googleapis.com/compute/v1/projects/kubernetes-292714/zones/us-central1-c/instances/rke-master"
            ]
          },
          "private": "eyJlMmJmYjczMC1lY2FhLTExZTYtOGY4OC0zNDM2M2JjN2M0YzAiOnsiY3JlYXRlIjoyNDAwMDAwMDAwMDAsImRlbGV0ZSI6MjQwMDAwMDAwMDAwfX0="
        }
      ]
    },
    {
      "mode": "managed",
      "type": "google_compute_address",
      "name": "rke_internal_address",
      "provider": "provider[\"registry.terraform.io/hashicorp/google\"]",
      "instances": [
        {
          "schema_version": 0,
          "attributes": {
            "address": "10.0.0.2",
            "address_type": "INTERNAL",
            "creation_timestamp": "2020-10-19T15:49:15.968-07:00",
            "description": "",
            "id": "projects/kubernetes-292714/regions/us-central1/addresses/rke-internal-address",
            "name": "rke-internal-address",
            "network_tier": "PREMIUM",
            "project": "kubernetes-292714",
            "purpose": "GCE_ENDPOINT",
            "region": "us-central1",
            "self_link": "https://www.googleapis.com/compute/v1/projects/kubernetes-292714/regions/us-central1/addresses/rke-internal-address",
            "subnetwork": "https://www.googleapis.com/compute/v1/projects/kubernetes-292714/regions/us-central1/subnetworks/rke-subnet",
            "timeouts": null,
            "users": [
              "https://www.googleapis.com/compute/v1/projects/kubernetes-292714/zones/us-central1-c/instances/rke-master"
            ]
          },
          "private": "eyJlMmJmYjczMC1lY2FhLTExZTYtOGY4OC0zNDM2M2JjN2M0YzAiOnsiY3JlYXRlIjoyNDAwMDAwMDAwMDAsImRlbGV0ZSI6MjQwMDAwMDAwMDAwfX0=",
          "dependencies": [
            "google_compute_network.rke_network",
            "google_compute_subnetwork.rke_subnet"
          ]
        }
      ]
    },
    {
      "mode": "managed",
      "type": "google_compute_disk",
      "name": "rke_master_disk",
      "provider": "provider[\"registry.terraform.io/hashicorp/google\"]",
      "instances": [
        {
          "schema_version": 0,
          "attributes": {
            "creation_timestamp": "2020-10-19T15:47:58.480-07:00",
            "description": "",
            "disk_encryption_key": [],
            "id": "projects/kubernetes-292714/zones/us-central1-c/disks/master-disk",
            "image": "https://www.googleapis.com/compute/v1/projects/ubuntu-os-cloud/global/images/ubuntu-2004-focal-v20201014",
            "label_fingerprint": "GHZ1Un204L0=",
            "labels": {
              "env": "dev"
            },
            "last_attach_timestamp": "2020-10-19T15:50:33.607-07:00",
            "last_detach_timestamp": "",
            "name": "master-disk",
            "physical_block_size_bytes": 4096,
            "project": "kubernetes-292714",
            "self_link": "https://www.googleapis.com/compute/v1/projects/kubernetes-292714/zones/us-central1-c/disks/master-disk",
            "size": 10,
            "snapshot": "",
            "source_image_encryption_key": [],
            "source_image_id": "8900997587695001453",
            "source_snapshot_encryption_key": [],
            "source_snapshot_id": "",
            "timeouts": null,
            "type": "pd-standard",
            "users": [
              "https://www.googleapis.com/compute/v1/projects/kubernetes-292714/zones/us-central1-c/instances/rke-master"
            ],
            "zone": "us-central1-c"
          },
          "private": "eyJlMmJmYjczMC1lY2FhLTExZTYtOGY4OC0zNDM2M2JjN2M0YzAiOnsiY3JlYXRlIjozMDAwMDAwMDAwMDAsImRlbGV0ZSI6MjQwMDAwMDAwMDAwLCJ1cGRhdGUiOjI0MDAwMDAwMDAwMH19",
          "dependencies": [
            "data.google_compute_image.rke_master_image"
          ]
        }
      ]
    },
    {
      "mode": "managed",
      "type": "google_compute_firewall",
      "name": "rke_fw_allowall",
      "provider": "provider[\"registry.terraform.io/hashicorp/google\"]",
      "instances": [
        {
          "schema_version": 1,
          "attributes": {
            "allow": [
              {
                "ports": [],
                "protocol": "all"
              }
            ],
            "creation_timestamp": "2020-10-19T15:48:52.720-07:00",
            "deny": [],
            "description": "",
            "destination_ranges": [],
            "direction": "INGRESS",
            "disabled": false,
            "enable_logging": null,
            "id": "projects/kubernetes-292714/global/firewalls/rke-rke-allowall",
            "log_config": [],
            "name": "rke-rke-allowall",
            "network": "https://www.googleapis.com/compute/v1/projects/kubernetes-292714/global/networks/rke-network",
            "priority": 1000,
            "project": "kubernetes-292714",
            "self_link": "https://www.googleapis.com/compute/v1/projects/kubernetes-292714/global/firewalls/rke-rke-allowall",
            "source_ranges": [
              "0.0.0.0/0"
            ],
            "source_service_accounts": [],
            "source_tags": [],
            "target_service_accounts": [],
            "target_tags": [],
            "timeouts": null
          },
          "private": "eyJlMmJmYjczMC1lY2FhLTExZTYtOGY4OC0zNDM2M2JjN2M0YzAiOnsiY3JlYXRlIjoyNDAwMDAwMDAwMDAsImRlbGV0ZSI6MjQwMDAwMDAwMDAwLCJ1cGRhdGUiOjI0MDAwMDAwMDAwMH0sInNjaGVtYV92ZXJzaW9uIjoiMSJ9",
          "dependencies": [
            "google_compute_network.rke_network"
          ]
        }
      ]
    },
    {
      "mode": "managed",
      "type": "google_compute_network",
      "name": "rke_network",
      "provider": "provider[\"registry.terraform.io/hashicorp/google\"]",
      "instances": [
        {
          "schema_version": 0,
          "attributes": {
            "auto_create_subnetworks": true,
            "delete_default_routes_on_create": false,
            "description": "",
            "gateway_ipv4": "",
            "id": "projects/kubernetes-292714/global/networks/rke-network",
            "ipv4_range": null,
            "name": "rke-network",
            "project": "kubernetes-292714",
            "routing_mode": "REGIONAL",
            "self_link": "https://www.googleapis.com/compute/v1/projects/kubernetes-292714/global/networks/rke-network",
            "timeouts": null
          },
          "private": "eyJlMmJmYjczMC1lY2FhLTExZTYtOGY4OC0zNDM2M2JjN2M0YzAiOnsiY3JlYXRlIjoyNDAwMDAwMDAwMDAsImRlbGV0ZSI6MjQwMDAwMDAwMDAwLCJ1cGRhdGUiOjI0MDAwMDAwMDAwMH19"
        }
      ]
    },
    {
      "mode": "managed",
      "type": "google_compute_subnetwork",
      "name": "rke_subnet",
      "provider": "provider[\"registry.terraform.io/hashicorp/google\"]",
      "instances": [
        {
          "schema_version": 0,
          "attributes": {
            "creation_timestamp": "2020-10-19T15:48:52.929-07:00",
            "description": "",
            "enable_flow_logs": null,
            "fingerprint": null,
            "gateway_address": "10.0.0.1",
            "id": "projects/kubernetes-292714/regions/us-central1/subnetworks/rke-subnet",
            "ip_cidr_range": "10.0.0.0/16",
            "log_config": [],
            "name": "rke-subnet",
            "network": "https://www.googleapis.com/compute/v1/projects/kubernetes-292714/global/networks/rke-network",
            "private_ip_google_access": false,
            "project": "kubernetes-292714",
            "region": "us-central1",
            "secondary_ip_range": [],
            "self_link": "https://www.googleapis.com/compute/v1/projects/kubernetes-292714/regions/us-central1/subnetworks/rke-subnet",
            "timeouts": null
          },
          "private": "eyJlMmJmYjczMC1lY2FhLTExZTYtOGY4OC0zNDM2M2JjN2M0YzAiOnsiY3JlYXRlIjozNjAwMDAwMDAwMDAsImRlbGV0ZSI6MzYwMDAwMDAwMDAwLCJ1cGRhdGUiOjM2MDAwMDAwMDAwMH19",
          "dependencies": [
            "google_compute_network.rke_network"
          ]
        }
      ]
    },
    {
      "mode": "managed",
      "type": "local_file",
      "name": "ssh_private_key_pem",
      "provider": "provider[\"registry.terraform.io/hashicorp/local\"]",
      "instances": [
        {
          "schema_version": 0,
          "attributes": {
            "content": null,
            "content_base64": null,
            "directory_permission": "0777",
            "file_permission": "0600",
            "filename": "./id_rsa",
            "id": "da4abebdfffec958629555dd7236106beda1b910",
            "sensitive_content": "-----BEGIN RSA PRIVATE KEY-----\nMIIEpAIBAAKCAQEAo1hZsK7r/NX16WphSv/tk1usK+aegPgSX3W5WSYeK5XJYZMg\nCk4yeKsNl4KcsZaACe+dgy0uDASJkUBhmtaDnrJoUP1i1SnQbc0tQjVDdw/f3MxB\nBH7A3fPOY9zdU6tqbHcyJI272k9RQnQX7xa2CR91/qBgLS6ZMqgVSiCYBTLSCNY2\nv2wZEvIpiFoT3QYYea0ZEkFcWvZ+tQGrzgKmlRcRuPlB+UqIBRlQv/O92AEp9QP4\nB3RMUGCFiWwgt5sLIXiiPiRRoge4BHoH96vROhZ+my8EBfmI4y2/aRyxGlfk47Ej\npopOpHjQHhF41UXxfaFMp1PcEOE7hqapA3YNUwIDAQABAoIBAF/gyCSRSCuMW1+6\n9YjUWFsagCD0qS0Cb6Zgr37IhQUIUsBXX4MtCysRHFVGcTs8H8O1RjttFY4wS59a\nru/34iIQjnKbiJueg50vxdUK9qK4SqqLqc49qG+fYBH13mPyRfGMtX4HQ7CMxiG/\nixzns8n/EX94G3vp0jqNtpFgOFsz3Rn48BwI+JceIM8SwK138qhRy/dnIFCzfVUW\nAXS9GSGyGMdssDOkFyEaKTtof3vbKpW+/+p87FMggkipnX9oTtnUwykGRPPV/WKi\nOHoXegqv0hDwwXulNgwHprGa97t8yRLfDtTbQOdgxOXu9zgLHQfOYWQ0e9n8SHcr\nInEQHKECgYEAxEyyn7WjRHydWISVSlgWtMIfdUW1fnU6wNGy4y9tTczNKXA2+aWD\nnXNdRRP+DnLkwmdSdrUDIJXOPmWPXx+1DCOPZT3A9k3jUSNT/5HXWFeBTpa+mL6t\nzIX3Fqc0p9DlBOxYIiMDRGwcT657c0XGnXVnKx+qim6ekF8/qwVkYa0CgYEA1QXq\nLzcwshZ1qlrsiCPnHCl0iSUWxPS/ghi8z9d6m70PdgXoUwavVu3vnmNbU2wRUIWC\nuT1hZLG6aSbsm2oFXY6JnUW/xD+0l3uLYReK0Klx4pN5RGlMNCTLoW3AQf8tQtVa\nidwM2DYPmJajRUSFcY91TFfyXMwvbtZ0ekBICv8CgYEAqdn/mUfunL0C3Ovjza9I\n/mEWHUATGffPvbX1BrUr6+yw/REW0I7RwnRnGPWCl/f8TuZeKU7ZBOH60mzIULO7\n0WQXmK+FftnIPpXGAdassckNnvW6t6oN8nFcaqKFYkvTTp4+aFNJaXPuT1gXg5e1\nkttaSKsewqeS1jNEgPOqdwUCgYEAh72yIY4YkJKxPfGcYZAHN7HO2YlxveV7lwnu\nXr6fGVha3ska5rUOy+ToWNRVII5vZhD9YM6VHhYGg/TStqHTc29dj4MflI1HpXOL\nOD5JLXeb41Y34vj6HwwHWgFWjndtPvY3MDuxT6D7RS9QMNZd9iQFCbXM8YcG/qjX\nJgOKJL8CgYB4l0pob9+EbmEYsAo5x3S8Zfkwk3zbg0981xF5V4r1AxfX90gHfCW0\nkYHFn4TAvIzmKKBG5L3aQSnQelo2brcmB0y5l7TtFCeG6JW5MnZdNGhWFOgQ0ki3\n+BUqXf/dryyZPfW5JTasewgBH6RvP7n78tXrSc5cd3Um11nUJn0OzQ==\n-----END RSA PRIVATE KEY-----\n"
          },
          "private": "bnVsbA==",
          "dependencies": [
            "tls_private_key.global_key"
          ]
        }
      ]
    },
    {
      "mode": "managed",
      "type": "tls_private_key",
      "name": "global_key",
      "provider": "provider[\"registry.terraform.io/hashicorp/tls\"]",
      "instances": [
        {
          "schema_version": 0,
          "attributes": {
            "algorithm": "RSA",
            "ecdsa_curve": "P224",
            "id": "3c6419204cb1e37d57f62f2b06e1ca2f42dc1ef6",
            "private_key_pem": "-----BEGIN RSA PRIVATE KEY-----\nMIIEpAIBAAKCAQEAo1hZsK7r/NX16WphSv/tk1usK+aegPgSX3W5WSYeK5XJYZMg\nCk4yeKsNl4KcsZaACe+dgy0uDASJkUBhmtaDnrJoUP1i1SnQbc0tQjVDdw/f3MxB\nBH7A3fPOY9zdU6tqbHcyJI272k9RQnQX7xa2CR91/qBgLS6ZMqgVSiCYBTLSCNY2\nv2wZEvIpiFoT3QYYea0ZEkFcWvZ+tQGrzgKmlRcRuPlB+UqIBRlQv/O92AEp9QP4\nB3RMUGCFiWwgt5sLIXiiPiRRoge4BHoH96vROhZ+my8EBfmI4y2/aRyxGlfk47Ej\npopOpHjQHhF41UXxfaFMp1PcEOE7hqapA3YNUwIDAQABAoIBAF/gyCSRSCuMW1+6\n9YjUWFsagCD0qS0Cb6Zgr37IhQUIUsBXX4MtCysRHFVGcTs8H8O1RjttFY4wS59a\nru/34iIQjnKbiJueg50vxdUK9qK4SqqLqc49qG+fYBH13mPyRfGMtX4HQ7CMxiG/\nixzns8n/EX94G3vp0jqNtpFgOFsz3Rn48BwI+JceIM8SwK138qhRy/dnIFCzfVUW\nAXS9GSGyGMdssDOkFyEaKTtof3vbKpW+/+p87FMggkipnX9oTtnUwykGRPPV/WKi\nOHoXegqv0hDwwXulNgwHprGa97t8yRLfDtTbQOdgxOXu9zgLHQfOYWQ0e9n8SHcr\nInEQHKECgYEAxEyyn7WjRHydWISVSlgWtMIfdUW1fnU6wNGy4y9tTczNKXA2+aWD\nnXNdRRP+DnLkwmdSdrUDIJXOPmWPXx+1DCOPZT3A9k3jUSNT/5HXWFeBTpa+mL6t\nzIX3Fqc0p9DlBOxYIiMDRGwcT657c0XGnXVnKx+qim6ekF8/qwVkYa0CgYEA1QXq\nLzcwshZ1qlrsiCPnHCl0iSUWxPS/ghi8z9d6m70PdgXoUwavVu3vnmNbU2wRUIWC\nuT1hZLG6aSbsm2oFXY6JnUW/xD+0l3uLYReK0Klx4pN5RGlMNCTLoW3AQf8tQtVa\nidwM2DYPmJajRUSFcY91TFfyXMwvbtZ0ekBICv8CgYEAqdn/mUfunL0C3Ovjza9I\n/mEWHUATGffPvbX1BrUr6+yw/REW0I7RwnRnGPWCl/f8TuZeKU7ZBOH60mzIULO7\n0WQXmK+FftnIPpXGAdassckNnvW6t6oN8nFcaqKFYkvTTp4+aFNJaXPuT1gXg5e1\nkttaSKsewqeS1jNEgPOqdwUCgYEAh72yIY4YkJKxPfGcYZAHN7HO2YlxveV7lwnu\nXr6fGVha3ska5rUOy+ToWNRVII5vZhD9YM6VHhYGg/TStqHTc29dj4MflI1HpXOL\nOD5JLXeb41Y34vj6HwwHWgFWjndtPvY3MDuxT6D7RS9QMNZd9iQFCbXM8YcG/qjX\nJgOKJL8CgYB4l0pob9+EbmEYsAo5x3S8Zfkwk3zbg0981xF5V4r1AxfX90gHfCW0\nkYHFn4TAvIzmKKBG5L3aQSnQelo2brcmB0y5l7TtFCeG6JW5MnZdNGhWFOgQ0ki3\n+BUqXf/dryyZPfW5JTasewgBH6RvP7n78tXrSc5cd3Um11nUJn0OzQ==\n-----END RSA PRIVATE KEY-----\n",
            "public_key_fingerprint_md5": "53:d9:92:a5:9a:ba:14:f5:a4:0f:0c:e7:08:a0:a2:ba",
            "public_key_openssh": "ssh-rsa AAAAB3NzaC1yc2EAAAADAQABAAABAQCjWFmwruv81fXpamFK/+2TW6wr5p6A+BJfdblZJh4rlclhkyAKTjJ4qw2XgpyxloAJ752DLS4MBImRQGGa1oOesmhQ/WLVKdBtzS1CNUN3D9/czEEEfsDd885j3N1Tq2psdzIkjbvaT1FCdBfvFrYJH3X+oGAtLpkyqBVKIJgFMtII1ja/bBkS8imIWhPdBhh5rRkSQVxa9n61AavOAqaVFxG4+UH5SogFGVC/873YASn1A/gHdExQYIWJbCC3mwsheKI+JFGiB7gEegf3q9E6Fn6bLwQF+YjjLb9pHLEaV+TjsSOmik6keNAeEXjVRfF9oUynU9wQ4TuGpqkDdg1T\n",
            "public_key_pem": "-----BEGIN PUBLIC KEY-----\nMIIBIjANBgkqhkiG9w0BAQEFAAOCAQ8AMIIBCgKCAQEAo1hZsK7r/NX16WphSv/t\nk1usK+aegPgSX3W5WSYeK5XJYZMgCk4yeKsNl4KcsZaACe+dgy0uDASJkUBhmtaD\nnrJoUP1i1SnQbc0tQjVDdw/f3MxBBH7A3fPOY9zdU6tqbHcyJI272k9RQnQX7xa2\nCR91/qBgLS6ZMqgVSiCYBTLSCNY2v2wZEvIpiFoT3QYYea0ZEkFcWvZ+tQGrzgKm\nlRcRuPlB+UqIBRlQv/O92AEp9QP4B3RMUGCFiWwgt5sLIXiiPiRRoge4BHoH96vR\nOhZ+my8EBfmI4y2/aRyxGlfk47EjpopOpHjQHhF41UXxfaFMp1PcEOE7hqapA3YN\nUwIDAQAB\n-----END PUBLIC KEY-----\n",
            "rsa_bits": 2048
          },
          "private": "bnVsbA=="
        }
      ]
    }
  ]
}
