{
  "version": 4,
  "terraform_version": "0.13.4",
  "serial": 137,
  "lineage": "6ca80056-4337-01ff-5e0d-da618d7ac070",
  "outputs": {},
  "resources": [
    {
      "mode": "data",
      "type": "google_compute_image",
      "name": "rke_master_image",
      "provider": "provider[\"registry.terraform.io/hashicorp/google\"]",
      "instances": [
        {
          "schema_version": 0,
          "attributes": {
            "archive_size_bytes": 1954224384,
            "creation_timestamp": "2020-10-14T04:31:15.123-07:00",
            "description": "Canonical, Ubuntu, 20.04 LTS, amd64 focal image built on 2020-10-14, supports Shielded VM features",
            "disk_size_gb": 10,
            "family": "ubuntu-2004-lts",
            "id": "projects/ubuntu-os-cloud/global/images/ubuntu-2004-focal-v20201014",
            "image_encryption_key_sha256": "",
            "image_id": "8900997587695001453",
            "label_fingerprint": "42WmSpB8rSM=",
            "labels": {},
            "licenses": [
              "https://www.googleapis.com/compute/v1/projects/ubuntu-os-cloud/global/licenses/ubuntu-2004-lts"
            ],
            "name": "ubuntu-2004-focal-v20201014",
            "project": "ubuntu-os-cloud",
            "self_link": "https://www.googleapis.com/compute/v1/projects/ubuntu-os-cloud/global/images/ubuntu-2004-focal-v20201014",
            "source_disk": "",
            "source_disk_encryption_key_sha256": "",
            "source_disk_id": "",
            "source_image_id": "",
            "status": "READY"
          }
        }
      ]
    },
    {
      "mode": "managed",
      "type": "google_compute_address",
      "name": "rke_external_address01",
      "provider": "provider[\"registry.terraform.io/hashicorp/google\"]",
      "instances": [
        {
          "schema_version": 0,
          "attributes": {
            "address": "35.232.204.51",
            "address_type": "EXTERNAL",
            "creation_timestamp": "2020-10-20T09:00:15.042-07:00",
            "description": "",
            "id": "projects/kubernetes-292714/regions/us-central1/addresses/rke-external-address",
            "name": "rke-external-address",
            "network_tier": "PREMIUM",
            "project": "kubernetes-292714",
            "purpose": "",
            "region": "us-central1",
            "self_link": "https://www.googleapis.com/compute/v1/projects/kubernetes-292714/regions/us-central1/addresses/rke-external-address",
            "subnetwork": "",
            "timeouts": null,
            "users": []
          },
          "private": "eyJlMmJmYjczMC1lY2FhLTExZTYtOGY4OC0zNDM2M2JjN2M0YzAiOnsiY3JlYXRlIjoyNDAwMDAwMDAwMDAsImRlbGV0ZSI6MjQwMDAwMDAwMDAwfX0="
        }
      ]
    },
    {
      "mode": "managed",
      "type": "google_compute_address",
      "name": "rke_internal_address01",
      "provider": "provider[\"registry.terraform.io/hashicorp/google\"]",
      "instances": [
        {
          "schema_version": 0,
          "attributes": {
            "address": "10.0.0.2",
            "address_type": "INTERNAL",
            "creation_timestamp": "2020-10-20T09:00:14.939-07:00",
            "description": "",
            "id": "projects/kubernetes-292714/regions/us-central1/addresses/rke-internal-address",
            "name": "rke-internal-address",
            "network_tier": "PREMIUM",
            "project": "kubernetes-292714",
            "purpose": "GCE_ENDPOINT",
            "region": "us-central1",
            "self_link": "https://www.googleapis.com/compute/v1/projects/kubernetes-292714/regions/us-central1/addresses/rke-internal-address",
            "subnetwork": "https://www.googleapis.com/compute/v1/projects/kubernetes-292714/regions/us-central1/subnetworks/rke-subnet",
            "timeouts": null,
            "users": []
          },
          "private": "eyJlMmJmYjczMC1lY2FhLTExZTYtOGY4OC0zNDM2M2JjN2M0YzAiOnsiY3JlYXRlIjoyNDAwMDAwMDAwMDAsImRlbGV0ZSI6MjQwMDAwMDAwMDAwfX0=",
          "dependencies": [
            "google_compute_subnetwork.rke_subnet"
          ]
        }
      ]
    },
    {
      "mode": "managed",
      "type": "google_compute_firewall",
      "name": "rke_fw_allowall",
      "provider": "provider[\"registry.terraform.io/hashicorp/google\"]",
      "instances": [
        {
          "schema_version": 1,
          "attributes": {
            "allow": [
              {
                "ports": [],
                "protocol": "all"
              }
            ],
            "creation_timestamp": "2020-10-20T09:00:15.066-07:00",
            "deny": [],
            "description": "",
            "destination_ranges": [],
            "direction": "INGRESS",
            "disabled": false,
            "enable_logging": null,
            "id": "projects/kubernetes-292714/global/firewalls/rke-rke-allowall",
            "log_config": [],
            "name": "rke-rke-allowall",
            "network": "https://www.googleapis.com/compute/v1/projects/kubernetes-292714/global/networks/rke-network",
            "priority": 1000,
            "project": "kubernetes-292714",
            "self_link": "https://www.googleapis.com/compute/v1/projects/kubernetes-292714/global/firewalls/rke-rke-allowall",
            "source_ranges": [
              "0.0.0.0/0"
            ],
            "source_service_accounts": [],
            "source_tags": [],
            "target_service_accounts": [],
            "target_tags": [],
            "timeouts": null
          },
          "private": "eyJlMmJmYjczMC1lY2FhLTExZTYtOGY4OC0zNDM2M2JjN2M0YzAiOnsiY3JlYXRlIjoyNDAwMDAwMDAwMDAsImRlbGV0ZSI6MjQwMDAwMDAwMDAwLCJ1cGRhdGUiOjI0MDAwMDAwMDAwMH0sInNjaGVtYV92ZXJzaW9uIjoiMSJ9",
          "dependencies": [
            "google_compute_network.rke_network"
          ]
        }
      ]
    },
    {
      "mode": "managed",
      "type": "google_compute_network",
      "name": "rke_network",
      "provider": "provider[\"registry.terraform.io/hashicorp/google\"]",
      "instances": [
        {
          "schema_version": 0,
          "attributes": {
            "auto_create_subnetworks": true,
            "delete_default_routes_on_create": false,
            "description": "",
            "gateway_ipv4": "",
            "id": "projects/kubernetes-292714/global/networks/rke-network",
            "ipv4_range": null,
            "name": "rke-network",
            "project": "kubernetes-292714",
            "routing_mode": "REGIONAL",
            "self_link": "https://www.googleapis.com/compute/v1/projects/kubernetes-292714/global/networks/rke-network",
            "timeouts": null
          },
          "private": "eyJlMmJmYjczMC1lY2FhLTExZTYtOGY4OC0zNDM2M2JjN2M0YzAiOnsiY3JlYXRlIjoyNDAwMDAwMDAwMDAsImRlbGV0ZSI6MjQwMDAwMDAwMDAwLCJ1cGRhdGUiOjI0MDAwMDAwMDAwMH19"
        }
      ]
    },
    {
      "mode": "managed",
      "type": "google_compute_subnetwork",
      "name": "rke_subnet",
      "provider": "provider[\"registry.terraform.io/hashicorp/google\"]",
      "instances": [
        {
          "schema_version": 0,
          "attributes": {
            "creation_timestamp": "2020-10-20T07:35:00.581-07:00",
            "description": "",
            "enable_flow_logs": null,
            "fingerprint": null,
            "gateway_address": "10.0.0.1",
            "id": "projects/kubernetes-292714/regions/us-central1/subnetworks/rke-subnet",
            "ip_cidr_range": "10.0.0.0/16",
            "log_config": [],
            "name": "rke-subnet",
            "network": "https://www.googleapis.com/compute/v1/projects/kubernetes-292714/global/networks/rke-network",
            "private_ip_google_access": false,
            "project": "kubernetes-292714",
            "region": "us-central1",
            "secondary_ip_range": [],
            "self_link": "https://www.googleapis.com/compute/v1/projects/kubernetes-292714/regions/us-central1/subnetworks/rke-subnet",
            "timeouts": null
          },
          "dependencies": [
            "google_compute_network.rke_network"
          ]
        }
      ]
    },
    {
      "mode": "managed",
      "type": "local_file",
      "name": "ssh_private_key_pem",
      "provider": "provider[\"registry.terraform.io/hashicorp/local\"]",
      "instances": [
        {
          "schema_version": 0,
          "attributes": {
            "content": null,
            "content_base64": null,
            "directory_permission": "0777",
            "file_permission": "0600",
            "filename": "../../keys/id_rsa",
            "id": "09c98f09d82d9b198e5de56c0d723b170050ee39",
            "sensitive_content": "-----BEGIN RSA PRIVATE KEY-----\nMIIEpQIBAAKCAQEA48tUufOg/R9qZY+23EoPK2ZkgiEr17TU308YvIC3DWr6BJLK\nEZgGHo/mLCL8OKh1fmL8HKechakKESvUIHpW4GUVl3u/elGBWqUAnVi2pp1lDoQw\nZGEjF+ibxpHNTVbqH7nA5ZgOl4TNEKw1y1GcnhYfsos9QcgMiVPLtDcGswXqOH/5\nbzg8hCG/zPco36spJGRqAlZA92I/e+7+/mlEoMwblRzi9HyPqNFZp7ZOV1s/4oB0\n9WSfhBFJVOPk360zoXi1clmdQeQi+lYRaUPV3Zt1EI4lcCUBA+qdCykj8xgv+nf9\nZ2RATwyv++hYpvPOIcI9YhoqbOt7ECdJxegjdQIDAQABAoIBAH+Y177JbzYaMNju\n5XkDqveehVI3Dn3ndw4XGj4Mw3yqnZ2OM84jH9pitIWomyuJgTbob1wFrzFXfKId\nsNb4cE2FkdCmqpzzpseFgZChrr4pj//Pn+O6XZP44bka1qspsj9PJ3Pz9sh8xPk/\n3WokLtyGe/7g69E7I3qRC5vI7uG7sbS6KLA26SSqlKjiJfNmvsSTK+W2UsTlsQ4c\ny5f4QT2OQV/r64KfLnSfTrEHPPn55b8Q5xz+Dox1W0/tJc0rchYpN85IZ+6fyCF1\nMgrYbA5fIVw9Dl8aWhv0FEG4AuyOtot5R/b0n5PMZJRTNrb9PzVxzJ88pjuotvj5\nQu7/hckCgYEA6AqEWnrsTIow3O1HT0lUyknqO5zgCu0BL1GM6r7NnQqVL8kH3vxw\nSVcVWtQJpiacmJFDef9vYSoHRuL9Va6+xpG5e6InHb/ckivBcVy+/ezXe4mYnmMk\nrGKI2wv5fHDCEYTIFwJMSobB85roKyafYpf+rqMWzo2aN7h8N1zXMjcCgYEA+1CP\nD3MNGJRWfvXJmsIrHoUbb1eRoLpOKkMVppcyfBKutOn2OWH8VuryC6DEj/g9HUaQ\naTMmYfD2P38iHZbgWDaYOtW7mNtOqbjMwISAx1Lq1Va2hiSi/N9ucsAhEzgSAeF1\nPf7NEviJDJHtwp9yNbYUtzMZsSSg0C7X4oAIsbMCgYEAzYH7BJOX0pYVfqVboboF\nsX9TR2bB+os7oGfukT1Zp3tm88JtCS20WRAaZq4iuZe621jUVSlIwNpTRZHl4sv4\nRK9tgjTzxeJV/NNp6PfGY+guVEhh9e1C3rYKFU5+sJrBFnjuKYqsfNjqz9DjTMxR\nHyYUtyDUIy3AZxcqVHISWXMCgYEA0CPKOFtrLz473O6nyDqkB6TqMe7ut5VVg38I\nAW8b6tJ2S3Ox75iNq1bunF7MLQjFZOe6VsZ8NYWiDLi4gpUgvS6KKcA2nMSVg8+A\nFLopBexQfdxRUwwoyRIroXIqcoZvs4sM1QmgwuOAbh62MghoSL/CrG/wCVxyq7kA\nJ6Euki0CgYEAwjNQ0CsleHyZ1WCu1RDY2kpSwFnHqiSaNss/vj+zT9rp/RWco5zF\nlUAs9lh9c/AiYpOpabtzA8N0CMwPYUqKVX7n75zH4KsFfr9pMcoC3nsjq9EbFZiM\n19kRjPCN/2XRfc/SOACHWSs3WflFnSc1mcjpbkl5InX0YanSD+OOJgk=\n-----END RSA PRIVATE KEY-----\n"
          },
          "private": "bnVsbA==",
          "dependencies": [
            "tls_private_key.global_key"
          ]
        }
      ]
    },
    {
      "mode": "managed",
      "type": "tls_private_key",
      "name": "global_key",
      "provider": "provider[\"registry.terraform.io/hashicorp/tls\"]",
      "instances": [
        {
          "schema_version": 0,
          "attributes": {
            "algorithm": "RSA",
            "ecdsa_curve": "P224",
            "id": "84a1ea8b1ce1584c415cc8c8025441553d344425",
            "private_key_pem": "-----BEGIN RSA PRIVATE KEY-----\nMIIEpQIBAAKCAQEA48tUufOg/R9qZY+23EoPK2ZkgiEr17TU308YvIC3DWr6BJLK\nEZgGHo/mLCL8OKh1fmL8HKechakKESvUIHpW4GUVl3u/elGBWqUAnVi2pp1lDoQw\nZGEjF+ibxpHNTVbqH7nA5ZgOl4TNEKw1y1GcnhYfsos9QcgMiVPLtDcGswXqOH/5\nbzg8hCG/zPco36spJGRqAlZA92I/e+7+/mlEoMwblRzi9HyPqNFZp7ZOV1s/4oB0\n9WSfhBFJVOPk360zoXi1clmdQeQi+lYRaUPV3Zt1EI4lcCUBA+qdCykj8xgv+nf9\nZ2RATwyv++hYpvPOIcI9YhoqbOt7ECdJxegjdQIDAQABAoIBAH+Y177JbzYaMNju\n5XkDqveehVI3Dn3ndw4XGj4Mw3yqnZ2OM84jH9pitIWomyuJgTbob1wFrzFXfKId\nsNb4cE2FkdCmqpzzpseFgZChrr4pj//Pn+O6XZP44bka1qspsj9PJ3Pz9sh8xPk/\n3WokLtyGe/7g69E7I3qRC5vI7uG7sbS6KLA26SSqlKjiJfNmvsSTK+W2UsTlsQ4c\ny5f4QT2OQV/r64KfLnSfTrEHPPn55b8Q5xz+Dox1W0/tJc0rchYpN85IZ+6fyCF1\nMgrYbA5fIVw9Dl8aWhv0FEG4AuyOtot5R/b0n5PMZJRTNrb9PzVxzJ88pjuotvj5\nQu7/hckCgYEA6AqEWnrsTIow3O1HT0lUyknqO5zgCu0BL1GM6r7NnQqVL8kH3vxw\nSVcVWtQJpiacmJFDef9vYSoHRuL9Va6+xpG5e6InHb/ckivBcVy+/ezXe4mYnmMk\nrGKI2wv5fHDCEYTIFwJMSobB85roKyafYpf+rqMWzo2aN7h8N1zXMjcCgYEA+1CP\nD3MNGJRWfvXJmsIrHoUbb1eRoLpOKkMVppcyfBKutOn2OWH8VuryC6DEj/g9HUaQ\naTMmYfD2P38iHZbgWDaYOtW7mNtOqbjMwISAx1Lq1Va2hiSi/N9ucsAhEzgSAeF1\nPf7NEviJDJHtwp9yNbYUtzMZsSSg0C7X4oAIsbMCgYEAzYH7BJOX0pYVfqVboboF\nsX9TR2bB+os7oGfukT1Zp3tm88JtCS20WRAaZq4iuZe621jUVSlIwNpTRZHl4sv4\nRK9tgjTzxeJV/NNp6PfGY+guVEhh9e1C3rYKFU5+sJrBFnjuKYqsfNjqz9DjTMxR\nHyYUtyDUIy3AZxcqVHISWXMCgYEA0CPKOFtrLz473O6nyDqkB6TqMe7ut5VVg38I\nAW8b6tJ2S3Ox75iNq1bunF7MLQjFZOe6VsZ8NYWiDLi4gpUgvS6KKcA2nMSVg8+A\nFLopBexQfdxRUwwoyRIroXIqcoZvs4sM1QmgwuOAbh62MghoSL/CrG/wCVxyq7kA\nJ6Euki0CgYEAwjNQ0CsleHyZ1WCu1RDY2kpSwFnHqiSaNss/vj+zT9rp/RWco5zF\nlUAs9lh9c/AiYpOpabtzA8N0CMwPYUqKVX7n75zH4KsFfr9pMcoC3nsjq9EbFZiM\n19kRjPCN/2XRfc/SOACHWSs3WflFnSc1mcjpbkl5InX0YanSD+OOJgk=\n-----END RSA PRIVATE KEY-----\n",
            "public_key_fingerprint_md5": "44:70:3c:20:b6:76:56:39:ab:8d:99:4b:c6:17:d1:81",
            "public_key_openssh": "ssh-rsa AAAAB3NzaC1yc2EAAAADAQABAAABAQDjy1S586D9H2plj7bcSg8rZmSCISvXtNTfTxi8gLcNavoEksoRmAYej+YsIvw4qHV+Yvwcp5yFqQoRK9QgelbgZRWXe796UYFapQCdWLamnWUOhDBkYSMX6JvGkc1NVuofucDlmA6XhM0QrDXLUZyeFh+yiz1ByAyJU8u0NwazBeo4f/lvODyEIb/M9yjfqykkZGoCVkD3Yj977v7+aUSgzBuVHOL0fI+o0Vmntk5XWz/igHT1ZJ+EEUlU4+TfrTOheLVyWZ1B5CL6VhFpQ9Xdm3UQjiVwJQED6p0LKSPzGC/6d/1nZEBPDK/76Fim884hwj1iGips63sQJ0nF6CN1\n",
            "public_key_pem": "-----BEGIN PUBLIC KEY-----\nMIIBIjANBgkqhkiG9w0BAQEFAAOCAQ8AMIIBCgKCAQEA48tUufOg/R9qZY+23EoP\nK2ZkgiEr17TU308YvIC3DWr6BJLKEZgGHo/mLCL8OKh1fmL8HKechakKESvUIHpW\n4GUVl3u/elGBWqUAnVi2pp1lDoQwZGEjF+ibxpHNTVbqH7nA5ZgOl4TNEKw1y1Gc\nnhYfsos9QcgMiVPLtDcGswXqOH/5bzg8hCG/zPco36spJGRqAlZA92I/e+7+/mlE\noMwblRzi9HyPqNFZp7ZOV1s/4oB09WSfhBFJVOPk360zoXi1clmdQeQi+lYRaUPV\n3Zt1EI4lcCUBA+qdCykj8xgv+nf9Z2RATwyv++hYpvPOIcI9YhoqbOt7ECdJxegj\ndQIDAQAB\n-----END PUBLIC KEY-----\n",
            "rsa_bits": 2048
          },
          "private": "bnVsbA=="
        }
      ]
    }
  ]
}
