{
  "version": 4,
  "terraform_version": "0.13.4",
  "serial": 146,
  "lineage": "788bbdfd-e315-6fa4-b39e-4d88bd041069",
  "outputs": {},
  "resources": [
    {
      "mode": "managed",
      "type": "google_compute_address",
      "name": "rke_external_address01",
      "provider": "provider[\"registry.terraform.io/hashicorp/google\"]",
      "instances": [
        {
          "schema_version": 0,
          "attributes": {
            "address": "104.198.250.127",
            "address_type": "EXTERNAL",
            "creation_timestamp": "2020-10-21T09:37:27.432-07:00",
            "description": "",
            "id": "projects/kubernetes-292714/regions/us-central1/addresses/rke-external-address01",
            "name": "rke-external-address01",
            "network_tier": "PREMIUM",
            "project": "kubernetes-292714",
            "purpose": "",
            "region": "us-central1",
            "self_link": "https://www.googleapis.com/compute/v1/projects/kubernetes-292714/regions/us-central1/addresses/rke-external-address01",
            "subnetwork": "",
            "timeouts": null,
            "users": [
              "https://www.googleapis.com/compute/v1/projects/kubernetes-292714/zones/us-central1-c/instances/rke-master01"
            ]
          },
          "private": "eyJlMmJmYjczMC1lY2FhLTExZTYtOGY4OC0zNDM2M2JjN2M0YzAiOnsiY3JlYXRlIjoyNDAwMDAwMDAwMDAsImRlbGV0ZSI6MjQwMDAwMDAwMDAwfX0="
        }
      ]
    },
    {
      "mode": "managed",
      "type": "google_compute_address",
      "name": "rke_internal_address01",
      "provider": "provider[\"registry.terraform.io/hashicorp/google\"]",
      "instances": [
        {
          "schema_version": 0,
          "attributes": {
            "address": "10.0.0.11",
            "address_type": "INTERNAL",
            "creation_timestamp": "2020-10-21T09:38:38.944-07:00",
            "description": "",
            "id": "projects/kubernetes-292714/regions/us-central1/addresses/rke-internal-address01",
            "name": "rke-internal-address01",
            "network_tier": "PREMIUM",
            "project": "kubernetes-292714",
            "purpose": "GCE_ENDPOINT",
            "region": "us-central1",
            "self_link": "https://www.googleapis.com/compute/v1/projects/kubernetes-292714/regions/us-central1/addresses/rke-internal-address01",
            "subnetwork": "https://www.googleapis.com/compute/v1/projects/kubernetes-292714/regions/us-central1/subnetworks/rke-subnet",
            "timeouts": null,
            "users": [
              "https://www.googleapis.com/compute/v1/projects/kubernetes-292714/zones/us-central1-c/instances/rke-master01"
            ]
          },
          "private": "eyJlMmJmYjczMC1lY2FhLTExZTYtOGY4OC0zNDM2M2JjN2M0YzAiOnsiY3JlYXRlIjoyNDAwMDAwMDAwMDAsImRlbGV0ZSI6MjQwMDAwMDAwMDAwfX0=",
          "dependencies": [
            "google_compute_network.rke_network",
            "google_compute_subnetwork.rke_subnet"
          ]
        }
      ]
    },
    {
      "mode": "managed",
      "type": "google_compute_disk",
      "name": "rke_master_disk01",
      "provider": "provider[\"registry.terraform.io/hashicorp/google\"]",
      "instances": [
        {
          "schema_version": 0,
          "attributes": {
            "creation_timestamp": "2020-10-21T09:37:27.493-07:00",
            "description": "",
            "disk_encryption_key": [],
            "id": "projects/kubernetes-292714/zones/us-central1-c/disks/master-disk01",
            "image": "https://www.googleapis.com/compute/v1/projects/ubuntu-os-cloud/global/images/ubuntu-2004-focal-v20201014",
            "label_fingerprint": "GHZ1Un204L0=",
            "labels": {
              "env": "dev"
            },
            "last_attach_timestamp": "2020-10-21T09:38:43.241-07:00",
            "last_detach_timestamp": "",
            "name": "master-disk01",
            "physical_block_size_bytes": 4096,
            "project": "kubernetes-292714",
            "self_link": "https://www.googleapis.com/compute/v1/projects/kubernetes-292714/zones/us-central1-c/disks/master-disk01",
            "size": 10,
            "snapshot": "",
            "source_image_encryption_key": [],
            "source_image_id": "8900997587695001453",
            "source_snapshot_encryption_key": [],
            "source_snapshot_id": "",
            "timeouts": null,
            "type": "pd-standard",
            "users": [
              "https://www.googleapis.com/compute/v1/projects/kubernetes-292714/zones/us-central1-c/instances/rke-master01"
            ],
            "zone": "us-central1-c"
          },
          "private": "eyJlMmJmYjczMC1lY2FhLTExZTYtOGY4OC0zNDM2M2JjN2M0YzAiOnsiY3JlYXRlIjozMDAwMDAwMDAwMDAsImRlbGV0ZSI6MjQwMDAwMDAwMDAwLCJ1cGRhdGUiOjI0MDAwMDAwMDAwMH19",
          "dependencies": [
            "data.google_compute_image.rke_master_image"
          ]
        }
      ]
    },
    {
      "mode": "managed",
      "type": "google_compute_firewall",
      "name": "rke_fw_allowall",
      "provider": "provider[\"registry.terraform.io/hashicorp/google\"]",
      "instances": [
        {
          "schema_version": 1,
          "attributes": {
            "allow": [
              {
                "ports": [],
                "protocol": "all"
              }
            ],
            "creation_timestamp": "2020-10-21T09:38:24.640-07:00",
            "deny": [],
            "description": "",
            "destination_ranges": [],
            "direction": "INGRESS",
            "disabled": false,
            "enable_logging": null,
            "id": "projects/kubernetes-292714/global/firewalls/rke-rke-allowall",
            "log_config": [],
            "name": "rke-rke-allowall",
            "network": "https://www.googleapis.com/compute/v1/projects/kubernetes-292714/global/networks/rke-network",
            "priority": 1000,
            "project": "kubernetes-292714",
            "self_link": "https://www.googleapis.com/compute/v1/projects/kubernetes-292714/global/firewalls/rke-rke-allowall",
            "source_ranges": [
              "0.0.0.0/0"
            ],
            "source_service_accounts": [],
            "source_tags": [],
            "target_service_accounts": [],
            "target_tags": [],
            "timeouts": null
          },
          "private": "eyJlMmJmYjczMC1lY2FhLTExZTYtOGY4OC0zNDM2M2JjN2M0YzAiOnsiY3JlYXRlIjoyNDAwMDAwMDAwMDAsImRlbGV0ZSI6MjQwMDAwMDAwMDAwLCJ1cGRhdGUiOjI0MDAwMDAwMDAwMH0sInNjaGVtYV92ZXJzaW9uIjoiMSJ9",
          "dependencies": [
            "google_compute_network.rke_network"
          ]
        }
      ]
    },
    {
      "mode": "managed",
      "type": "google_compute_network",
      "name": "rke_network",
      "provider": "provider[\"registry.terraform.io/hashicorp/google\"]",
      "instances": [
        {
          "schema_version": 0,
          "attributes": {
            "auto_create_subnetworks": true,
            "delete_default_routes_on_create": false,
            "description": "",
            "gateway_ipv4": "",
            "id": "projects/kubernetes-292714/global/networks/rke-network",
            "ipv4_range": null,
            "name": "rke-network",
            "project": "kubernetes-292714",
            "routing_mode": "REGIONAL",
            "self_link": "https://www.googleapis.com/compute/v1/projects/kubernetes-292714/global/networks/rke-network",
            "timeouts": null
          },
          "private": "eyJlMmJmYjczMC1lY2FhLTExZTYtOGY4OC0zNDM2M2JjN2M0YzAiOnsiY3JlYXRlIjoyNDAwMDAwMDAwMDAsImRlbGV0ZSI6MjQwMDAwMDAwMDAwLCJ1cGRhdGUiOjI0MDAwMDAwMDAwMH19"
        }
      ]
    },
    {
      "mode": "managed",
      "type": "google_compute_subnetwork",
      "name": "rke_subnet",
      "provider": "provider[\"registry.terraform.io/hashicorp/google\"]",
      "instances": [
        {
          "schema_version": 0,
          "attributes": {
            "creation_timestamp": "2020-10-21T09:38:24.851-07:00",
            "description": "",
            "enable_flow_logs": null,
            "fingerprint": null,
            "gateway_address": "10.0.0.1",
            "id": "projects/kubernetes-292714/regions/us-central1/subnetworks/rke-subnet",
            "ip_cidr_range": "10.0.0.0/16",
            "log_config": [],
            "name": "rke-subnet",
            "network": "https://www.googleapis.com/compute/v1/projects/kubernetes-292714/global/networks/rke-network",
            "private_ip_google_access": false,
            "project": "kubernetes-292714",
            "region": "us-central1",
            "secondary_ip_range": [],
            "self_link": "https://www.googleapis.com/compute/v1/projects/kubernetes-292714/regions/us-central1/subnetworks/rke-subnet",
            "timeouts": null
          },
          "private": "eyJlMmJmYjczMC1lY2FhLTExZTYtOGY4OC0zNDM2M2JjN2M0YzAiOnsiY3JlYXRlIjozNjAwMDAwMDAwMDAsImRlbGV0ZSI6MzYwMDAwMDAwMDAwLCJ1cGRhdGUiOjM2MDAwMDAwMDAwMH19",
          "dependencies": [
            "google_compute_network.rke_network"
          ]
        }
      ]
    },
    {
      "mode": "managed",
      "type": "tls_private_key",
      "name": "global_key",
      "provider": "provider[\"registry.terraform.io/hashicorp/tls\"]",
      "instances": [
        {
          "schema_version": 0,
          "attributes": {
            "algorithm": "RSA",
            "ecdsa_curve": "P224",
            "id": "65056953b8159a3d25872dcc67b4d06f434702cf",
            "private_key_pem": "-----BEGIN RSA PRIVATE KEY-----\nMIIEowIBAAKCAQEA4JEUrPx78nWlhezgpzDxJqjfgPpo4Nr35mRTZ9w+hcfSpHC9\n212jLA4ozyl5hU49fNV5NH/seCVz5Bl7mxPI+Ui8g8rV8E+NRnaVwUSrF7DGE3Cr\nIz694bxcs0/NW9MHmg5UoEC5Y7g8uEvuPldpbPybHaGFP3KWmWSL2rpDK4ADMUXO\nDsm4kZCEXf+gEKB678hf+zYjfCIWuK6rmhX/5fh08+XbgP7TioKL2eKRDcOfTNES\nHvNRlP9tN/yfMI93l49gjsrz/77RyPtg6HWuGVC9k+45zVWPuZIqAIO4MvB/d/Vf\ndatbtkc282mZldEoAj/arSp3eDstyK2cnr5IJQIDAQABAoIBAQCX1aAsIf5P/flv\nZqyyfmXeZLnRg/3bYlHQpa66/3AKlgO3CT9lDZeg1uYCw6EVX8Q1HkT4GTIyPehw\npkYroSH2YpaLaV5jP/ZeWRmB9kLUHsKeLESZ7PcHpIrs9hz8Y9+06tGPFJQEd3Ie\njcBEyGdQuC7MxwPH1Vs71X614dA+nOeoolPeM8auiNnVpID9F4VHGdWEqbYyPJ9c\nE9NPg2FaVbSQQO8pMtgOwBO52VHTXUNPjlZ+X2zKanMh0q33KrH+lqqEHrhAJI72\nYQrIg9IZmjrt+28oJgg5iSj2lxNcuTaJVVh9b7HailsffI5hxyU9PTAX+Epcm01J\n0IYsi57BAoGBAOhxncLNxqcl62F9NrdmvnT14r/jjyiq8dyibeyDa46e2REbjMUc\n1e59bxTbz0Jvk+vocJyDc713grcbqX/72aVfx/bRgHYUC29UBtU/xfuvj0M88hiy\n9oWcfAp01lVsjTsa33XZdOcyNeV4hEbBu6JThWsMfSmowSpewoJClFiRAoGBAPdT\nGx658I7fr45zDETgz5vasWCSyJTku/RQziUOhvzZPjCMXIi90vpz5QqEd8EBY32i\niwbPpqNlrfLSvV5XdQh3LP1f/cLDrSZ1oBpYOMLLk23q0b14JGue0f5uajCWmxSa\n24/24Z5w0++Ya33bL+m7fmVcQmjZWh98NeWFHuBVAoGAXlug2y+FcNznzE90IsdG\nkVwvjA3oU23xeMtHLDe9Ncwt+c/hOTMXdRTePu1sGWAKAD3/WMnT9hnJqmNET3wB\nQiy7k+o/568DZVIK5A5bZGxED9txu60KffqkL+p2B39lZZTnGYQI/MFZN6nQqJiE\nfsTA6E/Nj1e98mE9PHuilMECgYBknCYYJcO6GzyrUhnXmyxZVml5w7xc9X+QL57s\nbDB1g1pNHYw3BCFjSOoPkTu2A/6ZCRpNNwOuzJoqgZgPXLx7KR/gIsB0Dm3Ni2QJ\n04GjnHTo7fFMhicqsHz0Z65C/cEwbJ6Mvf2iGnvcp8ByfkvLZT5RtWo+hMyoqjqy\nl6ir0QKBgC4GWlwJLRT4qeF8IBYu+sEhCu+/juz2VVjCn9bmpBryH1qiJqKw3Dls\nMDIVdzwe645QJrJIvSmejI/AWg9faHXd9oZeN+nuryoYWvWK5m0f+i8aicTzbSPP\nnwuubb2zEM87fpUK9MAZCvWe1/keRs1Z8JtNUxTy8qOsEN410CBy\n-----END RSA PRIVATE KEY-----\n",
            "public_key_fingerprint_md5": "d4:1c:71:97:3d:37:5e:87:79:01:6b:34:b2:03:67:2a",
            "public_key_openssh": "ssh-rsa AAAAB3NzaC1yc2EAAAADAQABAAABAQDgkRSs/HvydaWF7OCnMPEmqN+A+mjg2vfmZFNn3D6Fx9KkcL3bXaMsDijPKXmFTj181Xk0f+x4JXPkGXubE8j5SLyDytXwT41GdpXBRKsXsMYTcKsjPr3hvFyzT81b0weaDlSgQLljuDy4S+4+V2ls/JsdoYU/cpaZZIvaukMrgAMxRc4OybiRkIRd/6AQoHrvyF/7NiN8Iha4rquaFf/l+HTz5duA/tOKgovZ4pENw59M0RIe81GU/203/J8wj3eXj2COyvP/vtHI+2Doda4ZUL2T7jnNVY+5kioAg7gy8H939V91q1u2RzbzaZmV0SgCP9qtKnd4Oy3IrZyevkgl\n",
            "public_key_pem": "-----BEGIN PUBLIC KEY-----\nMIIBIjANBgkqhkiG9w0BAQEFAAOCAQ8AMIIBCgKCAQEA4JEUrPx78nWlhezgpzDx\nJqjfgPpo4Nr35mRTZ9w+hcfSpHC9212jLA4ozyl5hU49fNV5NH/seCVz5Bl7mxPI\n+Ui8g8rV8E+NRnaVwUSrF7DGE3CrIz694bxcs0/NW9MHmg5UoEC5Y7g8uEvuPldp\nbPybHaGFP3KWmWSL2rpDK4ADMUXODsm4kZCEXf+gEKB678hf+zYjfCIWuK6rmhX/\n5fh08+XbgP7TioKL2eKRDcOfTNESHvNRlP9tN/yfMI93l49gjsrz/77RyPtg6HWu\nGVC9k+45zVWPuZIqAIO4MvB/d/Vfdatbtkc282mZldEoAj/arSp3eDstyK2cnr5I\nJQIDAQAB\n-----END PUBLIC KEY-----\n",
            "rsa_bits": 2048
          },
          "private": "bnVsbA=="
        }
      ]
    }
  ]
}
