{
  "version": 4,
  "terraform_version": "0.13.4",
  "serial": 57,
  "lineage": "788bbdfd-e315-6fa4-b39e-4d88bd041069",
  "outputs": {},
  "resources": [
    {
      "mode": "data",
      "type": "google_compute_image",
      "name": "rke_master_image",
      "provider": "provider[\"registry.terraform.io/hashicorp/google\"]",
      "instances": [
        {
          "schema_version": 0,
          "attributes": {
            "archive_size_bytes": 1954224384,
            "creation_timestamp": "2020-10-14T04:31:15.123-07:00",
            "description": "Canonical, Ubuntu, 20.04 LTS, amd64 focal image built on 2020-10-14, supports Shielded VM features",
            "disk_size_gb": 10,
            "family": "ubuntu-2004-lts",
            "id": "projects/ubuntu-os-cloud/global/images/ubuntu-2004-focal-v20201014",
            "image_encryption_key_sha256": "",
            "image_id": "8900997587695001453",
            "label_fingerprint": "42WmSpB8rSM=",
            "labels": {},
            "licenses": [
              "https://www.googleapis.com/compute/v1/projects/ubuntu-os-cloud/global/licenses/ubuntu-2004-lts"
            ],
            "name": "ubuntu-2004-focal-v20201014",
            "project": "ubuntu-os-cloud",
            "self_link": "https://www.googleapis.com/compute/v1/projects/ubuntu-os-cloud/global/images/ubuntu-2004-focal-v20201014",
            "source_disk": "",
            "source_disk_encryption_key_sha256": "",
            "source_disk_id": "",
            "source_image_id": "",
            "status": "READY"
          }
        }
      ]
    },
    {
      "mode": "managed",
      "type": "google_compute_address",
      "name": "rke_external_address01",
      "provider": "provider[\"registry.terraform.io/hashicorp/google\"]",
      "instances": [
        {
          "schema_version": 0,
          "attributes": {
            "address": "35.238.114.204",
            "address_type": "EXTERNAL",
            "creation_timestamp": "2020-10-20T19:31:37.339-07:00",
            "description": "",
            "id": "projects/kubernetes-292714/regions/us-central1/addresses/rke-external-address01",
            "name": "rke-external-address01",
            "network_tier": "PREMIUM",
            "project": "kubernetes-292714",
            "purpose": "",
            "region": "us-central1",
            "self_link": "https://www.googleapis.com/compute/v1/projects/kubernetes-292714/regions/us-central1/addresses/rke-external-address01",
            "subnetwork": "",
            "timeouts": null,
            "users": [
              "https://www.googleapis.com/compute/v1/projects/kubernetes-292714/zones/us-central1-c/instances/rke-master01"
            ]
          },
          "private": "eyJlMmJmYjczMC1lY2FhLTExZTYtOGY4OC0zNDM2M2JjN2M0YzAiOnsiY3JlYXRlIjoyNDAwMDAwMDAwMDAsImRlbGV0ZSI6MjQwMDAwMDAwMDAwfX0="
        }
      ]
    },
    {
      "mode": "managed",
      "type": "google_compute_address",
      "name": "rke_internal_address01",
      "provider": "provider[\"registry.terraform.io/hashicorp/google\"]",
      "instances": [
        {
          "schema_version": 0,
          "attributes": {
            "address": "10.0.0.11",
            "address_type": "INTERNAL",
            "creation_timestamp": "2020-10-20T19:32:36.053-07:00",
            "description": "",
            "id": "projects/kubernetes-292714/regions/us-central1/addresses/rke-internal-address01",
            "name": "rke-internal-address01",
            "network_tier": "PREMIUM",
            "project": "kubernetes-292714",
            "purpose": "GCE_ENDPOINT",
            "region": "us-central1",
            "self_link": "https://www.googleapis.com/compute/v1/projects/kubernetes-292714/regions/us-central1/addresses/rke-internal-address01",
            "subnetwork": "https://www.googleapis.com/compute/v1/projects/kubernetes-292714/regions/us-central1/subnetworks/rke-subnet",
            "timeouts": null,
            "users": [
              "https://www.googleapis.com/compute/v1/projects/kubernetes-292714/zones/us-central1-c/instances/rke-master01"
            ]
          },
          "private": "eyJlMmJmYjczMC1lY2FhLTExZTYtOGY4OC0zNDM2M2JjN2M0YzAiOnsiY3JlYXRlIjoyNDAwMDAwMDAwMDAsImRlbGV0ZSI6MjQwMDAwMDAwMDAwfX0=",
          "dependencies": [
            "google_compute_network.rke_network",
            "google_compute_subnetwork.rke_subnet"
          ]
        }
      ]
    },
    {
      "mode": "managed",
      "type": "google_compute_disk",
      "name": "rke_master_disk01",
      "provider": "provider[\"registry.terraform.io/hashicorp/google\"]",
      "instances": [
        {
          "schema_version": 0,
          "attributes": {
            "creation_timestamp": "2020-10-20T21:33:12.096-07:00",
            "description": "",
            "disk_encryption_key": [],
            "id": "projects/kubernetes-292714/zones/us-central1-c/disks/master-disk01",
            "image": "https://www.googleapis.com/compute/v1/projects/ubuntu-os-cloud/global/images/ubuntu-2004-focal-v20201014",
            "label_fingerprint": "GHZ1Un204L0=",
            "labels": {
              "env": "dev"
            },
            "last_attach_timestamp": "2020-10-20T22:22:56.523-07:00",
            "last_detach_timestamp": "2020-10-20T22:22:47.476-07:00",
            "name": "master-disk01",
            "physical_block_size_bytes": 4096,
            "project": "kubernetes-292714",
            "self_link": "https://www.googleapis.com/compute/v1/projects/kubernetes-292714/zones/us-central1-c/disks/master-disk01",
            "size": 10,
            "snapshot": "",
            "source_image_encryption_key": [],
            "source_image_id": "8900997587695001453",
            "source_snapshot_encryption_key": [],
            "source_snapshot_id": "",
            "timeouts": null,
            "type": "pd-standard",
            "users": [
              "https://www.googleapis.com/compute/v1/projects/kubernetes-292714/zones/us-central1-c/instances/rke-master01"
            ],
            "zone": "us-central1-c"
          },
          "private": "eyJlMmJmYjczMC1lY2FhLTExZTYtOGY4OC0zNDM2M2JjN2M0YzAiOnsiY3JlYXRlIjozMDAwMDAwMDAwMDAsImRlbGV0ZSI6MjQwMDAwMDAwMDAwLCJ1cGRhdGUiOjI0MDAwMDAwMDAwMH19",
          "dependencies": [
            "data.google_compute_image.rke_master_image"
          ]
        }
      ]
    },
    {
      "mode": "managed",
      "type": "google_compute_firewall",
      "name": "rke_fw_allowall",
      "provider": "provider[\"registry.terraform.io/hashicorp/google\"]",
      "instances": [
        {
          "schema_version": 1,
          "attributes": {
            "allow": [
              {
                "ports": [],
                "protocol": "all"
              }
            ],
            "creation_timestamp": "2020-10-20T19:32:22.851-07:00",
            "deny": [],
            "description": "",
            "destination_ranges": [],
            "direction": "INGRESS",
            "disabled": false,
            "enable_logging": null,
            "id": "projects/kubernetes-292714/global/firewalls/rke-rke-allowall",
            "log_config": [],
            "name": "rke-rke-allowall",
            "network": "https://www.googleapis.com/compute/v1/projects/kubernetes-292714/global/networks/rke-network",
            "priority": 1000,
            "project": "kubernetes-292714",
            "self_link": "https://www.googleapis.com/compute/v1/projects/kubernetes-292714/global/firewalls/rke-rke-allowall",
            "source_ranges": [
              "0.0.0.0/0"
            ],
            "source_service_accounts": [],
            "source_tags": [],
            "target_service_accounts": [],
            "target_tags": [],
            "timeouts": null
          },
          "private": "eyJlMmJmYjczMC1lY2FhLTExZTYtOGY4OC0zNDM2M2JjN2M0YzAiOnsiY3JlYXRlIjoyNDAwMDAwMDAwMDAsImRlbGV0ZSI6MjQwMDAwMDAwMDAwLCJ1cGRhdGUiOjI0MDAwMDAwMDAwMH0sInNjaGVtYV92ZXJzaW9uIjoiMSJ9",
          "dependencies": [
            "google_compute_network.rke_network"
          ]
        }
      ]
    },
    {
      "mode": "managed",
      "type": "google_compute_network",
      "name": "rke_network",
      "provider": "provider[\"registry.terraform.io/hashicorp/google\"]",
      "instances": [
        {
          "schema_version": 0,
          "attributes": {
            "auto_create_subnetworks": true,
            "delete_default_routes_on_create": false,
            "description": "",
            "gateway_ipv4": "",
            "id": "projects/kubernetes-292714/global/networks/rke-network",
            "ipv4_range": null,
            "name": "rke-network",
            "project": "kubernetes-292714",
            "routing_mode": "REGIONAL",
            "self_link": "https://www.googleapis.com/compute/v1/projects/kubernetes-292714/global/networks/rke-network",
            "timeouts": null
          },
          "private": "eyJlMmJmYjczMC1lY2FhLTExZTYtOGY4OC0zNDM2M2JjN2M0YzAiOnsiY3JlYXRlIjoyNDAwMDAwMDAwMDAsImRlbGV0ZSI6MjQwMDAwMDAwMDAwLCJ1cGRhdGUiOjI0MDAwMDAwMDAwMH19"
        }
      ]
    },
    {
      "mode": "managed",
      "type": "google_compute_subnetwork",
      "name": "rke_subnet",
      "provider": "provider[\"registry.terraform.io/hashicorp/google\"]",
      "instances": [
        {
          "schema_version": 0,
          "attributes": {
            "creation_timestamp": "2020-10-20T19:32:22.938-07:00",
            "description": "",
            "enable_flow_logs": null,
            "fingerprint": null,
            "gateway_address": "10.0.0.1",
            "id": "projects/kubernetes-292714/regions/us-central1/subnetworks/rke-subnet",
            "ip_cidr_range": "10.0.0.0/16",
            "log_config": [],
            "name": "rke-subnet",
            "network": "https://www.googleapis.com/compute/v1/projects/kubernetes-292714/global/networks/rke-network",
            "private_ip_google_access": false,
            "project": "kubernetes-292714",
            "region": "us-central1",
            "secondary_ip_range": [],
            "self_link": "https://www.googleapis.com/compute/v1/projects/kubernetes-292714/regions/us-central1/subnetworks/rke-subnet",
            "timeouts": null
          },
          "private": "eyJlMmJmYjczMC1lY2FhLTExZTYtOGY4OC0zNDM2M2JjN2M0YzAiOnsiY3JlYXRlIjozNjAwMDAwMDAwMDAsImRlbGV0ZSI6MzYwMDAwMDAwMDAwLCJ1cGRhdGUiOjM2MDAwMDAwMDAwMH19",
          "dependencies": [
            "google_compute_network.rke_network"
          ]
        }
      ]
    },
    {
      "mode": "managed",
      "type": "local_file",
      "name": "ssh_private_key_pem",
      "provider": "provider[\"registry.terraform.io/hashicorp/local\"]",
      "instances": [
        {
          "schema_version": 0,
          "attributes": {
            "content": null,
            "content_base64": null,
            "directory_permission": "0777",
            "file_permission": "0600",
            "filename": "../../keys/id_rsa",
            "id": "01f2e6bb086a24133ecf1f07a66de7d09835da21",
            "sensitive_content": "-----BEGIN RSA PRIVATE KEY-----\nMIIEpAIBAAKCAQEAoU3egRAndlQ4Yqm4N6VqiHRvtSAP3KB4YjYliYxmr69Uqc5c\n2TKHxVMJ/Q5GYHJdfbCj/CrDJsqIiEYqxCH/txxX4b+9Tm5B/oPpRNF5ivOcwGAl\n37nJOJ5s1Ph+e/5qRz+R7BbYgLrUYLEMh2NXcdHY7/+11vGJ4TtZpKrqxCC4Aoli\nTr7x4+Pw+aXjMaMjBWVNObkHe41JW7HPM1mZ3kx2N3zlvO2YCswLEgFXyyQb+eLv\n2tli40VcmTXl0P+poWD2nLTOk0FCFAq+UwNeyyQO1jIojGUzxWiMPW4AVvxgQOEY\nGZBdz2RawQjmOQSW0vqu4nHpJf9ElHsZvwwINQIDAQABAoIBAQCWjaicy+gZQJh0\nNjbT8VfSzuKoqqlDYp+aAzHcBSie18Xsy8jLjKc+nLfY8qbrRDNQqjsUlREatrTi\nhKNL9vPHA/Rep2jYuH5uQM7Lxbxs3d4zjEotXCmc5/lqehkMQDUQFRxswBIJbNfm\n+7lW8Hjgql2R/BjL6xunFo8f68s9jFSafm6hxPSxx6SaEiSDVlE5HtGHilJEQL1k\n9fUtKEsINMtIpyTB6Pb23U+wYjwzlbKIV4wnwQqOBelIm5V5dLuFwsCiS2B3mMXC\n8BT/WdibiZgekgSiYp1rk7kdnYB/SQp6DwhFsCLYWuBNaQmgmUbpnzEl647/JDDq\n3lyBy4bhAoGBANSUe6RKjxeOK1c7NdDkWHWmU1bwfBOLb+A00//dBeRB3SDF6Ma9\nORKtOMABCXwGooRSBrSBWhxYvx0BLhXQkfwhNWLR+1LyUP6EAK8SGQiG+AEr57x7\nMcU9EEX3Sqy56JWrmEqQG5Yw1Ch9ZgI/5fPWrhmGpO/Kwkn+JDUUSnWtAoGBAMJA\nPj4/buzK2DnY3AuZenxbhnK5om0fzv3Hi2ZnLsZe042NQdozB02kKz6WZySI/5KV\nSmDK6/DpxH8nyCPABLo3mmkNnYkgNQyVd9K7C+By/pM2PrUFR9bZqlibi6Pyrou2\nuK6283LhjkXKcjejttXDnHYzKhF/WdKPepUZRt2pAoGANSQVMIHO+YV5wim0D081\n6ds1VDNz4PLnebXbFUgsU94/KBUxVpUw8kFJQX5A37dM4yUaNf9sBlANHnQQEDX+\neHfYv6ZcXGTk6GsZPKqahW4wCyLtoElvrK3SJptmGH207c1imakirE3yi1ilqoRM\nuML+7LSjAKrAHP0iEf7LilUCgYAcfinjHZDawOI4kfus4+VYimBNQbd2hDzrcrKa\n4bW1uUEUuUyYgfWnSNZjBtK4RDQgvy86xWkYXGHLOP2daNQIsJFAqZObApNldiMu\nUOtsD9IRq9pE2TJxbFoVRzOTZ8x8h9/NGN7a0gT5bbmVOble36N6nwSjrmdxgEQ9\nzIhdiQKBgQCIMXp6bXR7weTH8FkbYK2R9wxkNOnZBAjA6ovCyPkAQMTHmUktHH4+\nPccJbgChvvZ3D2+oj2yL1G+OfKAxHVXTDkuQ0UvungGsIsQTz2Dmpxlio+eNMReK\nzJ5A901UJo3OslAmTfTSz7lzUOoklkUNhE0uTvV+qb4hGzhurr4eQg==\n-----END RSA PRIVATE KEY-----\n",
            "source": null
          },
          "private": "bnVsbA==",
          "dependencies": [
            "tls_private_key.global_key"
          ]
        }
      ]
    },
    {
      "mode": "managed",
      "type": "tls_private_key",
      "name": "global_key",
      "provider": "provider[\"registry.terraform.io/hashicorp/tls\"]",
      "instances": [
        {
          "schema_version": 0,
          "attributes": {
            "algorithm": "RSA",
            "ecdsa_curve": "P224",
            "id": "1ae452558a7129fe71d6a7cc429b3563d6c04a87",
            "private_key_pem": "-----BEGIN RSA PRIVATE KEY-----\nMIIEpAIBAAKCAQEAoU3egRAndlQ4Yqm4N6VqiHRvtSAP3KB4YjYliYxmr69Uqc5c\n2TKHxVMJ/Q5GYHJdfbCj/CrDJsqIiEYqxCH/txxX4b+9Tm5B/oPpRNF5ivOcwGAl\n37nJOJ5s1Ph+e/5qRz+R7BbYgLrUYLEMh2NXcdHY7/+11vGJ4TtZpKrqxCC4Aoli\nTr7x4+Pw+aXjMaMjBWVNObkHe41JW7HPM1mZ3kx2N3zlvO2YCswLEgFXyyQb+eLv\n2tli40VcmTXl0P+poWD2nLTOk0FCFAq+UwNeyyQO1jIojGUzxWiMPW4AVvxgQOEY\nGZBdz2RawQjmOQSW0vqu4nHpJf9ElHsZvwwINQIDAQABAoIBAQCWjaicy+gZQJh0\nNjbT8VfSzuKoqqlDYp+aAzHcBSie18Xsy8jLjKc+nLfY8qbrRDNQqjsUlREatrTi\nhKNL9vPHA/Rep2jYuH5uQM7Lxbxs3d4zjEotXCmc5/lqehkMQDUQFRxswBIJbNfm\n+7lW8Hjgql2R/BjL6xunFo8f68s9jFSafm6hxPSxx6SaEiSDVlE5HtGHilJEQL1k\n9fUtKEsINMtIpyTB6Pb23U+wYjwzlbKIV4wnwQqOBelIm5V5dLuFwsCiS2B3mMXC\n8BT/WdibiZgekgSiYp1rk7kdnYB/SQp6DwhFsCLYWuBNaQmgmUbpnzEl647/JDDq\n3lyBy4bhAoGBANSUe6RKjxeOK1c7NdDkWHWmU1bwfBOLb+A00//dBeRB3SDF6Ma9\nORKtOMABCXwGooRSBrSBWhxYvx0BLhXQkfwhNWLR+1LyUP6EAK8SGQiG+AEr57x7\nMcU9EEX3Sqy56JWrmEqQG5Yw1Ch9ZgI/5fPWrhmGpO/Kwkn+JDUUSnWtAoGBAMJA\nPj4/buzK2DnY3AuZenxbhnK5om0fzv3Hi2ZnLsZe042NQdozB02kKz6WZySI/5KV\nSmDK6/DpxH8nyCPABLo3mmkNnYkgNQyVd9K7C+By/pM2PrUFR9bZqlibi6Pyrou2\nuK6283LhjkXKcjejttXDnHYzKhF/WdKPepUZRt2pAoGANSQVMIHO+YV5wim0D081\n6ds1VDNz4PLnebXbFUgsU94/KBUxVpUw8kFJQX5A37dM4yUaNf9sBlANHnQQEDX+\neHfYv6ZcXGTk6GsZPKqahW4wCyLtoElvrK3SJptmGH207c1imakirE3yi1ilqoRM\nuML+7LSjAKrAHP0iEf7LilUCgYAcfinjHZDawOI4kfus4+VYimBNQbd2hDzrcrKa\n4bW1uUEUuUyYgfWnSNZjBtK4RDQgvy86xWkYXGHLOP2daNQIsJFAqZObApNldiMu\nUOtsD9IRq9pE2TJxbFoVRzOTZ8x8h9/NGN7a0gT5bbmVOble36N6nwSjrmdxgEQ9\nzIhdiQKBgQCIMXp6bXR7weTH8FkbYK2R9wxkNOnZBAjA6ovCyPkAQMTHmUktHH4+\nPccJbgChvvZ3D2+oj2yL1G+OfKAxHVXTDkuQ0UvungGsIsQTz2Dmpxlio+eNMReK\nzJ5A901UJo3OslAmTfTSz7lzUOoklkUNhE0uTvV+qb4hGzhurr4eQg==\n-----END RSA PRIVATE KEY-----\n",
            "public_key_fingerprint_md5": "3b:eb:46:46:20:c0:fc:a5:f6:96:9f:aa:5d:12:d2:99",
            "public_key_openssh": "ssh-rsa AAAAB3NzaC1yc2EAAAADAQABAAABAQChTd6BECd2VDhiqbg3pWqIdG+1IA/coHhiNiWJjGavr1SpzlzZMofFUwn9DkZgcl19sKP8KsMmyoiIRirEIf+3HFfhv71ObkH+g+lE0XmK85zAYCXfuck4nmzU+H57/mpHP5HsFtiAutRgsQyHY1dx0djv/7XW8YnhO1mkqurEILgCiWJOvvHj4/D5peMxoyMFZU05uQd7jUlbsc8zWZneTHY3fOW87ZgKzAsSAVfLJBv54u/a2WLjRVyZNeXQ/6mhYPactM6TQUIUCr5TA17LJA7WMiiMZTPFaIw9bgBW/GBA4RgZkF3PZFrBCOY5BJbS+q7icekl/0SUexm/DAg1\n",
            "public_key_pem": "-----BEGIN PUBLIC KEY-----\nMIIBIjANBgkqhkiG9w0BAQEFAAOCAQ8AMIIBCgKCAQEAoU3egRAndlQ4Yqm4N6Vq\niHRvtSAP3KB4YjYliYxmr69Uqc5c2TKHxVMJ/Q5GYHJdfbCj/CrDJsqIiEYqxCH/\ntxxX4b+9Tm5B/oPpRNF5ivOcwGAl37nJOJ5s1Ph+e/5qRz+R7BbYgLrUYLEMh2NX\ncdHY7/+11vGJ4TtZpKrqxCC4AoliTr7x4+Pw+aXjMaMjBWVNObkHe41JW7HPM1mZ\n3kx2N3zlvO2YCswLEgFXyyQb+eLv2tli40VcmTXl0P+poWD2nLTOk0FCFAq+UwNe\nyyQO1jIojGUzxWiMPW4AVvxgQOEYGZBdz2RawQjmOQSW0vqu4nHpJf9ElHsZvwwI\nNQIDAQAB\n-----END PUBLIC KEY-----\n",
            "rsa_bits": 2048
          },
          "private": "bnVsbA=="
        }
      ]
    }
  ]
}
